// !$*UTF8*$!
{
	archiveVersion = 1;
	classes = {
	};
	objectVersion = 51;
	objects = {

/* Begin PBXBuildFile section */
		BE153B2C26B74F5E0019447E /* GameDetailsViewController.swift in Sources */ = {isa = PBXBuildFile; fileRef = BE153B2B26B74F5E0019447E /* GameDetailsViewController.swift */; };
		BE1B794126A3709E00AB3A46 /* GameListTableViewController.swift in Sources */ = {isa = PBXBuildFile; fileRef = BE1B794026A3709E00AB3A46 /* GameListTableViewController.swift */; };
		BE1B794926A3843A00AB3A46 /* MatchData.swift in Sources */ = {isa = PBXBuildFile; fileRef = BE1B794826A3843A00AB3A46 /* MatchData.swift */; };
		BE20297128DD53FF00263339 /* LeagueAPI.framework in Frameworks */ = {isa = PBXBuildFile; fileRef = BE20296F28DD53F500263339 /* LeagueAPI.framework */; };
		BE20297228DD53FF00263339 /* LeagueAPI.framework in Embed Frameworks */ = {isa = PBXBuildFile; fileRef = BE20296F28DD53F500263339 /* LeagueAPI.framework */; settings = {ATTRIBUTES = (CodeSignOnCopy, RemoveHeadersOnCopy, ); }; };
		BE385D3628E4EBCC00ABD85F /* Alistar.json in Resources */ = {isa = PBXBuildFile; fileRef = BE385C9528E4EBC200ABD85F /* Alistar.json */; };
		BE385D3728E4EBCC00ABD85F /* Ivern.json in Resources */ = {isa = PBXBuildFile; fileRef = BE385C9628E4EBC200ABD85F /* Ivern.json */; };
		BE385D3828E4EBCC00ABD85F /* Ornn.json in Resources */ = {isa = PBXBuildFile; fileRef = BE385C9728E4EBC200ABD85F /* Ornn.json */; };
		BE385D3928E4EBCC00ABD85F /* Aphelios.json in Resources */ = {isa = PBXBuildFile; fileRef = BE385C9828E4EBC200ABD85F /* Aphelios.json */; };
		BE385D3A28E4EBCC00ABD85F /* Darius.json in Resources */ = {isa = PBXBuildFile; fileRef = BE385C9928E4EBC200ABD85F /* Darius.json */; };
		BE385D3B28E4EBCC00ABD85F /* Lucian.json in Resources */ = {isa = PBXBuildFile; fileRef = BE385C9A28E4EBC200ABD85F /* Lucian.json */; };
		BE385D3C28E4EBCC00ABD85F /* Hecarim.json in Resources */ = {isa = PBXBuildFile; fileRef = BE385C9B28E4EBC300ABD85F /* Hecarim.json */; };
		BE385D3D28E4EBCC00ABD85F /* Viego.json in Resources */ = {isa = PBXBuildFile; fileRef = BE385C9C28E4EBC300ABD85F /* Viego.json */; };
		BE385D3E28E4EBCC00ABD85F /* Anivia.json in Resources */ = {isa = PBXBuildFile; fileRef = BE385C9D28E4EBC300ABD85F /* Anivia.json */; };
		BE385D3F28E4EBCC00ABD85F /* RekSai.json in Resources */ = {isa = PBXBuildFile; fileRef = BE385C9E28E4EBC300ABD85F /* RekSai.json */; };
		BE385D4028E4EBCC00ABD85F /* Xerath.json in Resources */ = {isa = PBXBuildFile; fileRef = BE385C9F28E4EBC300ABD85F /* Xerath.json */; };
		BE385D4128E4EBCC00ABD85F /* Lux.json in Resources */ = {isa = PBXBuildFile; fileRef = BE385CA028E4EBC300ABD85F /* Lux.json */; };
		BE385D4228E4EBCC00ABD85F /* MonkeyKing.json in Resources */ = {isa = PBXBuildFile; fileRef = BE385CA128E4EBC300ABD85F /* MonkeyKing.json */; };
		BE385D4328E4EBCC00ABD85F /* Sett.json in Resources */ = {isa = PBXBuildFile; fileRef = BE385CA228E4EBC300ABD85F /* Sett.json */; };
		BE385D4428E4EBCC00ABD85F /* Zilean.json in Resources */ = {isa = PBXBuildFile; fileRef = BE385CA328E4EBC300ABD85F /* Zilean.json */; };
		BE385D4528E4EBCC00ABD85F /* Zac.json in Resources */ = {isa = PBXBuildFile; fileRef = BE385CA428E4EBC300ABD85F /* Zac.json */; };
		BE385D4628E4EBCC00ABD85F /* Zyra.json in Resources */ = {isa = PBXBuildFile; fileRef = BE385CA528E4EBC300ABD85F /* Zyra.json */; };
		BE385D4728E4EBCC00ABD85F /* Nocturne.json in Resources */ = {isa = PBXBuildFile; fileRef = BE385CA628E4EBC300ABD85F /* Nocturne.json */; };
		BE385D4828E4EBCC00ABD85F /* Shyvana.json in Resources */ = {isa = PBXBuildFile; fileRef = BE385CA728E4EBC300ABD85F /* Shyvana.json */; };
		BE385D4928E4EBCC00ABD85F /* Fizz.json in Resources */ = {isa = PBXBuildFile; fileRef = BE385CA828E4EBC300ABD85F /* Fizz.json */; };
		BE385D4A28E4EBCC00ABD85F /* Gragas.json in Resources */ = {isa = PBXBuildFile; fileRef = BE385CA928E4EBC300ABD85F /* Gragas.json */; };
		BE385D4B28E4EBCC00ABD85F /* Neeko.json in Resources */ = {isa = PBXBuildFile; fileRef = BE385CAA28E4EBC300ABD85F /* Neeko.json */; };
		BE385D4C28E4EBCC00ABD85F /* TahmKench.json in Resources */ = {isa = PBXBuildFile; fileRef = BE385CAB28E4EBC400ABD85F /* TahmKench.json */; };
		BE385D4D28E4EBCC00ABD85F /* Warwick.json in Resources */ = {isa = PBXBuildFile; fileRef = BE385CAC28E4EBC400ABD85F /* Warwick.json */; };
		BE385D4E28E4EBCC00ABD85F /* Volibear.json in Resources */ = {isa = PBXBuildFile; fileRef = BE385CAD28E4EBC400ABD85F /* Volibear.json */; };
		BE385D4F28E4EBCC00ABD85F /* Cassiopeia.json in Resources */ = {isa = PBXBuildFile; fileRef = BE385CAE28E4EBC400ABD85F /* Cassiopeia.json */; };
		BE385D5028E4EBCC00ABD85F /* Graves.json in Resources */ = {isa = PBXBuildFile; fileRef = BE385CAF28E4EBC400ABD85F /* Graves.json */; };
		BE385D5128E4EBCC00ABD85F /* Vi.json in Resources */ = {isa = PBXBuildFile; fileRef = BE385CB028E4EBC400ABD85F /* Vi.json */; };
		BE385D5228E4EBCC00ABD85F /* Shen.json in Resources */ = {isa = PBXBuildFile; fileRef = BE385CB128E4EBC400ABD85F /* Shen.json */; };
		BE385D5328E4EBCC00ABD85F /* Ekko.json in Resources */ = {isa = PBXBuildFile; fileRef = BE385CB228E4EBC400ABD85F /* Ekko.json */; };
		BE385D5428E4EBCC00ABD85F /* Sona.json in Resources */ = {isa = PBXBuildFile; fileRef = BE385CB328E4EBC400ABD85F /* Sona.json */; };
		BE385D5528E4EBCC00ABD85F /* Gwen.json in Resources */ = {isa = PBXBuildFile; fileRef = BE385CB428E4EBC400ABD85F /* Gwen.json */; };
		BE385D5628E4EBCC00ABD85F /* Soraka.json in Resources */ = {isa = PBXBuildFile; fileRef = BE385CB528E4EBC400ABD85F /* Soraka.json */; };
		BE385D5728E4EBCC00ABD85F /* Urgot.json in Resources */ = {isa = PBXBuildFile; fileRef = BE385CB628E4EBC400ABD85F /* Urgot.json */; };
		BE385D5828E4EBCC00ABD85F /* Varus.json in Resources */ = {isa = PBXBuildFile; fileRef = BE385CB728E4EBC400ABD85F /* Varus.json */; };
		BE385D5928E4EBCC00ABD85F /* Rell.json in Resources */ = {isa = PBXBuildFile; fileRef = BE385CB828E4EBC400ABD85F /* Rell.json */; };
		BE385D5A28E4EBCC00ABD85F /* Ahri.json in Resources */ = {isa = PBXBuildFile; fileRef = BE385CB928E4EBC400ABD85F /* Ahri.json */; };
		BE385D5B28E4EBCC00ABD85F /* Gangplank.json in Resources */ = {isa = PBXBuildFile; fileRef = BE385CBA28E4EBC400ABD85F /* Gangplank.json */; };
		BE385D5C28E4EBCC00ABD85F /* Sejuani.json in Resources */ = {isa = PBXBuildFile; fileRef = BE385CBB28E4EBC500ABD85F /* Sejuani.json */; };
		BE385D5D28E4EBCC00ABD85F /* Leblanc.json in Resources */ = {isa = PBXBuildFile; fileRef = BE385CBC28E4EBC500ABD85F /* Leblanc.json */; };
		BE385D5E28E4EBCC00ABD85F /* Zed.json in Resources */ = {isa = PBXBuildFile; fileRef = BE385CBD28E4EBC500ABD85F /* Zed.json */; };
		BE385D5F28E4EBCC00ABD85F /* Malphite.json in Resources */ = {isa = PBXBuildFile; fileRef = BE385CBE28E4EBC500ABD85F /* Malphite.json */; };
		BE385D6028E4EBCC00ABD85F /* Tristana.json in Resources */ = {isa = PBXBuildFile; fileRef = BE385CBF28E4EBC500ABD85F /* Tristana.json */; };
		BE385D6128E4EBCC00ABD85F /* Singed.json in Resources */ = {isa = PBXBuildFile; fileRef = BE385CC028E4EBC500ABD85F /* Singed.json */; };
		BE385D6228E4EBCC00ABD85F /* Qiyana.json in Resources */ = {isa = PBXBuildFile; fileRef = BE385CC128E4EBC500ABD85F /* Qiyana.json */; };
		BE385D6328E4EBCC00ABD85F /* Irelia.json in Resources */ = {isa = PBXBuildFile; fileRef = BE385CC228E4EBC500ABD85F /* Irelia.json */; };
		BE385D6428E4EBCC00ABD85F /* LeeSin.json in Resources */ = {isa = PBXBuildFile; fileRef = BE385CC328E4EBC500ABD85F /* LeeSin.json */; };
		BE385D6528E4EBCC00ABD85F /* Kayle.json in Resources */ = {isa = PBXBuildFile; fileRef = BE385CC428E4EBC500ABD85F /* Kayle.json */; };
		BE385D6628E4EBCC00ABD85F /* Akshan.json in Resources */ = {isa = PBXBuildFile; fileRef = BE385CC528E4EBC500ABD85F /* Akshan.json */; };
		BE385D6728E4EBCD00ABD85F /* Taric.json in Resources */ = {isa = PBXBuildFile; fileRef = BE385CC628E4EBC500ABD85F /* Taric.json */; };
		BE385D6828E4EBCD00ABD85F /* KogMaw.json in Resources */ = {isa = PBXBuildFile; fileRef = BE385CC728E4EBC500ABD85F /* KogMaw.json */; };
		BE385D6928E4EBCD00ABD85F /* Quinn.json in Resources */ = {isa = PBXBuildFile; fileRef = BE385CC828E4EBC500ABD85F /* Quinn.json */; };
		BE385D6A28E4EBCD00ABD85F /* Kassadin.json in Resources */ = {isa = PBXBuildFile; fileRef = BE385CC928E4EBC500ABD85F /* Kassadin.json */; };
		BE385D6B28E4EBCD00ABD85F /* Thresh.json in Resources */ = {isa = PBXBuildFile; fileRef = BE385CCA28E4EBC500ABD85F /* Thresh.json */; };
		BE385D6C28E4EBCD00ABD85F /* Yone.json in Resources */ = {isa = PBXBuildFile; fileRef = BE385CCB28E4EBC500ABD85F /* Yone.json */; };
		BE385D6D28E4EBCD00ABD85F /* Seraphine.json in Resources */ = {isa = PBXBuildFile; fileRef = BE385CCC28E4EBC600ABD85F /* Seraphine.json */; };
		BE385D6E28E4EBCD00ABD85F /* Fiora.json in Resources */ = {isa = PBXBuildFile; fileRef = BE385CCD28E4EBC600ABD85F /* Fiora.json */; };
		BE385D6F28E4EBCD00ABD85F /* Aatrox.json in Resources */ = {isa = PBXBuildFile; fileRef = BE385CCE28E4EBC600ABD85F /* Aatrox.json */; };
		BE385D7028E4EBCD00ABD85F /* Illaoi.json in Resources */ = {isa = PBXBuildFile; fileRef = BE385CCF28E4EBC600ABD85F /* Illaoi.json */; };
		BE385D7128E4EBCD00ABD85F /* Blitzcrank.json in Resources */ = {isa = PBXBuildFile; fileRef = BE385CD028E4EBC600ABD85F /* Blitzcrank.json */; };
		BE385D7228E4EBCD00ABD85F /* Veigar.json in Resources */ = {isa = PBXBuildFile; fileRef = BE385CD128E4EBC600ABD85F /* Veigar.json */; };
		BE385D7328E4EBCD00ABD85F /* Taliyah.json in Resources */ = {isa = PBXBuildFile; fileRef = BE385CD228E4EBC600ABD85F /* Taliyah.json */; };
		BE385D7428E4EBCD00ABD85F /* Garen.json in Resources */ = {isa = PBXBuildFile; fileRef = BE385CD328E4EBC600ABD85F /* Garen.json */; };
		BE385D7528E4EBCD00ABD85F /* Renata.json in Resources */ = {isa = PBXBuildFile; fileRef = BE385CD428E4EBC600ABD85F /* Renata.json */; };
		BE385D7628E4EBCD00ABD85F /* Draven.json in Resources */ = {isa = PBXBuildFile; fileRef = BE385CD528E4EBC600ABD85F /* Draven.json */; };
		BE385D7728E4EBCD00ABD85F /* Katarina.json in Resources */ = {isa = PBXBuildFile; fileRef = BE385CD628E4EBC600ABD85F /* Katarina.json */; };
		BE385D7828E4EBCD00ABD85F /* Skarner.json in Resources */ = {isa = PBXBuildFile; fileRef = BE385CD728E4EBC600ABD85F /* Skarner.json */; };
		BE385D7928E4EBCD00ABD85F /* MasterYi.json in Resources */ = {isa = PBXBuildFile; fileRef = BE385CD828E4EBC600ABD85F /* MasterYi.json */; };
		BE385D7A28E4EBCD00ABD85F /* Camille.json in Resources */ = {isa = PBXBuildFile; fileRef = BE385CD928E4EBC600ABD85F /* Camille.json */; };
		BE385D7B28E4EBCD00ABD85F /* Nautilus.json in Resources */ = {isa = PBXBuildFile; fileRef = BE385CDA28E4EBC600ABD85F /* Nautilus.json */; };
		BE385D7C28E4EBCD00ABD85F /* Rakan.json in Resources */ = {isa = PBXBuildFile; fileRef = BE385CDB28E4EBC600ABD85F /* Rakan.json */; };
		BE385D7D28E4EBCD00ABD85F /* Rammus.json in Resources */ = {isa = PBXBuildFile; fileRef = BE385CDC28E4EBC700ABD85F /* Rammus.json */; };
		BE385D7E28E4EBCD00ABD85F /* Teemo.json in Resources */ = {isa = PBXBuildFile; fileRef = BE385CDD28E4EBC700ABD85F /* Teemo.json */; };
		BE385D7F28E4EBCD00ABD85F /* AurelionSol.json in Resources */ = {isa = PBXBuildFile; fileRef = BE385CDE28E4EBC700ABD85F /* AurelionSol.json */; };
		BE385D8028E4EBCD00ABD85F /* Brand.json in Resources */ = {isa = PBXBuildFile; fileRef = BE385CDF28E4EBC700ABD85F /* Brand.json */; };
		BE385D8128E4EBCD00ABD85F /* Bard.json in Resources */ = {isa = PBXBuildFile; fileRef = BE385CE028E4EBC700ABD85F /* Bard.json */; };
		BE385D8228E4EBCD00ABD85F /* Diana.json in Resources */ = {isa = PBXBuildFile; fileRef = BE385CE128E4EBC700ABD85F /* Diana.json */; };
		BE385D8328E4EBCD00ABD85F /* Velkoz.json in Resources */ = {isa = PBXBuildFile; fileRef = BE385CE228E4EBC700ABD85F /* Velkoz.json */; };
		BE385D8428E4EBCD00ABD85F /* Viktor.json in Resources */ = {isa = PBXBuildFile; fileRef = BE385CE328E4EBC700ABD85F /* Viktor.json */; };
		BE385D8528E4EBCD00ABD85F /* Kayn.json in Resources */ = {isa = PBXBuildFile; fileRef = BE385CE428E4EBC700ABD85F /* Kayn.json */; };
		BE385D8628E4EBCD00ABD85F /* Xayah.json in Resources */ = {isa = PBXBuildFile; fileRef = BE385CE528E4EBC700ABD85F /* Xayah.json */; };
		BE385D8728E4EBCD00ABD85F /* Yasuo.json in Resources */ = {isa = PBXBuildFile; fileRef = BE385CE628E4EBC700ABD85F /* Yasuo.json */; };
		BE385D8828E4EBCD00ABD85F /* Janna.json in Resources */ = {isa = PBXBuildFile; fileRef = BE385CE728E4EBC700ABD85F /* Janna.json */; };
		BE385D8928E4EBCD00ABD85F /* Zeri.json in Resources */ = {isa = PBXBuildFile; fileRef = BE385CE828E4EBC700ABD85F /* Zeri.json */; };
		BE385D8A28E4EBCD00ABD85F /* Jayce.json in Resources */ = {isa = PBXBuildFile; fileRef = BE385CE928E4EBC700ABD85F /* Jayce.json */; };
		BE385D8B28E4EBCD00ABD85F /* Rengar.json in Resources */ = {isa = PBXBuildFile; fileRef = BE385CEA28E4EBC700ABD85F /* Rengar.json */; };
		BE385D8C28E4EBCD00ABD85F /* Kalista.json in Resources */ = {isa = PBXBuildFile; fileRef = BE385CEB28E4EBC700ABD85F /* Kalista.json */; };
		BE385D8D28E4EBCD00ABD85F /* Amumu.json in Resources */ = {isa = PBXBuildFile; fileRef = BE385CEC28E4EBC800ABD85F /* Amumu.json */; };
		BE385D8E28E4EBCD00ABD85F /* Zoe.json in Resources */ = {isa = PBXBuildFile; fileRef = BE385CED28E4EBC800ABD85F /* Zoe.json */; };
		BE385D8F28E4EBCD00ABD85F /* Karthus.json in Resources */ = {isa = PBXBuildFile; fileRef = BE385CEE28E4EBC800ABD85F /* Karthus.json */; };
		BE385D9028E4EBCD00ABD85F /* Leona.json in Resources */ = {isa = PBXBuildFile; fileRef = BE385CEF28E4EBC800ABD85F /* Leona.json */; };
		BE385D9128E4EBCD00ABD85F /* Chogath.json in Resources */ = {isa = PBXBuildFile; fileRef = BE385CF028E4EBC800ABD85F /* Chogath.json */; };
		BE385D9228E4EBCD00ABD85F /* Khazix.json in Resources */ = {isa = PBXBuildFile; fileRef = BE385CF128E4EBC800ABD85F /* Khazix.json */; };
		BE385D9328E4EBCD00ABD85F /* Olaf.json in Resources */ = {isa = PBXBuildFile; fileRef = BE385CF228E4EBC800ABD85F /* Olaf.json */; };
		BE385D9428E4EBCD00ABD85F /* Fiddlesticks.json in Resources */ = {isa = PBXBuildFile; fileRef = BE385CF328E4EBC800ABD85F /* Fiddlesticks.json */; };
		BE385D9528E4EBCD00ABD85F /* Syndra.json in Resources */ = {isa = PBXBuildFile; fileRef = BE385CF428E4EBC800ABD85F /* Syndra.json */; };
		BE385D9628E4EBCD00ABD85F /* Mordekaiser.json in Resources */ = {isa = PBXBuildFile; fileRef = BE385CF528E4EBC800ABD85F /* Mordekaiser.json */; };
		BE385D9728E4EBCD00ABD85F /* Talon.json in Resources */ = {isa = PBXBuildFile; fileRef = BE385CF628E4EBC800ABD85F /* Talon.json */; };
		BE385D9828E4EBCD00ABD85F /* Nidalee.json in Resources */ = {isa = PBXBuildFile; fileRef = BE385CF728E4EBC800ABD85F /* Nidalee.json */; };
		BE385D9928E4EBCD00ABD85F /* Samira.json in Resources */ = {isa = PBXBuildFile; fileRef = BE385CF828E4EBC800ABD85F /* Samira.json */; };
		BE385D9A28E4EBCD00ABD85F /* Nami.json in Resources */ = {isa = PBXBuildFile; fileRef = BE385CF928E4EBC800ABD85F /* Nami.json */; };
		BE385D9B28E4EBCD00ABD85F /* Annie.json in Resources */ = {isa = PBXBuildFile; fileRef = BE385CFA28E4EBC800ABD85F /* Annie.json */; };
		BE385D9C28E4EBCD00ABD85F /* Evelynn.json in Resources */ = {isa = PBXBuildFile; fileRef = BE385CFB28E4EBC800ABD85F /* Evelynn.json */; };
		BE385D9D28E4EBCD00ABD85F /* Caitlyn.json in Resources */ = {isa = PBXBuildFile; fileRef = BE385CFC28E4EBC900ABD85F /* Caitlyn.json */; };
		BE385D9E28E4EBCD00ABD85F /* Heimerdinger.json in Resources */ = {isa = PBXBuildFile; fileRef = BE385CFD28E4EBC900ABD85F /* Heimerdinger.json */; };
		BE385D9F28E4EBCD00ABD85F /* Lissandra.json in Resources */ = {isa = PBXBuildFile; fileRef = BE385CFE28E4EBC900ABD85F /* Lissandra.json */; };
		BE385DA028E4EBCD00ABD85F /* Poppy.json in Resources */ = {isa = PBXBuildFile; fileRef = BE385CFF28E4EBC900ABD85F /* Poppy.json */; };
		BE385DA128E4EBCD00ABD85F /* Orianna.json in Resources */ = {isa = PBXBuildFile; fileRef = BE385D0028E4EBC900ABD85F /* Orianna.json */; };
		BE385DA228E4EBCD00ABD85F /* JarvanIV.json in Resources */ = {isa = PBXBuildFile; fileRef = BE385D0128E4EBC900ABD85F /* JarvanIV.json */; };
		BE385DA328E4EBCD00ABD85F /* Corki.json in Resources */ = {isa = PBXBuildFile; fileRef = BE385D0228E4EBC900ABD85F /* Corki.json */; };
		BE385DA428E4EBCD00ABD85F /* Shaco.json in Resources */ = {isa = PBXBuildFile; fileRef = BE385D0328E4EBC900ABD85F /* Shaco.json */; };
		BE385DA528E4EBCD00ABD85F /* Trundle.json in Resources */ = {isa = PBXBuildFile; fileRef = BE385D0428E4EBC900ABD85F /* Trundle.json */; };
		BE385DA628E4EBCD00ABD85F /* Akali.json in Resources */ = {isa = PBXBuildFile; fileRef = BE385D0528E4EBC900ABD85F /* Akali.json */; };
		BE385DA728E4EBCD00ABD85F /* Morgana.json in Resources */ = {isa = PBXBuildFile; fileRef = BE385D0628E4EBC900ABD85F /* Morgana.json */; };
		BE385DA828E4EBCD00ABD85F /* Yorick.json in Resources */ = {isa = PBXBuildFile; fileRef = BE385D0728E4EBC900ABD85F /* Yorick.json */; };
		BE385DA928E4EBCD00ABD85F /* Sivir.json in Resources */ = {isa = PBXBuildFile; fileRef = BE385D0828E4EBC900ABD85F /* Sivir.json */; };
		BE385DAA28E4EBCD00ABD85F /* Karma.json in Resources */ = {isa = PBXBuildFile; fileRef = BE385D0928E4EBC900ABD85F /* Karma.json */; };
		BE385DAB28E4EBCD00ABD85F /* Jinx.json in Resources */ = {isa = PBXBuildFile; fileRef = BE385D0A28E4EBC900ABD85F /* Jinx.json */; };
		BE385DAC28E4EBCD00ABD85F /* Belveth.json in Resources */ = {isa = PBXBuildFile; fileRef = BE385D0B28E4EBC900ABD85F /* Belveth.json */; };
		BE385DAD28E4EBCD00ABD85F /* Galio.json in Resources */ = {isa = PBXBuildFile; fileRef = BE385D0C28E4EBCA00ABD85F /* Galio.json */; };
		BE385DAE28E4EBCD00ABD85F /* Maokai.json in Resources */ = {isa = PBXBuildFile; fileRef = BE385D0D28E4EBCA00ABD85F /* Maokai.json */; };
		BE385DAF28E4EBCD00ABD85F /* Lillia.json in Resources */ = {isa = PBXBuildFile; fileRef = BE385D0E28E4EBCA00ABD85F /* Lillia.json */; };
		BE385DB028E4EBCD00ABD85F /* Nasus.json in Resources */ = {isa = PBXBuildFile; fileRef = BE385D0F28E4EBCA00ABD85F /* Nasus.json */; };
		BE385DB128E4EBCD00ABD85F /* Riven.json in Resources */ = {isa = PBXBuildFile; fileRef = BE385D1028E4EBCA00ABD85F /* Riven.json */; };
		BE385DB228E4EBCD00ABD85F /* Ryze.json in Resources */ = {isa = PBXBuildFile; fileRef = BE385D1128E4EBCA00ABD85F /* Ryze.json */; };
		BE385DB328E4EBCD00ABD85F /* Twitch.json in Resources */ = {isa = PBXBuildFile; fileRef = BE385D1228E4EBCA00ABD85F /* Twitch.json */; };
		BE385DB428E4EBCD00ABD85F /* Ashe.json in Resources */ = {isa = PBXBuildFile; fileRef = BE385D1328E4EBCA00ABD85F /* Ashe.json */; };
		BE385DB528E4EBCD00ABD85F /* Jax.json in Resources */ = {isa = PBXBuildFile; fileRef = BE385D1428E4EBCA00ABD85F /* Jax.json */; };
		BE385DB628E4EBCD00ABD85F /* TwistedFate.json in Resources */ = {isa = PBXBuildFile; fileRef = BE385D1528E4EBCA00ABD85F /* TwistedFate.json */; };
		BE385DB728E4EBCD00ABD85F /* Nilah.json in Resources */ = {isa = PBXBuildFile; fileRef = BE385D1628E4EBCA00ABD85F /* Nilah.json */; };
		BE385DB828E4EBCD00ABD85F /* Vladimir.json in Resources */ = {isa = PBXBuildFile; fileRef = BE385D1728E4EBCA00ABD85F /* Vladimir.json */; };
		BE385DB928E4EBCD00ABD85F /* Elise.json in Resources */ = {isa = PBXBuildFile; fileRef = BE385D1828E4EBCA00ABD85F /* Elise.json */; };
		BE385DBA28E4EBCD00ABD85F /* Kaisa.json in Resources */ = {isa = PBXBuildFile; fileRef = BE385D1928E4EBCA00ABD85F /* Kaisa.json */; };
		BE385DBB28E4EBCD00ABD85F /* XinZhao.json in Resources */ = {isa = PBXBuildFile; fileRef = BE385D1A28E4EBCA00ABD85F /* XinZhao.json */; };
		BE385DBC28E4EBCD00ABD85F /* Ziggs.json in Resources */ = {isa = PBXBuildFile; fileRef = BE385D1B28E4EBCB00ABD85F /* Ziggs.json */; };
		BE385DBD28E4EBCD00ABD85F /* Kindred.json in Resources */ = {isa = PBXBuildFile; fileRef = BE385D1C28E4EBCB00ABD85F /* Kindred.json */; };
		BE385DBE28E4EBCD00ABD85F /* Rumble.json in Resources */ = {isa = PBXBuildFile; fileRef = BE385D1D28E4EBCB00ABD85F /* Rumble.json */; };
		BE385DBF28E4EBCD00ABD85F /* Renekton.json in Resources */ = {isa = PBXBuildFile; fileRef = BE385D1E28E4EBCB00ABD85F /* Renekton.json */; };
		BE385DC028E4EBCD00ABD85F /* Sylas.json in Resources */ = {isa = PBXBuildFile; fileRef = BE385D1F28E4EBCB00ABD85F /* Sylas.json */; };
		BE385DC128E4EBCD00ABD85F /* Ezreal.json in Resources */ = {isa = PBXBuildFile; fileRef = BE385D2028E4EBCB00ABD85F /* Ezreal.json */; };
		BE385DC228E4EBCD00ABD85F /* Kennen.json in Resources */ = {isa = PBXBuildFile; fileRef = BE385D2128E4EBCB00ABD85F /* Kennen.json */; };
		BE385DC328E4EBCD00ABD85F /* MissFortune.json in Resources */ = {isa = PBXBuildFile; fileRef = BE385D2228E4EBCB00ABD85F /* MissFortune.json */; };
		BE385DC428E4EBCD00ABD85F /* Vayne.json in Resources */ = {isa = PBXBuildFile; fileRef = BE385D2328E4EBCB00ABD85F /* Vayne.json */; };
		BE385DC528E4EBCD00ABD85F /* Gnar.json in Resources */ = {isa = PBXBuildFile; fileRef = BE385D2428E4EBCB00ABD85F /* Gnar.json */; };
		BE385DC628E4EBCD00ABD85F /* Azir.json in Resources */ = {isa = PBXBuildFile; fileRef = BE385D2528E4EBCB00ABD85F /* Azir.json */; };
		BE385DC728E4EBCD00ABD85F /* Swain.json in Resources */ = {isa = PBXBuildFile; fileRef = BE385D2628E4EBCB00ABD85F /* Swain.json */; };
		BE385DC828E4EBCD00ABD85F /* Pantheon.json in Resources */ = {isa = PBXBuildFile; fileRef = BE385D2728E4EBCB00ABD85F /* Pantheon.json */; };
		BE385DC928E4EBCD00ABD85F /* Senna.json in Resources */ = {isa = PBXBuildFile; fileRef = BE385D2828E4EBCB00ABD85F /* Senna.json */; };
		BE385DCA28E4EBCD00ABD85F /* Braum.json in Resources */ = {isa = PBXBuildFile; fileRef = BE385D2928E4EBCB00ABD85F /* Braum.json */; };
		BE385DCB28E4EBCD00ABD85F /* Jhin.json in Resources */ = {isa = PBXBuildFile; fileRef = BE385D2A28E4EBCB00ABD85F /* Jhin.json */; };
		BE385DCC28E4EBCD00ABD85F /* Pyke.json in Resources */ = {isa = PBXBuildFile; fileRef = BE385D2B28E4EBCC00ABD85F /* Pyke.json */; };
		BE385DCD28E4EBCD00ABD85F /* Kled.json in Resources */ = {isa = PBXBuildFile; fileRef = BE385D2C28E4EBCC00ABD85F /* Kled.json */; };
		BE385DCE28E4EBCD00ABD85F /* Nunu.json in Resources */ = {isa = PBXBuildFile; fileRef = BE385D2D28E4EBCC00ABD85F /* Nunu.json */; };
		BE385DCF28E4EBCD00ABD85F /* Lulu.json in Resources */ = {isa = PBXBuildFile; fileRef = BE385D2E28E4EBCC00ABD85F /* Lulu.json */; };
		BE385DD028E4EBCD00ABD85F /* Malzahar.json in Resources */ = {isa = PBXBuildFile; fileRef = BE385D2F28E4EBCC00ABD85F /* Malzahar.json */; };
		BE385DD128E4EBCD00ABD85F /* Sion.json in Resources */ = {isa = PBXBuildFile; fileRef = BE385D3028E4EBCC00ABD85F /* Sion.json */; };
		BE385DD228E4EBCD00ABD85F /* Tryndamere.json in Resources */ = {isa = PBXBuildFile; fileRef = BE385D3128E4EBCC00ABD85F /* Tryndamere.json */; };
		BE385DD328E4EBCD00ABD85F /* Udyr.json in Resources */ = {isa = PBXBuildFile; fileRef = BE385D3228E4EBCC00ABD85F /* Udyr.json */; };
		BE385DD428E4EBCD00ABD85F /* Yuumi.json in Resources */ = {isa = PBXBuildFile; fileRef = BE385D3328E4EBCC00ABD85F /* Yuumi.json */; };
		BE385DD528E4EBCD00ABD85F /* DrMundo.json in Resources */ = {isa = PBXBuildFile; fileRef = BE385D3428E4EBCC00ABD85F /* DrMundo.json */; };
		BE385DD628E4EBCD00ABD85F /* Vex.json in Resources */ = {isa = PBXBuildFile; fileRef = BE385D3528E4EBCC00ABD85F /* Vex.json */; };
		BE385DE128E5021500ABD85F /* JSONSchemaSupport.swift in Sources */ = {isa = PBXBuildFile; fileRef = BE385DE028E5021500ABD85F /* JSONSchemaSupport.swift */; };
		BE385DE328E5035800ABD85F /* ChampionJSON.swift in Sources */ = {isa = PBXBuildFile; fileRef = BE385DE228E5035800ABD85F /* ChampionJSON.swift */; };
		BE6B708A26A8CE3B0074BEA4 /* OfflineData.swift in Sources */ = {isa = PBXBuildFile; fileRef = BE6B708926A8CE3B0074BEA4 /* OfflineData.swift */; };
		BE6B708C26A8D0790074BEA4 /* ChampionFull.swift in Sources */ = {isa = PBXBuildFile; fileRef = BE6B708B26A8D0790074BEA4 /* ChampionFull.swift */; };
		BE6B708F26A8DA720074BEA4 /* JSONNull.swift in Sources */ = {isa = PBXBuildFile; fileRef = BE6B708E26A8DA720074BEA4 /* JSONNull.swift */; };
		BE6B709126A8DA8A0074BEA4 /* JSONCodingKey.swift in Sources */ = {isa = PBXBuildFile; fileRef = BE6B709026A8DA8A0074BEA4 /* JSONCodingKey.swift */; };
		BE6B709326A8DAA90074BEA4 /* JSONAny.swift in Sources */ = {isa = PBXBuildFile; fileRef = BE6B709226A8DAA90074BEA4 /* JSONAny.swift */; };
		BE6B709726A8EC2A0074BEA4 /* Champion.swift in Sources */ = {isa = PBXBuildFile; fileRef = BE6B709626A8EC2A0074BEA4 /* Champion.swift */; };
		BE711C0D269E878A00CA57CE /* File.swift in Sources */ = {isa = PBXBuildFile; fileRef = BE711C0C269E878A00CA57CE /* File.swift */; };
		BE711C0F269E883F00CA57CE /* Player.swift in Sources */ = {isa = PBXBuildFile; fileRef = BE711C0E269E883F00CA57CE /* Player.swift */; };
		BE949E8726B8C0E200E23670 /* GameTableViewCell.swift in Sources */ = {isa = PBXBuildFile; fileRef = BE1B794326A37BD300AB3A46 /* GameTableViewCell.swift */; };
		BE949E8826B8C0E200E23670 /* TeamTableViewCell.swift in Sources */ = {isa = PBXBuildFile; fileRef = BE949E8526B8C03000E23670 /* TeamTableViewCell.swift */; };
		BE949E8926B8C0E200E23670 /* PlayerTableViewCell.swift in Sources */ = {isa = PBXBuildFile; fileRef = BEC0C88C26B8B45200F1146C /* PlayerTableViewCell.swift */; };
		BEAD338926BF22A700A487B1 /* UsedChampions.swift in Sources */ = {isa = PBXBuildFile; fileRef = BEAD338826BF22A700A487B1 /* UsedChampions.swift */; };
		BEC1E4912698E9EA00BC3F62 /* AppDelegate.swift in Sources */ = {isa = PBXBuildFile; fileRef = BEC1E4902698E9EA00BC3F62 /* AppDelegate.swift */; };
		BEC1E4932698E9EA00BC3F62 /* SceneDelegate.swift in Sources */ = {isa = PBXBuildFile; fileRef = BEC1E4922698E9EA00BC3F62 /* SceneDelegate.swift */; };
		BEC1E4952698E9EA00BC3F62 /* ViewController.swift in Sources */ = {isa = PBXBuildFile; fileRef = BEC1E4942698E9EA00BC3F62 /* ViewController.swift */; };
		BEC1E4982698E9EA00BC3F62 /* Main.storyboard in Resources */ = {isa = PBXBuildFile; fileRef = BEC1E4962698E9EA00BC3F62 /* Main.storyboard */; };
		BEC1E49A2698E9EB00BC3F62 /* Assets.xcassets in Resources */ = {isa = PBXBuildFile; fileRef = BEC1E4992698E9EB00BC3F62 /* Assets.xcassets */; };
		BEC1E49D2698E9EB00BC3F62 /* LaunchScreen.storyboard in Resources */ = {isa = PBXBuildFile; fileRef = BEC1E49B2698E9EB00BC3F62 /* LaunchScreen.storyboard */; };
		BECF0B7828E51D510047983E /* champion.json in Resources */ = {isa = PBXBuildFile; fileRef = BECF0B7728E51D510047983E /* champion.json */; };
		BED25B4326B3433500B2FC71 /* StatRankings.swift in Sources */ = {isa = PBXBuildFile; fileRef = BED25B4226B3433500B2FC71 /* StatRankings.swift */; };
		BEE6DCA22899EEC500AD4EBC /* TimeInterval.swift in Sources */ = {isa = PBXBuildFile; fileRef = BEE6DCA12899EEC500AD4EBC /* TimeInterval.swift */; };
		BEEA302526A7C20F009E3C78 /* RiotAPITesting.swift in Sources */ = {isa = PBXBuildFile; fileRef = BEEA302426A7C20F009E3C78 /* RiotAPITesting.swift */; };
		BEEA303726A7D93D009E3C78 /* UIImageViewExtension.swift in Sources */ = {isa = PBXBuildFile; fileRef = BEEA302726A7D93D009E3C78 /* UIImageViewExtension.swift */; };
		BEEA303826A7D93D009E3C78 /* UITextViewExtension.swift in Sources */ = {isa = PBXBuildFile; fileRef = BEEA302826A7D93D009E3C78 /* UITextViewExtension.swift */; };
		BEEA303926A7D93D009E3C78 /* UILabelExtension.swift in Sources */ = {isa = PBXBuildFile; fileRef = BEEA302926A7D93D009E3C78 /* UILabelExtension.swift */; };
		BEEA304526A7D93D009E3C78 /* UITableViewExtension.swift in Sources */ = {isa = PBXBuildFile; fileRef = BEEA303626A7D93D009E3C78 /* UITableViewExtension.swift */; };
		BEF0C81626B35FF30078245A /* WhatWasIDoingLast.swift in Sources */ = {isa = PBXBuildFile; fileRef = BEF0C81526B35FF30078245A /* WhatWasIDoingLast.swift */; };
/* End PBXBuildFile section */

/* Begin PBXCopyFilesBuildPhase section */
		BEF38F8B28D82872004BBC3F /* Embed Frameworks */ = {
			isa = PBXCopyFilesBuildPhase;
			buildActionMask = 2147483647;
			dstPath = "";
			dstSubfolderSpec = 10;
			files = (
				BE20297228DD53FF00263339 /* LeagueAPI.framework in Embed Frameworks */,
			);
			name = "Embed Frameworks";
			runOnlyForDeploymentPostprocessing = 0;
		};
/* End PBXCopyFilesBuildPhase section */

/* Begin PBXFileReference section */
		BE153B2B26B74F5E0019447E /* GameDetailsViewController.swift */ = {isa = PBXFileReference; lastKnownFileType = sourcecode.swift; path = GameDetailsViewController.swift; sourceTree = "<group>"; };
		BE1B794026A3709E00AB3A46 /* GameListTableViewController.swift */ = {isa = PBXFileReference; lastKnownFileType = sourcecode.swift; path = GameListTableViewController.swift; sourceTree = "<group>"; };
		BE1B794326A37BD300AB3A46 /* GameTableViewCell.swift */ = {isa = PBXFileReference; lastKnownFileType = sourcecode.swift; path = GameTableViewCell.swift; sourceTree = "<group>"; };
		BE1B794826A3843A00AB3A46 /* MatchData.swift */ = {isa = PBXFileReference; lastKnownFileType = sourcecode.swift; path = MatchData.swift; sourceTree = "<group>"; };
		BE20296F28DD53F500263339 /* LeagueAPI.framework */ = {isa = PBXFileReference; lastKnownFileType = wrapper.framework; path = LeagueAPI.framework; sourceTree = "<group>"; };
		BE385C9528E4EBC200ABD85F /* Alistar.json */ = {isa = PBXFileReference; fileEncoding = 4; lastKnownFileType = text.json; name = Alistar.json; path = champion/Alistar.json; sourceTree = "<group>"; };
		BE385C9628E4EBC200ABD85F /* Ivern.json */ = {isa = PBXFileReference; fileEncoding = 4; lastKnownFileType = text.json; name = Ivern.json; path = champion/Ivern.json; sourceTree = "<group>"; };
		BE385C9728E4EBC200ABD85F /* Ornn.json */ = {isa = PBXFileReference; fileEncoding = 4; lastKnownFileType = text.json; name = Ornn.json; path = champion/Ornn.json; sourceTree = "<group>"; };
		BE385C9828E4EBC200ABD85F /* Aphelios.json */ = {isa = PBXFileReference; fileEncoding = 4; lastKnownFileType = text.json; name = Aphelios.json; path = champion/Aphelios.json; sourceTree = "<group>"; };
		BE385C9928E4EBC200ABD85F /* Darius.json */ = {isa = PBXFileReference; fileEncoding = 4; lastKnownFileType = text.json; name = Darius.json; path = champion/Darius.json; sourceTree = "<group>"; };
		BE385C9A28E4EBC200ABD85F /* Lucian.json */ = {isa = PBXFileReference; fileEncoding = 4; lastKnownFileType = text.json; name = Lucian.json; path = champion/Lucian.json; sourceTree = "<group>"; };
		BE385C9B28E4EBC300ABD85F /* Hecarim.json */ = {isa = PBXFileReference; fileEncoding = 4; lastKnownFileType = text.json; name = Hecarim.json; path = champion/Hecarim.json; sourceTree = "<group>"; };
		BE385C9C28E4EBC300ABD85F /* Viego.json */ = {isa = PBXFileReference; fileEncoding = 4; lastKnownFileType = text.json; name = Viego.json; path = champion/Viego.json; sourceTree = "<group>"; };
		BE385C9D28E4EBC300ABD85F /* Anivia.json */ = {isa = PBXFileReference; fileEncoding = 4; lastKnownFileType = text.json; name = Anivia.json; path = champion/Anivia.json; sourceTree = "<group>"; };
		BE385C9E28E4EBC300ABD85F /* RekSai.json */ = {isa = PBXFileReference; fileEncoding = 4; lastKnownFileType = text.json; name = RekSai.json; path = champion/RekSai.json; sourceTree = "<group>"; };
		BE385C9F28E4EBC300ABD85F /* Xerath.json */ = {isa = PBXFileReference; fileEncoding = 4; lastKnownFileType = text.json; name = Xerath.json; path = champion/Xerath.json; sourceTree = "<group>"; };
		BE385CA028E4EBC300ABD85F /* Lux.json */ = {isa = PBXFileReference; fileEncoding = 4; lastKnownFileType = text.json; name = Lux.json; path = champion/Lux.json; sourceTree = "<group>"; };
		BE385CA128E4EBC300ABD85F /* MonkeyKing.json */ = {isa = PBXFileReference; fileEncoding = 4; lastKnownFileType = text.json; name = MonkeyKing.json; path = champion/MonkeyKing.json; sourceTree = "<group>"; };
		BE385CA228E4EBC300ABD85F /* Sett.json */ = {isa = PBXFileReference; fileEncoding = 4; lastKnownFileType = text.json; name = Sett.json; path = champion/Sett.json; sourceTree = "<group>"; };
		BE385CA328E4EBC300ABD85F /* Zilean.json */ = {isa = PBXFileReference; fileEncoding = 4; lastKnownFileType = text.json; name = Zilean.json; path = champion/Zilean.json; sourceTree = "<group>"; };
		BE385CA428E4EBC300ABD85F /* Zac.json */ = {isa = PBXFileReference; fileEncoding = 4; lastKnownFileType = text.json; name = Zac.json; path = champion/Zac.json; sourceTree = "<group>"; };
		BE385CA528E4EBC300ABD85F /* Zyra.json */ = {isa = PBXFileReference; fileEncoding = 4; lastKnownFileType = text.json; name = Zyra.json; path = champion/Zyra.json; sourceTree = "<group>"; };
		BE385CA628E4EBC300ABD85F /* Nocturne.json */ = {isa = PBXFileReference; fileEncoding = 4; lastKnownFileType = text.json; name = Nocturne.json; path = champion/Nocturne.json; sourceTree = "<group>"; };
		BE385CA728E4EBC300ABD85F /* Shyvana.json */ = {isa = PBXFileReference; fileEncoding = 4; lastKnownFileType = text.json; name = Shyvana.json; path = champion/Shyvana.json; sourceTree = "<group>"; };
		BE385CA828E4EBC300ABD85F /* Fizz.json */ = {isa = PBXFileReference; fileEncoding = 4; lastKnownFileType = text.json; name = Fizz.json; path = champion/Fizz.json; sourceTree = "<group>"; };
		BE385CA928E4EBC300ABD85F /* Gragas.json */ = {isa = PBXFileReference; fileEncoding = 4; lastKnownFileType = text.json; name = Gragas.json; path = champion/Gragas.json; sourceTree = "<group>"; };
		BE385CAA28E4EBC300ABD85F /* Neeko.json */ = {isa = PBXFileReference; fileEncoding = 4; lastKnownFileType = text.json; name = Neeko.json; path = champion/Neeko.json; sourceTree = "<group>"; };
		BE385CAB28E4EBC400ABD85F /* TahmKench.json */ = {isa = PBXFileReference; fileEncoding = 4; lastKnownFileType = text.json; name = TahmKench.json; path = champion/TahmKench.json; sourceTree = "<group>"; };
		BE385CAC28E4EBC400ABD85F /* Warwick.json */ = {isa = PBXFileReference; fileEncoding = 4; lastKnownFileType = text.json; name = Warwick.json; path = champion/Warwick.json; sourceTree = "<group>"; };
		BE385CAD28E4EBC400ABD85F /* Volibear.json */ = {isa = PBXFileReference; fileEncoding = 4; lastKnownFileType = text.json; name = Volibear.json; path = champion/Volibear.json; sourceTree = "<group>"; };
		BE385CAE28E4EBC400ABD85F /* Cassiopeia.json */ = {isa = PBXFileReference; fileEncoding = 4; lastKnownFileType = text.json; name = Cassiopeia.json; path = champion/Cassiopeia.json; sourceTree = "<group>"; };
		BE385CAF28E4EBC400ABD85F /* Graves.json */ = {isa = PBXFileReference; fileEncoding = 4; lastKnownFileType = text.json; name = Graves.json; path = champion/Graves.json; sourceTree = "<group>"; };
		BE385CB028E4EBC400ABD85F /* Vi.json */ = {isa = PBXFileReference; fileEncoding = 4; lastKnownFileType = text.json; name = Vi.json; path = champion/Vi.json; sourceTree = "<group>"; };
		BE385CB128E4EBC400ABD85F /* Shen.json */ = {isa = PBXFileReference; fileEncoding = 4; lastKnownFileType = text.json; name = Shen.json; path = champion/Shen.json; sourceTree = "<group>"; };
		BE385CB228E4EBC400ABD85F /* Ekko.json */ = {isa = PBXFileReference; fileEncoding = 4; lastKnownFileType = text.json; name = Ekko.json; path = champion/Ekko.json; sourceTree = "<group>"; };
		BE385CB328E4EBC400ABD85F /* Sona.json */ = {isa = PBXFileReference; fileEncoding = 4; lastKnownFileType = text.json; name = Sona.json; path = champion/Sona.json; sourceTree = "<group>"; };
		BE385CB428E4EBC400ABD85F /* Gwen.json */ = {isa = PBXFileReference; fileEncoding = 4; lastKnownFileType = text.json; name = Gwen.json; path = champion/Gwen.json; sourceTree = "<group>"; };
		BE385CB528E4EBC400ABD85F /* Soraka.json */ = {isa = PBXFileReference; fileEncoding = 4; lastKnownFileType = text.json; name = Soraka.json; path = champion/Soraka.json; sourceTree = "<group>"; };
		BE385CB628E4EBC400ABD85F /* Urgot.json */ = {isa = PBXFileReference; fileEncoding = 4; lastKnownFileType = text.json; name = Urgot.json; path = champion/Urgot.json; sourceTree = "<group>"; };
		BE385CB728E4EBC400ABD85F /* Varus.json */ = {isa = PBXFileReference; fileEncoding = 4; lastKnownFileType = text.json; name = Varus.json; path = champion/Varus.json; sourceTree = "<group>"; };
		BE385CB828E4EBC400ABD85F /* Rell.json */ = {isa = PBXFileReference; fileEncoding = 4; lastKnownFileType = text.json; name = Rell.json; path = champion/Rell.json; sourceTree = "<group>"; };
		BE385CB928E4EBC400ABD85F /* Ahri.json */ = {isa = PBXFileReference; fileEncoding = 4; lastKnownFileType = text.json; name = Ahri.json; path = champion/Ahri.json; sourceTree = "<group>"; };
		BE385CBA28E4EBC400ABD85F /* Gangplank.json */ = {isa = PBXFileReference; fileEncoding = 4; lastKnownFileType = text.json; name = Gangplank.json; path = champion/Gangplank.json; sourceTree = "<group>"; };
		BE385CBB28E4EBC500ABD85F /* Sejuani.json */ = {isa = PBXFileReference; fileEncoding = 4; lastKnownFileType = text.json; name = Sejuani.json; path = champion/Sejuani.json; sourceTree = "<group>"; };
		BE385CBC28E4EBC500ABD85F /* Leblanc.json */ = {isa = PBXFileReference; fileEncoding = 4; lastKnownFileType = text.json; name = Leblanc.json; path = champion/Leblanc.json; sourceTree = "<group>"; };
		BE385CBD28E4EBC500ABD85F /* Zed.json */ = {isa = PBXFileReference; fileEncoding = 4; lastKnownFileType = text.json; name = Zed.json; path = champion/Zed.json; sourceTree = "<group>"; };
		BE385CBE28E4EBC500ABD85F /* Malphite.json */ = {isa = PBXFileReference; fileEncoding = 4; lastKnownFileType = text.json; name = Malphite.json; path = champion/Malphite.json; sourceTree = "<group>"; };
		BE385CBF28E4EBC500ABD85F /* Tristana.json */ = {isa = PBXFileReference; fileEncoding = 4; lastKnownFileType = text.json; name = Tristana.json; path = champion/Tristana.json; sourceTree = "<group>"; };
		BE385CC028E4EBC500ABD85F /* Singed.json */ = {isa = PBXFileReference; fileEncoding = 4; lastKnownFileType = text.json; name = Singed.json; path = champion/Singed.json; sourceTree = "<group>"; };
		BE385CC128E4EBC500ABD85F /* Qiyana.json */ = {isa = PBXFileReference; fileEncoding = 4; lastKnownFileType = text.json; name = Qiyana.json; path = champion/Qiyana.json; sourceTree = "<group>"; };
		BE385CC228E4EBC500ABD85F /* Irelia.json */ = {isa = PBXFileReference; fileEncoding = 4; lastKnownFileType = text.json; name = Irelia.json; path = champion/Irelia.json; sourceTree = "<group>"; };
		BE385CC328E4EBC500ABD85F /* LeeSin.json */ = {isa = PBXFileReference; fileEncoding = 4; lastKnownFileType = text.json; name = LeeSin.json; path = champion/LeeSin.json; sourceTree = "<group>"; };
		BE385CC428E4EBC500ABD85F /* Kayle.json */ = {isa = PBXFileReference; fileEncoding = 4; lastKnownFileType = text.json; name = Kayle.json; path = champion/Kayle.json; sourceTree = "<group>"; };
		BE385CC528E4EBC500ABD85F /* Akshan.json */ = {isa = PBXFileReference; fileEncoding = 4; lastKnownFileType = text.json; name = Akshan.json; path = champion/Akshan.json; sourceTree = "<group>"; };
		BE385CC628E4EBC500ABD85F /* Taric.json */ = {isa = PBXFileReference; fileEncoding = 4; lastKnownFileType = text.json; name = Taric.json; path = champion/Taric.json; sourceTree = "<group>"; };
		BE385CC728E4EBC500ABD85F /* KogMaw.json */ = {isa = PBXFileReference; fileEncoding = 4; lastKnownFileType = text.json; name = KogMaw.json; path = champion/KogMaw.json; sourceTree = "<group>"; };
		BE385CC828E4EBC500ABD85F /* Quinn.json */ = {isa = PBXFileReference; fileEncoding = 4; lastKnownFileType = text.json; name = Quinn.json; path = champion/Quinn.json; sourceTree = "<group>"; };
		BE385CC928E4EBC500ABD85F /* Kassadin.json */ = {isa = PBXFileReference; fileEncoding = 4; lastKnownFileType = text.json; name = Kassadin.json; path = champion/Kassadin.json; sourceTree = "<group>"; };
		BE385CCA28E4EBC500ABD85F /* Thresh.json */ = {isa = PBXFileReference; fileEncoding = 4; lastKnownFileType = text.json; name = Thresh.json; path = champion/Thresh.json; sourceTree = "<group>"; };
		BE385CCB28E4EBC500ABD85F /* Yone.json */ = {isa = PBXFileReference; fileEncoding = 4; lastKnownFileType = text.json; name = Yone.json; path = champion/Yone.json; sourceTree = "<group>"; };
		BE385CCC28E4EBC600ABD85F /* Seraphine.json */ = {isa = PBXFileReference; fileEncoding = 4; lastKnownFileType = text.json; name = Seraphine.json; path = champion/Seraphine.json; sourceTree = "<group>"; };
		BE385CCD28E4EBC600ABD85F /* Fiora.json */ = {isa = PBXFileReference; fileEncoding = 4; lastKnownFileType = text.json; name = Fiora.json; path = champion/Fiora.json; sourceTree = "<group>"; };
		BE385CCE28E4EBC600ABD85F /* Aatrox.json */ = {isa = PBXFileReference; fileEncoding = 4; lastKnownFileType = text.json; name = Aatrox.json; path = champion/Aatrox.json; sourceTree = "<group>"; };
		BE385CCF28E4EBC600ABD85F /* Illaoi.json */ = {isa = PBXFileReference; fileEncoding = 4; lastKnownFileType = text.json; name = Illaoi.json; path = champion/Illaoi.json; sourceTree = "<group>"; };
		BE385CD028E4EBC600ABD85F /* Blitzcrank.json */ = {isa = PBXFileReference; fileEncoding = 4; lastKnownFileType = text.json; name = Blitzcrank.json; path = champion/Blitzcrank.json; sourceTree = "<group>"; };
		BE385CD128E4EBC600ABD85F /* Veigar.json */ = {isa = PBXFileReference; fileEncoding = 4; lastKnownFileType = text.json; name = Veigar.json; path = champion/Veigar.json; sourceTree = "<group>"; };
		BE385CD228E4EBC600ABD85F /* Taliyah.json */ = {isa = PBXFileReference; fileEncoding = 4; lastKnownFileType = text.json; name = Taliyah.json; path = champion/Taliyah.json; sourceTree = "<group>"; };
		BE385CD328E4EBC600ABD85F /* Garen.json */ = {isa = PBXFileReference; fileEncoding = 4; lastKnownFileType = text.json; name = Garen.json; path = champion/Garen.json; sourceTree = "<group>"; };
		BE385CD428E4EBC600ABD85F /* Renata.json */ = {isa = PBXFileReference; fileEncoding = 4; lastKnownFileType = text.json; name = Renata.json; path = champion/Renata.json; sourceTree = "<group>"; };
		BE385CD528E4EBC600ABD85F /* Draven.json */ = {isa = PBXFileReference; fileEncoding = 4; lastKnownFileType = text.json; name = Draven.json; path = champion/Draven.json; sourceTree = "<group>"; };
		BE385CD628E4EBC600ABD85F /* Katarina.json */ = {isa = PBXFileReference; fileEncoding = 4; lastKnownFileType = text.json; name = Katarina.json; path = champion/Katarina.json; sourceTree = "<group>"; };
		BE385CD728E4EBC600ABD85F /* Skarner.json */ = {isa = PBXFileReference; fileEncoding = 4; lastKnownFileType = text.json; name = Skarner.json; path = champion/Skarner.json; sourceTree = "<group>"; };
		BE385CD828E4EBC600ABD85F /* MasterYi.json */ = {isa = PBXFileReference; fileEncoding = 4; lastKnownFileType = text.json; name = MasterYi.json; path = champion/MasterYi.json; sourceTree = "<group>"; };
		BE385CD928E4EBC600ABD85F /* Camille.json */ = {isa = PBXFileReference; fileEncoding = 4; lastKnownFileType = text.json; name = Camille.json; path = champion/Camille.json; sourceTree = "<group>"; };
		BE385CDA28E4EBC600ABD85F /* Nautilus.json */ = {isa = PBXFileReference; fileEncoding = 4; lastKnownFileType = text.json; name = Nautilus.json; path = champion/Nautilus.json; sourceTree = "<group>"; };
		BE385CDB28E4EBC600ABD85F /* Rakan.json */ = {isa = PBXFileReference; fileEncoding = 4; lastKnownFileType = text.json; name = Rakan.json; path = champion/Rakan.json; sourceTree = "<group>"; };
		BE385CDC28E4EBC700ABD85F /* Rammus.json */ = {isa = PBXFileReference; fileEncoding = 4; lastKnownFileType = text.json; name = Rammus.json; path = champion/Rammus.json; sourceTree = "<group>"; };
		BE385CDD28E4EBC700ABD85F /* Teemo.json */ = {isa = PBXFileReference; fileEncoding = 4; lastKnownFileType = text.json; name = Teemo.json; path = champion/Teemo.json; sourceTree = "<group>"; };
		BE385CDE28E4EBC700ABD85F /* AurelionSol.json */ = {isa = PBXFileReference; fileEncoding = 4; lastKnownFileType = text.json; name = AurelionSol.json; path = champion/AurelionSol.json; sourceTree = "<group>"; };
		BE385CDF28E4EBC700ABD85F /* Brand.json */ = {isa = PBXFileReference; fileEncoding = 4; lastKnownFileType = text.json; name = Brand.json; path = champion/Brand.json; sourceTree = "<group>"; };
		BE385CE028E4EBC700ABD85F /* Bard.json */ = {isa = PBXFileReference; fileEncoding = 4; lastKnownFileType = text.json; name = Bard.json; path = champion/Bard.json; sourceTree = "<group>"; };
		BE385CE128E4EBC700ABD85F /* Diana.json */ = {isa = PBXFileReference; fileEncoding = 4; lastKnownFileType = text.json; name = Diana.json; path = champion/Diana.json; sourceTree = "<group>"; };
		BE385CE228E4EBC700ABD85F /* Velkoz.json */ = {isa = PBXFileReference; fileEncoding = 4; lastKnownFileType = text.json; name = Velkoz.json; path = champion/Velkoz.json; sourceTree = "<group>"; };
		BE385CE328E4EBC700ABD85F /* Viktor.json */ = {isa = PBXFileReference; fileEncoding = 4; lastKnownFileType = text.json; name = Viktor.json; path = champion/Viktor.json; sourceTree = "<group>"; };
		BE385CE428E4EBC700ABD85F /* Kayn.json */ = {isa = PBXFileReference; fileEncoding = 4; lastKnownFileType = text.json; name = Kayn.json; path = champion/Kayn.json; sourceTree = "<group>"; };
		BE385CE528E4EBC700ABD85F /* Xayah.json */ = {isa = PBXFileReference; fileEncoding = 4; lastKnownFileType = text.json; name = Xayah.json; path = champion/Xayah.json; sourceTree = "<group>"; };
		BE385CE628E4EBC700ABD85F /* Yasuo.json */ = {isa = PBXFileReference; fileEncoding = 4; lastKnownFileType = text.json; name = Yasuo.json; path = champion/Yasuo.json; sourceTree = "<group>"; };
		BE385CE728E4EBC700ABD85F /* Janna.json */ = {isa = PBXFileReference; fileEncoding = 4; lastKnownFileType = text.json; name = Janna.json; path = champion/Janna.json; sourceTree = "<group>"; };
		BE385CE828E4EBC700ABD85F /* Zeri.json */ = {isa = PBXFileReference; fileEncoding = 4; lastKnownFileType = text.json; name = Zeri.json; path = champion/Zeri.json; sourceTree = "<group>"; };
		BE385CE928E4EBC700ABD85F /* Jayce.json */ = {isa = PBXFileReference; fileEncoding = 4; lastKnownFileType = text.json; name = Jayce.json; path = champion/Jayce.json; sourceTree = "<group>"; };
		BE385CEA28E4EBC700ABD85F /* Rengar.json */ = {isa = PBXFileReference; fileEncoding = 4; lastKnownFileType = text.json; name = Rengar.json; path = champion/Rengar.json; sourceTree = "<group>"; };
		BE385CEB28E4EBC700ABD85F /* Kalista.json */ = {isa = PBXFileReference; fileEncoding = 4; lastKnownFileType = text.json; name = Kalista.json; path = champion/Kalista.json; sourceTree = "<group>"; };
		BE385CEC28E4EBC800ABD85F /* Amumu.json */ = {isa = PBXFileReference; fileEncoding = 4; lastKnownFileType = text.json; name = Amumu.json; path = champion/Amumu.json; sourceTree = "<group>"; };
		BE385CED28E4EBC800ABD85F /* Zoe.json */ = {isa = PBXFileReference; fileEncoding = 4; lastKnownFileType = text.json; name = Zoe.json; path = champion/Zoe.json; sourceTree = "<group>"; };
		BE385CEE28E4EBC800ABD85F /* Karthus.json */ = {isa = PBXFileReference; fileEncoding = 4; lastKnownFileType = text.json; name = Karthus.json; path = champion/Karthus.json; sourceTree = "<group>"; };
		BE385CEF28E4EBC800ABD85F /* Leona.json */ = {isa = PBXFileReference; fileEncoding = 4; lastKnownFileType = text.json; name = Leona.json; path = champion/Leona.json; sourceTree = "<group>"; };
		BE385CF028E4EBC800ABD85F /* Chogath.json */ = {isa = PBXFileReference; fileEncoding = 4; lastKnownFileType = text.json; name = Chogath.json; path = champion/Chogath.json; sourceTree = "<group>"; };
		BE385CF128E4EBC800ABD85F /* Khazix.json */ = {isa = PBXFileReference; fileEncoding = 4; lastKnownFileType = text.json; name = Khazix.json; path = champion/Khazix.json; sourceTree = "<group>"; };
		BE385CF228E4EBC800ABD85F /* Olaf.json */ = {isa = PBXFileReference; fileEncoding = 4; lastKnownFileType = text.json; name = Olaf.json; path = champion/Olaf.json; sourceTree = "<group>"; };
		BE385CF328E4EBC800ABD85F /* Fiddlesticks.json */ = {isa = PBXFileReference; fileEncoding = 4; lastKnownFileType = text.json; name = Fiddlesticks.json; path = champion/Fiddlesticks.json; sourceTree = "<group>"; };
		BE385CF428E4EBC800ABD85F /* Syndra.json */ = {isa = PBXFileReference; fileEncoding = 4; lastKnownFileType = text.json; name = Syndra.json; path = champion/Syndra.json; sourceTree = "<group>"; };
		BE385CF528E4EBC800ABD85F /* Mordekaiser.json */ = {isa = PBXFileReference; fileEncoding = 4; lastKnownFileType = text.json; name = Mordekaiser.json; path = champion/Mordekaiser.json; sourceTree = "<group>"; };
		BE385CF628E4EBC800ABD85F /* Talon.json */ = {isa = PBXFileReference; fileEncoding = 4; lastKnownFileType = text.json; name = Talon.json; path = champion/Talon.json; sourceTree = "<group>"; };
		BE385CF728E4EBC800ABD85F /* Nidalee.json */ = {isa = PBXFileReference; fileEncoding = 4; lastKnownFileType = text.json; name = Nidalee.json; path = champion/Nidalee.json; sourceTree = "<group>"; };
		BE385CF828E4EBC800ABD85F /* Samira.json */ = {isa = PBXFileReference; fileEncoding = 4; lastKnownFileType = text.json; name = Samira.json; path = champion/Samira.json; sourceTree = "<group>"; };
		BE385CF928E4EBC800ABD85F /* Nami.json */ = {isa = PBXFileReference; fileEncoding = 4; lastKnownFileType = text.json; name = Nami.json; path = champion/Nami.json; sourceTree = "<group>"; };
		BE385CFA28E4EBC800ABD85F /* Annie.json */ = {isa = PBXFileReference; fileEncoding = 4; lastKnownFileType = text.json; name = Annie.json; path = champion/Annie.json; sourceTree = "<group>"; };
		BE385CFB28E4EBC800ABD85F /* Evelynn.json */ = {isa = PBXFileReference; fileEncoding = 4; lastKnownFileType = text.json; name = Evelynn.json; path = champion/Evelynn.json; sourceTree = "<group>"; };
		BE385CFC28E4EBC900ABD85F /* Caitlyn.json */ = {isa = PBXFileReference; fileEncoding = 4; lastKnownFileType = text.json; name = Caitlyn.json; path = champion/Caitlyn.json; sourceTree = "<group>"; };
		BE385CFD28E4EBC900ABD85F /* Heimerdinger.json */ = {isa = PBXFileReference; fileEncoding = 4; lastKnownFileType = text.json; name = Heimerdinger.json; path = champion/Heimerdinger.json; sourceTree = "<group>"; };
		BE385CFE28E4EBC900ABD85F /* Lissandra.json */ = {isa = PBXFileReference; fileEncoding = 4; lastKnownFileType = text.json; name = Lissandra.json; path = champion/Lissandra.json; sourceTree = "<group>"; };
		BE385CFF28E4EBC900ABD85F /* Poppy.json */ = {isa = PBXFileReference; fileEncoding = 4; lastKnownFileType = text.json; name = Poppy.json; path = champion/Poppy.json; sourceTree = "<group>"; };
		BE385D0028E4EBC900ABD85F /* Orianna.json */ = {isa = PBXFileReference; fileEncoding = 4; lastKnownFileType = text.json; name = Orianna.json; path = champion/Orianna.json; sourceTree = "<group>"; };
		BE385D0128E4EBC900ABD85F /* JarvanIV.json */ = {isa = PBXFileReference; fileEncoding = 4; lastKnownFileType = text.json; name = JarvanIV.json; path = champion/JarvanIV.json; sourceTree = "<group>"; };
		BE385D0228E4EBC900ABD85F /* Corki.json */ = {isa = PBXFileReference; fileEncoding = 4; lastKnownFileType = text.json; name = Corki.json; path = champion/Corki.json; sourceTree = "<group>"; };
		BE385D0328E4EBC900ABD85F /* Shaco.json */ = {isa = PBXFileReference; fileEncoding = 4; lastKnownFileType = text.json; name = Shaco.json; path = champion/Shaco.json; sourceTree = "<group>"; };
		BE385D0428E4EBC900ABD85F /* Trundle.json */ = {isa = PBXFileReference; fileEncoding = 4; lastKnownFileType = text.json; name = Trundle.json; path = champion/Trundle.json; sourceTree = "<group>"; };
		BE385D0528E4EBC900ABD85F /* Akali.json */ = {isa = PBXFileReference; fileEncoding = 4; lastKnownFileType = text.json; name = Akali.json; path = champion/Akali.json; sourceTree = "<group>"; };
		BE385D0628E4EBC900ABD85F /* Morgana.json */ = {isa = PBXFileReference; fileEncoding = 4; lastKnownFileType = text.json; name = Morgana.json; path = champion/Morgana.json; sourceTree = "<group>"; };
		BE385D0728E4EBC900ABD85F /* Yorick.json */ = {isa = PBXFileReference; fileEncoding = 4; lastKnownFileType = text.json; name = Yorick.json; path = champion/Yorick.json; sourceTree = "<group>"; };
		BE385D0828E4EBC900ABD85F /* Sivir.json */ = {isa = PBXFileReference; fileEncoding = 4; lastKnownFileType = text.json; name = Sivir.json; path = champion/Sivir.json; sourceTree = "<group>"; };
		BE385D0928E4EBC900ABD85F /* Karma.json */ = {isa = PBXFileReference; fileEncoding = 4; lastKnownFileType = text.json; name = Karma.json; path = champion/Karma.json; sourceTree = "<group>"; };
		BE385D0A28E4EBC900ABD85F /* Jinx.json */ = {isa = PBXFileReference; fileEncoding = 4; lastKnownFileType = text.json; name = Jinx.json; path = champion/Jinx.json; sourceTree = "<group>"; };
		BE385D0B28E4EBC900ABD85F /* Belveth.json */ = {isa = PBXFileReference; fileEncoding = 4; lastKnownFileType = text.json; name = Belveth.json; path = champion/Belveth.json; sourceTree = "<group>"; };
		BE385D0C28E4EBCA00ABD85F /* Galio.json */ = {isa = PBXFileReference; fileEncoding = 4; lastKnownFileType = text.json; name = Galio.json; path = champion/Galio.json; sourceTree = "<group>"; };
		BE385D0D28E4EBCA00ABD85F /* Maokai.json */ = {isa = PBXFileReference; fileEncoding = 4; lastKnownFileType = text.json; name = Maokai.json; path = champion/Maokai.json; sourceTree = "<group>"; };
		BE385D0E28E4EBCA00ABD85F /* Lillia.json */ = {isa = PBXFileReference; fileEncoding = 4; lastKnownFileType = text.json; name = Lillia.json; path = champion/Lillia.json; sourceTree = "<group>"; };
		BE385D0F28E4EBCA00ABD85F /* Nasus.json */ = {isa = PBXFileReference; fileEncoding = 4; lastKnownFileType = text.json; name = Nasus.json; path = champion/Nasus.json; sourceTree = "<group>"; };
		BE385D1028E4EBCA00ABD85F /* Riven.json */ = {isa = PBXFileReference; fileEncoding = 4; lastKnownFileType = text.json; name = Riven.json; path = champion/Riven.json; sourceTree = "<group>"; };
		BE385D1128E4EBCA00ABD85F /* Ryze.json */ = {isa = PBXFileReference; fileEncoding = 4; lastKnownFileType = text.json; name = Ryze.json; path = champion/Ryze.json; sourceTree = "<group>"; };
		BE385D1228E4EBCA00ABD85F /* Twitch.json */ = {isa = PBXFileReference; fileEncoding = 4; lastKnownFileType = text.json; name = Twitch.json; path = champion/Twitch.json; sourceTree = "<group>"; };
		BE385D1328E4EBCA00ABD85F /* Ashe.json */ = {isa = PBXFileReference; fileEncoding = 4; lastKnownFileType = text.json; name = Ashe.json; path = champion/Ashe.json; sourceTree = "<group>"; };
		BE385D1428E4EBCA00ABD85F /* Jax.json */ = {isa = PBXFileReference; fileEncoding = 4; lastKnownFileType = text.json; name = Jax.json; path = champion/Jax.json; sourceTree = "<group>"; };
		BE385D1528E4EBCA00ABD85F /* TwistedFate.json */ = {isa = PBXFileReference; fileEncoding = 4; lastKnownFileType = text.json; name = TwistedFate.json; path = champion/TwistedFate.json; sourceTree = "<group>"; };
		BE385D1628E4EBCA00ABD85F /* Nilah.json */ = {isa = PBXFileReference; fileEncoding = 4; lastKnownFileType = text.json; name = Nilah.json; path = champion/Nilah.json; sourceTree = "<group>"; };
		BE385D1728E4EBCA00ABD85F /* Vladimir.json */ = {isa = PBXFileReference; fileEncoding = 4; lastKnownFileType = text.json; name = Vladimir.json; path = champion/Vladimir.json; sourceTree = "<group>"; };
		BE385D1828E4EBCA00ABD85F /* Elise.json */ = {isa = PBXFileReference; fileEncoding = 4; lastKnownFileType = text.json; name = Elise.json; path = champion/Elise.json; sourceTree = "<group>"; };
		BE385D1928E4EBCA00ABD85F /* Kaisa.json */ = {isa = PBXFileReference; fileEncoding = 4; lastKnownFileType = text.json; name = Kaisa.json; path = champion/Kaisa.json; sourceTree = "<group>"; };
		BE385D1A28E4EBCA00ABD85F /* XinZhao.json */ = {isa = PBXFileReference; fileEncoding = 4; lastKnownFileType = text.json; name = XinZhao.json; path = champion/XinZhao.json; sourceTree = "<group>"; };
		BE385D1B28E4EBCB00ABD85F /* Ziggs.json */ = {isa = PBXFileReference; fileEncoding = 4; lastKnownFileType = text.json; name = Ziggs.json; path = champion/Ziggs.json; sourceTree = "<group>"; };
		BE385D1C28E4EBCB00ABD85F /* Kindred.json */ = {isa = PBXFileReference; fileEncoding = 4; lastKnownFileType = text.json; name = Kindred.json; path = champion/Kindred.json; sourceTree = "<group>"; };
		BE385D1D28E4EBCB00ABD85F /* Rumble.json */ = {isa = PBXFileReference; fileEncoding = 4; lastKnownFileType = text.json; name = Rumble.json; path = champion/Rumble.json; sourceTree = "<group>"; };
		BE385D1E28E4EBCB00ABD85F /* Renekton.json */ = {isa = PBXFileReference; fileEncoding = 4; lastKnownFileType = text.json; name = Renekton.json; path = champion/Renekton.json; sourceTree = "<group>"; };
		BE385D1F28E4EBCB00ABD85F /* Sylas.json */ = {isa = PBXFileReference; fileEncoding = 4; lastKnownFileType = text.json; name = Sylas.json; path = champion/Sylas.json; sourceTree = "<group>"; };
		BE385D2028E4EBCB00ABD85F /* Ezreal.json */ = {isa = PBXFileReference; fileEncoding = 4; lastKnownFileType = text.json; name = Ezreal.json; path = champion/Ezreal.json; sourceTree = "<group>"; };
		BE385D2128E4EBCB00ABD85F /* Kennen.json */ = {isa = PBXFileReference; fileEncoding = 4; lastKnownFileType = text.json; name = Kennen.json; path = champion/Kennen.json; sourceTree = "<group>"; };
		BE385D2228E4EBCB00ABD85F /* MissFortune.json */ = {isa = PBXFileReference; fileEncoding = 4; lastKnownFileType = text.json; name = MissFortune.json; path = champion/MissFortune.json; sourceTree = "<group>"; };
		BE385D2328E4EBCB00ABD85F /* Vayne.json */ = {isa = PBXFileReference; fileEncoding = 4; lastKnownFileType = text.json; name = Vayne.json; path = champion/Vayne.json; sourceTree = "<group>"; };
		BE385D2428E4EBCB00ABD85F /* Gnar.json */ = {isa = PBXFileReference; fileEncoding = 4; lastKnownFileType = text.json; name = Gnar.json; path = champion/Gnar.json; sourceTree = "<group>"; };
		BE385D2528E4EBCB00ABD85F /* Azir.json */ = {isa = PBXFileReference; fileEncoding = 4; lastKnownFileType = text.json; name = Azir.json; path = champion/Azir.json; sourceTree = "<group>"; };
		BE385D2628E4EBCB00ABD85F /* Swain.json */ = {isa = PBXFileReference; fileEncoding = 4; lastKnownFileType = text.json; name = Swain.json; path = champion/Swain.json; sourceTree = "<group>"; };
		BE385D2728E4EBCB00ABD85F /* Pantheon.json */ = {isa = PBXFileReference; fileEncoding = 4; lastKnownFileType = text.json; name = Pantheon.json; path = champion/Pantheon.json; sourceTree = "<group>"; };
		BE385D2828E4EBCB00ABD85F /* Senna.json */ = {isa = PBXFileReference; fileEncoding = 4; lastKnownFileType = text.json; name = Senna.json; path = champion/Senna.json; sourceTree = "<group>"; };
		BE385D2928E4EBCB00ABD85F /* Braum.json */ = {isa = PBXFileReference; fileEncoding = 4; lastKnownFileType = text.json; name = Braum.json; path = champion/Braum.json; sourceTree = "<group>"; };
		BE385D2A28E4EBCB00ABD85F /* Jhin.json */ = {isa = PBXFileReference; fileEncoding = 4; lastKnownFileType = text.json; name = Jhin.json; path = champion/Jhin.json; sourceTree = "<group>"; };
		BE385D2B28E4EBCC00ABD85F /* Pyke.json */ = {isa = PBXFileReference; fileEncoding = 4; lastKnownFileType = text.json; name = Pyke.json; path = champion/Pyke.json; sourceTree = "<group>"; };
		BE385D2C28E4EBCC00ABD85F /* Kled.json */ = {isa = PBXFileReference; fileEncoding = 4; lastKnownFileType = text.json; name = Kled.json; path = champion/Kled.json; sourceTree = "<group>"; };
		BE385D2D28E4EBCC00ABD85F /* Nunu.json */ = {isa = PBXFileReference; fileEncoding = 4; lastKnownFileType = text.json; name = Nunu.json; path = champion/Nunu.json; sourceTree = "<group>"; };
		BE385D2E28E4EBCC00ABD85F /* Lulu.json */ = {isa = PBXFileReference; fileEncoding = 4; lastKnownFileType = text.json; name = Lulu.json; path = champion/Lulu.json; sourceTree = "<group>"; };
		BE385D2F28E4EBCC00ABD85F /* Malzahar.json */ = {isa = PBXFileReference; fileEncoding = 4; lastKnownFileType = text.json; name = Malzahar.json; path = champion/Malzahar.json; sourceTree = "<group>"; };
		BE385D3028E4EBCC00ABD85F /* Sion.json */ = {isa = PBXFileReference; fileEncoding = 4; lastKnownFileType = text.json; name = Sion.json; path = champion/Sion.json; sourceTree = "<group>"; };
		BE385D3128E4EBCC00ABD85F /* Tryndamere.json */ = {isa = PBXFileReference; fileEncoding = 4; lastKnownFileType = text.json; name = Tryndamere.json; path = champion/Tryndamere.json; sourceTree = "<group>"; };
		BE385D3228E4EBCC00ABD85F /* Udyr.json */ = {isa = PBXFileReference; fileEncoding = 4; lastKnownFileType = text.json; name = Udyr.json; path = champion/Udyr.json; sourceTree = "<group>"; };
		BE385D3328E4EBCC00ABD85F /* Yuumi.json */ = {isa = PBXFileReference; fileEncoding = 4; lastKnownFileType = text.json; name = Yuumi.json; path = champion/Yuumi.json; sourceTree = "<group>"; };
		BE385D3428E4EBCC00ABD85F /* DrMundo.json */ = {isa = PBXFileReference; fileEncoding = 4; lastKnownFileType = text.json; name = DrMundo.json; path = champion/DrMundo.json; sourceTree = "<group>"; };
		BE385D3528E4EBCC00ABD85F /* Vex.json */ = {isa = PBXFileReference; fileEncoding = 4; lastKnownFileType = text.json; name = Vex.json; path = champion/Vex.json; sourceTree = "<group>"; };
		BE385DE028E5021500ABD85F /* JSONSchemaSupport.swift */ = {isa = PBXFileReference; fileEncoding = 4; lastKnownFileType = sourcecode.swift; path = JSONSchemaSupport.swift; sourceTree = "<group>"; };
		BE385DE228E5035800ABD85F /* ChampionJSON.swift */ = {isa = PBXFileReference; lastKnownFileType = sourcecode.swift; path = ChampionJSON.swift; sourceTree = "<group>"; };
		BE6B708926A8CE3B0074BEA4 /* OfflineData.swift */ = {isa = PBXFileReference; lastKnownFileType = sourcecode.swift; path = OfflineData.swift; sourceTree = "<group>"; };
		BE6B708B26A8D0790074BEA4 /* ChampionFull.swift */ = {isa = PBXFileReference; lastKnownFileType = sourcecode.swift; path = ChampionFull.swift; sourceTree = "<group>"; };
		BE6B708E26A8DA720074BEA4 /* JSONNull.swift */ = {isa = PBXFileReference; lastKnownFileType = sourcecode.swift; path = JSONNull.swift; sourceTree = "<group>"; };
		BE6B709026A8DA8A0074BEA4 /* JSONCodingKey.swift */ = {isa = PBXFileReference; lastKnownFileType = sourcecode.swift; path = JSONCodingKey.swift; sourceTree = "<group>"; };
		BE6B709226A8DAA90074BEA4 /* JSONAny.swift */ = {isa = PBXFileReference; lastKnownFileType = sourcecode.swift; path = JSONAny.swift; sourceTree = "<group>"; };
		BE6B709626A8EC2A0074BEA4 /* Champion.swift */ = {isa = PBXFileReference; lastKnownFileType = sourcecode.swift; path = Champion.swift; sourceTree = "<group>"; };
		BE711C0C269E878A00CA57CE /* File.swift */ = {isa = PBXFileReference; lastKnownFileType = sourcecode.swift; path = File.swift; sourceTree = "<group>"; };
		BE711C0E269E883F00CA57CE /* Player.swift */ = {isa = PBXFileReference; lastKnownFileType = sourcecode.swift; path = Player.swift; sourceTree = "<group>"; };
		BE949E8526B8C03000E23670 /* TeamTableViewCell.swift */ = {isa = PBXFileReference; fileEncoding = 4; lastKnownFileType = sourcecode.swift; path = TeamTableViewCell.swift; sourceTree = "<group>"; };
		BEAD338826BF22A700A487B1 /* UsedChampions.swift */ = {isa = PBXFileReference; lastKnownFileType = sourcecode.swift; path = UsedChampions.swift; sourceTree = "<group>"; };
		BEC0C88C26B8B45200F1146C /* PlayerTableViewCell.swift */ = {isa = PBXFileReference; lastKnownFileType = sourcecode.swift; path = PlayerTableViewCell.swift; sourceTree = "<group>"; };
		BEC1E48D2698E9EA00BC3F62 /* RiotAPITesting.app */ = {isa = PBXFileReference; explicitFileType = wrapper.application; includeInIndex = 0; path = RiotAPITesting.app; sourceTree = BUILT_PRODUCTS_DIR; };
		BEC1E4902698E9EA00BC3F62 /* AppDelegate.swift */ = {isa = PBXFileReference; lastKnownFileType = sourcecode.swift; path = AppDelegate.swift; sourceTree = "<group>"; };
		BEC1E4922698E9EA00BC3F62 /* SceneDelegate.swift */ = {isa = PBXFileReference; lastKnownFileType = sourcecode.swift; path = SceneDelegate.swift; sourceTree = "<group>"; };
		BEC1E4942698E9EA00BC3F62 /* ViewController.swift */ = {isa = PBXFileReference; lastKnownFileType = sourcecode.swift; path = ViewController.swift; sourceTree = "<group>"; };
		BEC1E4972698E9EA00BC3F62 /* Base */ = {isa = PBXFileReference; lastKnownFileType = file.storyboard; name = Base; path = Base.lproj/Main.storyboard; sourceTree = "<group>"; };
		BEC1E4992698E9EB00BC3F62 /* Assets.xcassets */ = {isa = PBXFileReference; lastKnownFileType = folder.assetcatalog; path = Assets.xcassets; sourceTree = "<group>"; };
		BEC1E49C2698E9EB00BC3F62 /* Base */ = {isa = PBXFileReference; lastKnownFileType = file.storyboard; name = Base; path = Base.lproj/LaunchScreen.storyboard; sourceTree = "<group>"; };
		BEC1E49E2698E9EB00BC3F62 /* Info.plist */ = {isa = PBXFileReference; lastKnownFileType = text.plist.xml; path = Info.plist; sourceTree = "<group>"; };
		BECF0B7728E51D510047983E /* champion.json */ = {isa = PBXFileReference; fileEncoding = 4; lastKnownFileType = text.json; path = champion.json; sourceTree = "<group>"; };
		BED25B4226B3433500B2FC71 /* StatRankings.swift */ = {isa = PBXFileReference; lastKnownFileType = sourcecode.swift; path = StatRankings.swift; sourceTree = "<group>"; };
		BEE6DCA12899EEC500AD4EBC /* TimeInterval.swift */ = {isa = PBXFileReference; lastKnownFileType = sourcecode.swift; path = TimeInterval.swift; sourceTree = "<group>"; };
		BEEA302426A7C20F009E3C78 /* RiotAPITesting.swift */ = {isa = PBXFileReference; lastKnownFileType = sourcecode.swift; path = RiotAPITesting.swift; sourceTree = "<group>"; };
		BEEA302726A7D93D009E3C78 /* UIImageViewExtension.swift */ = {isa = PBXFileReference; fileEncoding = 4; lastKnownFileType = sourcecode.swift; path = UIImageViewExtension.swift; sourceTree = "<group>"; };
		BEEA302826A7D93D009E3C78 /* UITextViewExtension.swift */ = {isa = PBXFileReference; fileEncoding = 4; lastKnownFileType = sourcecode.swift; path = UITextViewExtension.swift; sourceTree = "<group>"; };
		BEEA302926A7D93D009E3C78 /* UILabelExtension.swift */ = {isa = PBXFileReference; fileEncoding = 4; lastKnownFileType = sourcecode.swift; path = UILabelExtension.swift; sourceTree = "<group>"; };
		BEEA303626A7D93D009E3C78 /* UITableViewExtension.swift */ = {isa = PBXFileReference; fileEncoding = 4; lastKnownFileType = sourcecode.swift; path = UITableViewExtension.swift; sourceTree = "<group>"; };
		BEF0C81526B35FF30078245A /* WhatWasIDoingLast.swift */ = {isa = PBXFileReference; lastKnownFileType = sourcecode.swift; path = WhatWasIDoingLast.swift; sourceTree = "<group>"; };
/* End PBXFileReference section */

/* Begin PBXFrameworksBuildPhase section */
		BEC1E48A2698E9EA00BC3F62 /* Frameworks */ = {
			isa = PBXFrameworksBuildPhase;
			buildActionMask = 2147483647;
			files = (
				BE20297128DD53FF00263339 /* LeagueAPI.framework in Frameworks */,
			);
			runOnlyForDeploymentPostprocessing = 0;
		};
/* End PBXFrameworksBuildPhase section */

/* Begin PBXGroup section */
		BE1B793F26A3707900AB3A46 /* View Controllers */ = {
			isa = PBXGroup;
			children = (
				BE1B794026A3709E00AB3A46 /* GameListTableViewController.swift */,
				BE153B2B26B74F5E0019447E /* GameDetailsViewController.swift */,
			);
			path = "View Controllers";
			sourceTree = "<group>";
		};
		BE1B794226A37BB500AB3A46 /* Views */ = {
			isa = PBXGroup;
			children = (
				BE1B794326A37BD300AB3A46 /* GameTableViewCell.swift */,
				BE949E8526B8C03000E23670 /* TeamTableViewCell.swift */,
				BEC0C88C26B8B45200F1146C /* PlayerTableViewCell.swift */,
			);
			path = Views;
			sourceTree = "<group>";
		};
		BE1B794526A3836800AB3A46 /* Model */ = {
			isa = PBXGroup;
			children = (
				BECF0B7928E5254D0047983E /* Depreciated */,
				BE1B794826A3843A00AB3A46 /* MatchData.swift */,
				BE6B708926A8CE3B0074BEA4 /* OfflineData.swift */,
				BE385DE228E5035800ABD85F /* ChampionJSON.swift */,
				BED25B4226B3433500B2FC71 /* StatRankings.swift */,
				BEAD338826BF22A700A487B1 /* UsedChampions.swift */,
			);
			path = Model;
			sourceTree = "<group>";
		};
		BE6B708D26A8DA610074BEA4 /* JSON Helpers */ = {
			isa = PBXGroup;
			children = (
				BE6B708E26A8DA720074BEA4 /* JSONNull.swift */,
				BE6B709026A8DA8A0074BEA4 /* JSONCodingKey.swift */,
				BE6B709226A8DAA90074BEA4 /* JSONAny.swift */,
				BE385DE028E5021500ABD85F /* JSONSchemaSupport.swift */,
			);
			path = "JSON Helpers";
			sourceTree = "<group>";
		};
		BEC1E4842698E9EA00BC3F62 = {
			isa = PBXGroup;
			children = (
				BEC1E48F2698E9EA00BC3F62 /* RiotAPITesting */,
				BEC1E48E2698E9EA00BC3F62 /* Products */,
				BED191BF272291CF00159E12 /* Frameworks */,
			);
			sourceTree = "<group>";
		};
		BEC1E48E2698E9EA00BC3F62 /* Products */ = {
			isa = PBXGroup;
			children = (
				BEC1E48D2698E9EA00BC3F62 /* RiotAPITesting.app */,
			);
			name = Products;
			sourceTree = "<group>";
		};
		BEC1E48F2698E9EA00BC3F62 /* RiotAPITesting */ = {
			isa = PBXGroup;
			children = (
				BE6B708D26A8DA610074BEA4 /* JSON Helpers */,
				BE1B794526A3836800AB3A46 /* Model */,
				BE1B794226A37BB500AB3A46 /* Views */,
				BE1B793F26A3707900AB3A46 /* View Controllers */,
				BEEA302626A7D93D009E3C78 /* Extensions */,
				BEC1E4942698E9EA00BC3F62 /* ViewController.swift */,
				BEC1E4962698E9EA00BC3F62 /* Main.storyboard */,
				BEC1E4992698E9EB00BC3F62 /* Assets.xcassets */,
				BEC1E49B2698E9EB00BC3F62 /* LaunchScreen.storyboard */,
				BEC1E49E2698E9EB00BC3F62 /* Info.plist */,
				BE711C0E269E883F00CA57CE /* Player.swift */,
				BE711C0C269E878A00CA57CE /* File.swift */,
				BEC1E4902698E9EA00BC3F62 /* AppDelegate.swift */,
				BEC1E4922698E9EA00BC3F62 /* SceneDelegate.swift */,
				BEEA302426A7C20F009E3C78 /* RiotAPITesting.swift */,
				BED12F2526A8C71A007D367D /* RiotAPI Assets */,
				BEF0C81526B35FF30078245A /* WhatWasIDoingLast.swift */,
			);
			path = RiotAPITesting;
			sourceTree = "<group>";
		};
		BECF0B7928E5254D0047983E /* Depreciated */ = {
			isa = PBXGroup;
			children = (
				BE6B708B26A8D0790074BEA4 /* ChampionFull.swift */,
				BE6B709626A8EC2A0074BEA4 /* Champion.swift */,
			);
			path = Depreciated;
			sourceTree = "<group>";
		};
		BED12F2526A8C71A007D367D /* RiotAPI Assets */ = {
			isa = PBXGroup;
			children = (
				BECF0B7728E51D510047983E /* champion.json */,
				BE385CCE28E4EBC600ABD85F /* Aatrox.json */,
				BE385CB928E4EBC400ABD85F /* Ahri.json */,
				BE385D0528E4EBC900ABD85F /* Akali.json */,
				BE385CC528E4EBC500ABD85F /* Akshan.json */,
				BE385C9528E4EBC200ABD85F /* Alistar.json */,
				BE385CEC28E4EBC800ABD85F /* Amumu.json */,
				BE385C9D28E4EBC300ABD85F /* Anivia.json */,
				BE385CFA28E4EBC800ABD85F /* Annie.json */,
				BE385C9828E4EBC200ABD85F /* Aphelios.json */,
				BE385D1328E4EBCA00ABD85F /* Ashe.json */,
				BE385CDE28E4EBC700ABD85F /* AurelionSol.json */,
				BE385D2528E4EBCB00ABD85F /* Azir.json */,
				BE385CE028E4EBC700ABD85F /* Bard.json */,
				BE385D0B28E4EBC900ABD85F /* Belveth.json */,
				BE385CD028E4EBC600ABD85F /* Blitzcrank.json */,
				BE385CDF28E4EBC700ABD85F /* Brand.json */,
				BE385D2928E4EBCB00ABD85F /* Braum.json */,
				BE385CFC28E4EBC900ABD85F /* Caitlyn.json */,
				BE385CD928E4EBC600ABD85F /* Camille.json */,
				BE385CAE28E4EBC400ABD85F /* Cassiopeia.json */,
				BE385CF028E4EBC800ABD85F /* Chogath.json */,
				BE385D0228E4EBC900ABD85F /* Corki.json */,
				BE385C9928E4EBC200ABD85F /* Darius.json */,
				BE385CE128E4EBC700ABD85F /* Diana.json */,
				BE385CD528E4EBC600ABD85F /* Draven.json */,
				BE385D3428E4EBCC00ABD85F /* DrMundo.json */,
				BE385CB228E4EBC400ABD85F /* Ekko.json */,
				BE385D1828E4EBCA00ABD85F /* Elise.json */,
				BE385CFB28E4EBC800ABD85F /* Evelynn.json */,
				BE385D2028E4EBCB00ABD85F /* Ezreal.json */,
				BE385CF328E4EBC800ABD85F /* Fiddlesticks.json */,
				BE385CCD28E4EBC600ABD85F /* Fiora.json */,
				BE385CA828E4EBC300ABD85F /* Fizz.json */,
				BE385D0C28E4EBCA00ABD85F /* Galio.json */,
				BE385CBA28E4EBC400ABD85F /* Gangplank.json */,
				BE385CD328E4EBC600ABD85F /* Garen.json */,
				BE385D2428E4EBCB00ABD85F /* Gnar.json */,
				BE385CA928E4EBC300ABD85F /* Gragas.json */,
				BE385CAF28E4EBC400ABD85F /* Graves.json */,
				BE385CB428E4EBC400ABD85F /* Gwen.json */,
				BE385C9B28E4EBC300ABD85F /* Hecarim.json */,
				BE385CFD28E4EBC900ABD85F /* Heimerdinger.json */,
				BE385CCF28E4EBC600ABD85F /* Illaoi.json */,
				BE385CC228E4EBC500ABD85F /* Irelia.json */,
				BE385C9628E4EBC200ABD85F /* Ivern.json */,
				BE385CE728E4EBC700ABD85F /* Janna.json */,
				BE385D0128E4EBC900ABD85F /* JarvanIV.json */,
				BE385D1428E4EBCA00ABD85F /* Jax.json */,
				BE385CE928E4EBC700ABD85F /* Jayce.json */,
				BE385D2A28E4EBCB00ABD85F /* Jhin.json */,
				BE385D0A28E4EBC900ABD85F /* Jinx.json */,
				BE385D1928E4EBCA00ABD85F /* Kaisa.json */,
				BE385CEB28E4EBC700ABD85F /* Kalista.json */,
				BE385D0928E4EBC900ABD85F /* Karma.json */,
				BE385CEE28E4EBC800ABD85F /* Karthus.json */,
				BE385CC928E4EBC500ABD85F /* Kassadin.json */,
				BE385CD628E4EBC600ABD85F /* Katarina.json */,
				BE385CC428E4EBC500ABD85F /* Kayle.json */,
				BE385CE428E4EBC700ABD85F /* Kayn.json */,
				BE385D2128E4EBCB00ABD85F /* Kennen.json */,
				BE385CF128E4EBC800ABD85F /* Khazix.json */,
				BE385D1C28E4EBCB00ABD85F /* Kindred.json */,
				BE385D2C28E4EBCC00ABD85F /* Kled.json */,
				BE385CC728E4EBC500ABD85F /* KogMaw.json */,
				BE385CBC28E4EBC500ABD85F /* Leblanc.json */,
				BE385CC328E4EBC500ABD85F /* LeeSin.json */,
				BE385CEF28E4EBC800ABD85F /* Leona.json */,
				BE385D0E28E4EBCA00ABD85F /* Lillia.json */,
				BE385CFE28E4EBC900ABD85F /* Lissandra.json */,
				BE385C9A28E4EBC200ABD85F /* Lucian.json */,
				BE385D2E28E4EBCC00ABD85F /* Lulu.json */,
				BE385CA028E4EBC300ABD85F /* Lux.json */,
				BE385CBE28E4EBC500ABD85F /* Malphite.json */,
				BE385D2F28E4EBCC00ABD85F /* Malzahar.json */,
				BE385D0D28E4EBCA00ABD85F /* Maokai.json */,
				BE385CD828E4EBC600ABD85F /* MasterYi.json */,
				BE385D2228E4EBCB00ABD85F /* MissFortune.json */,
				BE385CA128E4EBC300ABD85F /* MonkeyKing.json */,
				BE385CF528E4EBC800ABD85F /* Mordekaiser.json */,
				BE385D0628E4EBC900ABD85F /* Morgana.json */,
				BE385CF928E4EBC800ABD85F /* Nami.json */,
				BE385D0F28E4EBCA00ABD85F /* Nasus.json */,
				BE385CDA28E4EBC600ABD85F /* Nautilus.json */,
				BE385CAA28E4EBC300ABD85F /* Neeko.json */,
				BE385CF728E4EBC800ABD85F /* Nidalee.json */,
				BE385D1628E4EBCA00ABD85F /* Nilah.json */,
				BE385CA628E4EBC300ABD85F /* Nocturne.json */,
				BE385D2D28E4EBCC00ABD85F /* Nunu.json */,
				BE385CF228E4EBC800ABD85F /* Olaf.json */,
				BE385D0028E4EBC900ABD85F /* Orianna.json */,
				BE385C9728E4EBC200ABD85F /* Ornn.json */,
				BE385D2728E4EBCB00ABD85F /* Pantheon.json */,
				BE385CFF28E4EBC900ABD85F /* Poppy.json */,
				BE385D2B28E4EBCC00ABD85F /* Pyke.json */,
				BE385CC128E4EBC500ABD85F /* Qiyana.json */,
				BE385CC828E4EBC500ABD85F /* Quinn.json */,
				BE385CDB28E4EBC600ABD85F /* Rakan.json */,
				BE385CDC28E4EBC700ABD85F /* Rammus.json */,
				BE385C9E28E4EBC300ABD85F /* RekSai.json */,
				BE385CB828E4EBC400ABD85F /* Rell.json */,
				BE385CD428E4EBC600ABD85F /* Renata.json */,
				BE385D1E28E4EBCB00ABD85F /* Renekton.json */,
				BE385CEA28E4EBC700ABD85F /* Rengar.json */,
				BE385D1028E4EBCA00ABD85F /* Riven.json */,
				BE385D1D28E4EBCB00ABD85F /* Rumble.json */,
				BE385D1128E4EBCA00ABD85F /* Ryze.json */,
				BE385CF828E4EBC800ABD85F /* Samira.json */,
				BE385CBB28E4EBC500ABD85F /* Sejuani.json */,
				BE385D2828E4EBCB00ABD85F /* Senna.json */,
				BE385CCC28E4EBC600ABD85F /* Seraphine.json */,
				BE385CA228E4EBC300ABD85F /* Sett.json */,
				BE385D0328E4EBC900ABD85F /* Shaco.json */,
				BE385CB128E4EBC400ABD85F /* Shen.json */,
				BE385CA728E4EBC300ABD85F /* Shyvana.json */,
				BE385CC028E4EBC500ABD85F /* Singed.json */,
				BE385D3028E4EBCC00ABD85F /* Sion.json */,
				BE385D0828E4EBC900ABD85F /* Sivir.json */,
				BE385CD728E4EBC600ABD85F /* Skarner.json */,
				BE385CB328E4EBC400ABD85F /* Sona.json */,
				BE385CB528E4EBC400ABD85F /* Soraka.json */,
				BE385D2628E4EBCB00ABD85F /* Swain.json */,
				BE385D1F28E4EBCB00ABD85F /* Sylas.json */,
				BE385CF428E4EBC800ABD85F /* Syndra.json */,
				BE385CAB28E4EBC400ABD85F /* TahmKench.json */,
				BE385CD228E4EBC600ABD85F /* Taliyah.json */,
				BE385CF628E4EBC800ABD85F /* Talon.json */,
				BE385CC628E4EBC500ABD85F /* Taric.json */,
				BE385CDD28E4EBC700ABD85F /* Teemo.json */,
				BE385CCA28E4EBC500ABD85F /* Thresh.json */,
				BE385CBF28E4EBC500ABD85F /* Tristana.json */,
				BE385D0428E4EBC900ABD85F /* Trundle.json */,
				BE385D3128E4EBCC00ABD85F /* Tryndamere.json */,
				BE385D1528E4EBCA00ABD85F /* TwistedFate.json */,
				BE385D1228E4EBCA00ABD85F /* Twitch.json */,
				BE385D3228E4EBCC00ABD85F /* Udyr.json */,
				BE385CB628E4EBC400ABD85F /* Urgot.json */,
				BE385CB728E4EBC400ABD85F /* Varus.json */,
				BE385D2328E4EBCB00ABD85F /* Vayne.json */,
				BE385CD128E4EBC600ABD85F /* Veigar.json */,
				BE385CE228E4EBC700ABD85F /* Velkoz.json */,
				BE385D3528E4EBCC00ABD85F /* Vex.json */,
				BE385CB028E4EBC400ABD85F /* Vi.json */,
				BE385C9C28E4EBC300ABD85F /* Viego.json */,
				BE385CE328E4EBC700ABD85F /* Viktor.json */,
				BE385D1728E4EBCA00ABD85F /* Vladimir.json */,
				BE385CAD28E4EBC400ABD85F /* Volibear.json */,
				BE385CAC28E4EBC400ABD85F /* Warwick.json */,
				BE385CE528E4EBC700ABD85F /* Xayah.json */,
				BE385C9F28E4EBC300ABD85F /* Xerath.json */,
				BE385D1A28E4EBCA00ABD85F /* XinZhao.json */,
				BE385CE628E4EBC700ABD85F /* Yasuo.json */,
				BE385CCB28E4EBC500ABD85F /* Yone.json */,
				BE385D0728E4EBC900ABD85F /* Yorick.json */,
				BE385D3328E4EBCC00ABD85F /* Yuumi.json */,
				BE385CA428E4EBC300ABD85F /* Zac.json */,
				BE385CBD28E4EBC500ABD85F /* Zed.json */,
				BE385CE828E4EBC700ABD85F /* Zeri.json */,
				BE385D1B28E4EBCB00ABD85F /* Ziggs.json */,
				BE385CA328E4EBC300ABD85F /* Zilean.json */,
				BE385CED28E4EBC800ABD85F /* Zoe.json */,
				BE385CA528E4EBC300ABD85F /* Zyra.json */,
			);
			path = "RiotAPI Assets";
			sourceTree = "<group>";
		};
		BED191BF272291CF00159E12 /* Frameworks */ = {
			isa = PBXGroup;
			children = (
				BE20296F28DD53F500263339 /* LeagueAPI.framework */,
			);
			name = Frameworks;
			sourceTree = "<group>";
		};
		BEEA302626A7D93D009E3C78 /* Extensions */ = {
			isa = PBXGroup;
			children = (
				BEEA302726A7D93D009E3C78 /* UIImageViewExtension.swift */,
				BEEA302826A7D93D009E3C78 /* UITextViewExtension.swift */,
				BEEA302926A7D93D009E3C78 /* UILabelExtension.swift */,
				BEEA303626A7D93D009E3C78 /* UITableViewExtension.swift */,
				BEE6DCA12899EEC500AD4EBC /* TimeInterval.swift */,
			);
			path = Extensions;
			sourceTree = "<group>";
		};
/* End PBXGroup section */

/* Begin PBXNativeTarget section */
		BEC1E48C2698E9EA00BC3F62 /* RiotAPITesting */ = {
			isa = PBXNativeTarget;
			buildConfigurationList = BEC1E4A12698E9EB00BC3F62 /* Build configuration list for PBXNativeTarget "RiotAPITesting" */;
			buildPhases = (
				BEC1E48A2698E9EA00BC3F62 /* Frameworks */,
				BEC1E4892698E9EA00BC3F62 /* Sources */,
				BEC1E48B2698E9EA00BC3F62 /* Resources */,
				BEF38F8B28D82872004BBC3F /* Embed Frameworks */,
			);
			buildRules = (
			);
			dependencies = (
			);
			name = RiotAPITesting;
			productName = RiotAPITesting;
			productReference = BEC1E48D2698E9EA00BC3F62 /* RiotAPITesting.app */;
			productType = "com.apple.product-type.application";
		};
/* End PBXNativeTarget section */

/* Begin PBXProject section */
		BEC1E4852698E9EA00BC3F62 /* Project object */ = {
			isa = PBXProject;
			attributes = {
				LastSwiftUpdateCheck = 1240;
				LastUpgradeCheck = 1240;
				ORGANIZATIONNAME = "Bryan Heath";
				TargetAttributes = {
					BEC1E48C2698E9EA00BC3F62 = {
						CreatedOnToolsVersion = 12.4;
					};
				};
			};
			buildConfigurationList = BEC1E4882698E9EA00BC3F62 /* Build configuration list for PBXProject "RiotAPITesting" */;
			compatibilityVersion = "Xcode 10.0";
			developmentRegion = en;
			hasScannedForEncodings = 0;
			knownRegions = (
				en,
				Base,
			);
			mainGroup = BEC1E4842698E9EA00BC3F62;
			productRefGroup = BEC1E48E2698E9EA00BC3F62 /* Products */;
			projectDirPath = "";
			projectRoot = "";
			targets = (
				BEC1E48C2698E9EA00BC3F62 /* RiotAPITesting */,
			);
		};
/* End PBXProject section */

/* Begin PBXResourcesBuildPhase section */
		BEC1E48B2698E9EA00BC3F62 /* Resources */ = {
			isa = PBXResourcesBuildPhase;
			buildActionMask = 2147483647;
			files = (
				BE385DC028E4EBCD00ABD85F /* Sylas.json in Resources */,
				BE385D4428E4EBCC00ABD85F /* Zilean.json in Resources */,
				BE385D6828E4EBCD00ABD85F /* KogMaw.json in Resources */,
				BE385D9228E4EBCD00ABD85F /* Khazix.json in Resources */,
				BE385D6128E4EBCC00ABD85F /* Singed.json in Resources */,
				BE385D7028E4EBCD00ABD85F /* Illaoi.json in Resources */,
				BE385D7D28E4EBCD00ABD85F /* Rammus.json in Resources */,
				BE385DD628E4EBCD00ABD85F /* Vex.json in Resources */,
				BE385DB128E4EBCD00ABD85F /* Riven.json in Resources */,
				BE385DB528E4EBCD00ABD85F /* Jax.json in Resources */,
				BE385D5728E4EBCC00ABD85F /* Urgot.json in Resources */,
				BE385D7928E4EBCD00ABD85F /* MasterYi.json in Resources */,
				BE385D3B28E4EBCC00ABD85F /* Lucian.json in Resources */,
				BE385DC828E4EBCD00ABD85F /* Pantheon.json in Resources */,
				BE385D4F28E4EBCC00ABD85F /* Cassiopeia.json in Resources */,
				BE385D4328E4EBCC00ABD85F /* Sett.json in Resources */,
				BE385D8428E4EBCD00ABD85F /* Viktor.json in Resources */,
				BE385D6028E4EBCC00ABD85F /* Tristana.json in Resources */,
				BE385D5A28E4EBCC00ABD85F /* Ahri.json in Resources */,
				BE385D4D28E4EBCC00ABD85F /* Warwick.json in Resources */,
				BE385DB928E4EBCD00ABD85F /* Elise.json in Resources */,
				BE385D8D28E4EBCD00ABD85F /* Amumu.json in Resources */,
				BE385DAD28E4EBCD00ABD85F /* Galio.json in Resources */,
				BE385D5528E4EBCC00ABD85F /* Gwen.json in Resources */,
				BE385D3C28E4EBCC00ABD85F /* Hecarim.json in Resources */,
				BE385DD528E4EBCD00ABD85F /* DrMundo.json in Resources */,
				BE385DC428E4EBCD00ABD85F /* Vayne.json in Resources */,
				BE385D6528E4EBCC00ABD85F /* Kayle.json in Resources */,
				BE385DD128E4EBCD00ABD85F /* Sion.json in Resources */,
				BE385D8E28E4EBCD00ABD85F /* Zoe.json in Resources */,
				BE385D9B28E4EBCD00ABD85F /* Annie.json in Resources */,
				BE385D9028E4EBCD00ABD85F /* Leona.json in Resources */,
				BE385DBC28E4EBCD00ABD85F /* Ziggs.json in Resources */,
				BE385D5C28E4EBCC00ABD85F /* Sejuani.json in Resources */,
				BE385D9A28E4EBCD00ABD85F /* Nami.json in Resources */,
				BE385DA828E4EBCD00ABD85F /* Yorick.json in Resources */,
				BE385DB228E4EBCD00ABD85F /* Ryze.json in Resources */,
				BE385D7628E4EBCD00ABD85F /* Draven.json in Resources */,
				BE385D3628E4EBCC00ABD85F /* Alistar.json in Resources */,
				BE385D4228E4EBCC00ABD85F /* MonkeyKing.json in Resources */,
				BE385DBF28E4EBCD00ABD85F /* Renekton.json in Resources */,
				BE385DC128E4EBCD00ABD85F /* Ezreal.json in Resources */,
				BE385D7228E4EBCD00ABD85F /* Veigar.json in Resources */,
				BE385DAF28E4EBCD00ABD85F /* Lillia.json in Resources */,
				BE385D9D28E4EBCD00ABD85F /* Caitlyn.json in Resources */,
				BE385D6328E4EBCC00ABD85F /* Irelia.json in Resources */,
				BE385D6728E4EBCD00ABD85F /* Taric.json in Resources */,
				BE385DB728E4EBCD00ABD85F /* Nilah.json in Resources */,
				BE385DC728E4EBCD00ABD85F /* Swain.json in Resources */,
				BE385D4528E4EBCC00ABD85F /* Zac.json in Resources */,
				BE385D5F28E4EBCC00ABD85F /* Malphite.json in Resources */,
				BE385D7128E4EBCD00ABD85F /* Blitzcrank.json in Resources */,
				BE385D6428E4EBCC00ABD85F /* LeeSin.json in Resources */,
				BE385D9828E4EBCD00ABD85F /* Nidalee.json in Resources */,
				BE385D3E28E4EBCC00ABD85F /* Anivia.json in Resources */,
				BE385D8328E4EBCD00ABD85F /* Velkoz.json in Resources */,
				BE385DA228E4EBCD00ABD85F /* JarvanIV.json in Resources */,
				BE385DD428E4EBCD00ABD85F /* Yuumi.json in Resources */,
				BE385D7F28E4EBCD00ABD85F /* AurelionSol.json in Resources */,
				BE385DA628E4EBCD00ABD85F /* Akali.json in Resources */,
				BE385DAC28E4EBCD00ABD85F /* Belveth.json in Resources */,
				BE385DBD28E4EBCD00ABD85F /* Kindred.json in Resources */,
				BE385D6F28E4EBCD00ABD85F /* Aatrox.json in Resources */,
				BE385D4E28E4EBCC00ABD85F /* Volibear.json in Resources */,
				BE385D8628E4EBCD00ABD85F /* Xayah.json in Resources */,
				BE385DA328E4EBCD00ABD85F /* Corki.json in Resources */,
				BE385D5828E4EBCC00ABD85F /* Varus.json in Resources */,
				BE385D7328E4EBCD00ABD85F /* Taliyah.json in Resources */,
				BEC1E49D2698E9EB00BC3F62 /* LaunchScreen.storyboard in Resources */,
				BE385DC328E4EBCD00ABD85F /* MissFortune.json in Resources */,
				BE385DB428E4EBCD00ABD85F /* Ashe.json in Resources */,
				BE385D5428E4EBCC00ABD85F /* Sona.json in Resources */,
				BE385DCD28E4EBCD00ABD85F /* Kled.json in Resources */,
				BE385D6B28E4EBCD00ABD85F /* Thresh.json in Resources */,
				BE385DD328E4EBCD00ABD85F /* Udyr.json in Resources */,
				BE385D4B28E4EBCC00ABD85F /* Neeko.json in Resources */,
				BE385D6A28E4EBCD00ABD85F /* Kassadin.json in Resources */,
				BE385D3F28E4EBCC00ABD85F /* RekSai.json in Resources */,
				BE385D4928E4EBCC00ABD85F /* Fizz.json in Resources */,
				BE385DC628E4EBCD00ABD85F /* Azir.json in Resources */,
				BE385DBE28E4EBCD00ABD85F /* Rumble.json in Resources */,
				BE385D8528E4EBCD00ABD85F /* Kayn.json in Resources */,
				BE385D8928E4EBCD00ABD85F /* Zeri.json in Resources */,
				BE385D5328E4EBCC00ABD85F /* Ekko.json in Resources */,
				BE385DA028E4EBCD00ABD85F /* Poppy.json in Resources */,
				BE385D3828E4EBCC00ABD85F /* Ornn.json in Resources */,
				BE385DCC28E4EBCD00ABD85F /* Pyke.json in Resources */,
				BE385D8C28E4EBCD00ABD85F /* Kalista.json in Resources */,
				BE385DA728E4EBCD00ABD85F /* Morgana.json in Resources */,
				BE385D6928E4EBCD00ABD85F /* Quinn.json in Resources */,
				BE385D7B28E4EBCD00ABD85F /* Nautilus.json in Resources */,
				BE385D8128E4EBCD00ABD85F /* Bard.json in Resources */,
				BE385D9328E4EBCD00ABD85F /* Olaf.json in Resources */,
				BE385D4C28E4EBCC00ABD85F /* TahmKench.json in Resources */,
				BE385D8828E4EBCD00ABD85F /* Janna.json in Resources */,
				BE385D7C28E4EBCD00ABD85F /* Rakan.json in Resources */,
				BE385D8228E4EBCD00ABD85F /* Diana.json in Resources */,
				BE385DCF28E4EBCD00ABD85F /* Lulu.json in Resources */,
				BE385DD028E4EBCD00ABD85F /* Malzahar.json in Resources */,
				BE385D9E28E4EBCD00ABD85F /* Heimerdinger.json in Resources */,
				BE385DC928E4EBCD00ABD85F /* Senna.json in Resources */,
				BE385D6E28E4EBCD00ABD85F /* Fiora.json in Resources */,
				BE385D4728E4EBCC00ABD85F /* Nocturne.json in Resources */,
				BE385DCB28E4EBCD00ABD85F /* Jhin.json in Resources */,
				BE385D5928E4EBCC00ABD85F /* Rell.json in Resources */,
				BE385DBA28E4EBCD00ABD85F /* Kaisa.json in Resources */,
				BE385D9928E4EBCD00ABD85F /* Samira.json in Resources */,
				BE385DAE28E4EBCD00ABD85F /* Maokai.json in Resources */,
				BE385D6D28E4EBCD00ABD85F /* Seraphine.json in Resources */,
				BE385D4828E4EBCC00ABD85F /* Shyvana.json in Resources */,
				BE385D9528E4EBCD00ABD85F /* Syndra.json in Resources */,
				BE385DB828E4EBCD00ABD85F /* Vladimir.json in Resources */,
				BE385D6628E4EBCC00ABD85F /* Akshan.json in Resources */,
				BE385D9F28E4EBCD00ABD85F /* Lissandra.json in Resources */,
				BE385D7528E4EBCD00ABD85F /* Renata.json in Resources */,
				BE385D9728E4EBCD00ABD85F /* Talon.json in Resources */,
				BE385D7828E4EBCD00ABD85F /* Skarner.json in Resources */,
				BE385D5128E4EBCC00ABD85F /* Vi.json in Resources */,
				BE385DD228E4EBCD00ABD85F /* Tryndamere.json in Resources */,
				BE385D7728E4EBCD00ABD85F /* Katarina.json in Resources */,
				BE385DA428E4EBCD00ABD85F /* Shaco.json in Resources */,
				BE385D8B28E4EBCD00ABD85F /* Rengar.json in Resources */,
				BE385D3A28E4EBCC00ABD85F /* Darius.json in Resources */,
				BE385D9428E4EBCD00ABD85F /* Fiddlesticks.json in Resources */,
				BE385D3928E4EBCC00ABD85F /* Aphelios.json in Resources */,
				BE385D4A28E4EBCC00ABD85F /* Gragas.json in Resources */,
				BE385D4128E4EBCC00ABD85F /* Lux.json in Resources */,
				BE385DA128E4EBCD00ABD85F /* Orianna.json in Resources */,
				BE385D7428E4EBCD00ABD85F /* Garen.json in Resources */,
				BE385D5028E4EBCC00ABD85F /* Graves.json in Resources */,
				BE385D3728E4EBCC00ABD85F /* Ivern.json in Resources */,
				BE385DC228E4EBCD00ABD85F /* Kennen.json in Resources */,
				BE385DA928E4EBCD00ABD85F /* Sivir.json in Resources */,
				BEC1E49A2698E9EB00BC3F62 /* Assets.xcassets in Resources */,
				BE385D6228E4EBCC00ABD85F /* Qiyana.json in Resources */,
				BE385D9628E4EBCD00ABD85F /* Mordekaiser.json in Resources */,
				BE385D8728E4EBCD00ABD85F /* Yasuo.json in Resources */,
				BE385D9C28E4EBCD00ABD85F /* Evelynn.json in Resources */,
				BE385D4028E4EBCC00ABD85F /* Xerath.json in Resources */,
				BE385D5B28E4EBCC00ABD85F /* Gangplank.json in Resources */,
				BE385D3D28E4EBCC00ABD85F /* Viego.json in Resources */,
				BE385D5628E4EBCC00ABD85F /* Soraka.json in Resources */,
				BE385D5E28E4EBCC00ABD85F /* Zed.json in Resources */,
				BE385D9128E4EBCD00ABD85F /* Chogath.json in Resources */,
				BE385DB028E4EBCD00ABD85F /* Nasus.json in Resources */,
				BE385D5D28E4EBCC00ABD85F /* Leblanc.json in Resources */,
				BE385D7A28E4EBCD00ABD85F /* Camille.json in Resources */,
				BE385DBB28E4EBCD00ABD85F /* XinZhao.json in Resources */,
				BE385DAA28E4EBCD00ABD85F /* Karma.json in Resources */,
				BE385D6C28E4EBCD00ABD85F /* Yone.json in Resources */,
				BE385DAB28E4EBCD00ABD85F /* Jinx.json in Resources */,
				BECF0B7828E51D510047983E /* champion.json in Resources */,
				BE385DB328E4EBCD00ABD85F /* Twitch.json in Resources */,
				BE385D8F28E4EBCD00ABD85F /* Karthus.json in Resources */,
				BE385DB628E4EBCD00ABD85F /* TwistedFate.json in Resources */,
				BE385D7E28E4EBCD00ABD85F /* Teemo.json in Resources */,
				BEC1E4982698E9EA00BC3F62 /* Main.storyboard in Resources */,
				BE385DCA28E4EBCD00ABD85F /* Braum.json in Resources */,
				BE385D8028E4EBCD00ABD85F /* Brand.json in Resources */,
				BE385DC528E4EBCD00ABD85F /* Gnar.json in Resources */,
				BE385DCE28E4EBCD00ABD85F /* Nunu.json in Resources */,
				BE385DA528E4EBCD00ABD85F /* Trundle.json in Resources */,
				BE385D4628E4EBCC00ABD85F /* Zyra.json in Resources */,
				BE385D8A28E4EBCD00ABD85F /* Jayce.json in Resources */,
				BE385D5228E4EBCC00ABD85F /* Shen.json in Resources */,
			);
			runOnlyForDeploymentPostprocessing = 0;
		};
/* End PBXResourcesBuildPhase section */

/* Begin PBXSourcesBuildPhase section */
		BEC1E4892698E9EA00BC3F62 /* Sources */ = {
			isa = PBXSourcesBuildPhase;
			buildActionMask = 2147483647;
			files = (
				BE949E8726B8C0E200E23670 /* GameTableViewCell.swift in Sources */,
				BE385DE328E5035800ABD85F /* ChampionJSON.swift in Sources */,
				BE949E8826B8C0E200E23670 /* TeamTableViewCell.swift in Sources */,
				BE949E8926B8C0E200E23670 /* PlayerTableViewCell.swift in Sources */,
				BEAD338926BF22A700A487B1 /* UsedChampions.swift in Sources */,
				BE6B709726A8EC2A0074BEA4 /* Champion.swift in Sources */,
				BEEA302526A7C20F009E3C78 /* RiotAPITesting.swift in Sources */,
				BE6B709326A8DAA90074BEA4 /* JSONAny.swift in Sources */,
				BED25B4326B3433500B2FC71 /* StatRankings.swift in Sources */,
				BEEA303826A7D93D009E3C78 /* UITextViewExtension.swift in Sources */,
				BEE6DCA22899EEC500AD4EBC /* TimeInterval.swift in Sources */,
				BEEA304526A7D93D009E3C78 /* UITableViewExtension.swift in Sources */,
				BEC1E4952698E9EA00BC3F62 /* ViewController.swift in Sources */,
				BE6B708F26A8DA720074BEA4 /* JSONNull.swift in Sources */,
				BE6B708A26A8CE3B0074BEA4 /* OfflineData.swift in Sources */,
				BE153B2C26B74F5E0019447E /* GameDetailsViewController.swift in Sources */,
				BE1B794926A3843A00AB3A46 /* MatchData.swift in Sources */,
				BE6B708C26A8D0790074BEA4 /* ChampionFull.swift in Sources */,
				BE711C0D269E878A00CA57CE /* File.swift in Sources */,
				BEEA303726A7D93D009E3C78 /* UIImageViewExtension.swift in Sources */,
				BEC1E4912698E9EA00BC3F62 /* AppDelegate.swift in Sources */,
				BE6B709126A8DA8A0074BEA4 /* JSONCodingKey.swift in Sources */,
				BE711C0F269E883F00CA57CE /* Player.swift in Sources */,
				BEC1E4932698E9EA00BC3F62 /* SceneDelegate.swift in Sources */,
				BE385DE128E5021500ABD85F /* JSONSchemaSupport.swift in Sources */,
				BE1B794126A3709E00AB3A46 /* GameListTableViewController.swift in Sources */,
				BEEA303926A7D93D009E3C78 /* UILabelExtension.swift in Sources */,
				BEF0C81626B35FF30078245A /* WhatWasIDoingLast.swift in Sources */,
			);
			runOnlyForDeploymentPostprocessing = 0;
		};
/* End PBXSourcesBuildPhase section */

/* Begin PBXVariantGroup section */
		BEC1E4962698E9EA00BC3F62 /* Main.storyboard */ = {
			isa = PBXVariantGroup;
			children = (
				BEC1E4972698E9EA00BC3F62 /* Base */,
			);
			name = Main.storyboard;
			sourceTree = "<group>";
		};
		BEC1E49B2698E9EB00BC3F62 /* LaunchScreen.storyboard */ = {
			isa = PBXVariantGroup;
			children = (
				BEC1E49C2698E9EB00BC3F62 /* Base */,
			);
			name = LaunchScreen.storyboard;
			sourceTree = "<group>";
		};
/* End PBXVariantGroup section */

/* Begin XCBuildConfiguration section */
		BEC1E49F2698E9EB00BC3F62 /* Debug */ = {
			isa = XCBuildConfiguration;
			buildSettings = {
				ALWAYS_SEARCH_USER_PATHS = NO;
				BUILD_LIBRARY_FOR_DISTRIBUTION = NO;
				CLANG_ANALYZER_NONNULL = YES;
				CLANG_ANALYZER_NUMBER_OBJECT_CONVERSION = YES_AGGRESSIVE;
				CLANG_CXX_LANGUAGE_STANDARD = "gnu++14";
				CLANG_CXX_LIBRARY = "libc++";
				CLANG_ENABLE_MODULES = YES;
				CLANG_ENABLE_OBJC_ARC = YES;
				CLANG_ENABLE_OBJC_WEAK = YES;
				CLANG_WARN_BLOCK_CAPTURE_AUTORELEASING = YES;
				CLANG_WARN_BOOL_CONVERSION = YES;
				CLANG_WARN_COMMA = YES;
				CLANG_WARN_CONSTANT_CONVERSION = YES;
				CLANG_WARN_DEPRECATED_OBJC_IMPLEMENTATIONS = YES;
				CLANG_WARN_DIRECT_OBJC_ISA_USAGE = YES_ERROR;
				CLANG_WARN_DOCUMENTATION_COMMENTS = YES;
				CLANG_WARN_EMPTY_BODY = YES;
				CLANG_WARN_ENUM_CONVERSION = YES;
				CLANG_WARN_INFINITE_RECURSION = YES;
				CLANG_WARN_INT_CONVERSION = YES;
				CLANG_WARN_NON_LITERAL_NULL_CONVERSION = YES;
				CLANG_WARN_OBJC_IMPLICIT_RETAIN_SELF = YES;
				CLANG_WARN_OBJC_LITERAL_CONVERSION = YES;
				CLANG_WARN_OBJC_ROOT_CLASS = YES_ERROR;
				CLANG_WARN_QUOTED_INCLUDE_IN_FRAMEWORK_HEADER = YES;
				CLANG_WARN_RANGE_LOOP_ANALYSIS = YES;
				CLANG_WARN_STRICT_PROTOTYPES = YES;
				CLANG_WARN_SUSPICIOUS_MOVE = YES;
				CLANG_WARN_UNGUARDED_AVAILABILITY = YES_AGGRESSIVE;
				CLANG_WARN_UNREACHABLE_CODE = YES;
				CLANG_WARN__DUPLICATE_METHOD_MATCH = YES;
				COPY_PHASE_STRIP = NO;
				DEBUG_ACTIVITY_MODE = "";
				"DEBUG_ACTIVITY_MODE[sdk=iphonesimulator*]" = disable;
				DEBUG_INFORMATION_FORMAT = dwarf;
				ENABLE_STRICT_OBJC_MSGSEND = YES;
				ENABLE_TESTABILITY = YES;
				GCC_C_LANGUAGE_STANDARD = gnu11;
				GCC_DYNAMIC_NO_PIC = NO;
				GCC_NO_COMMON_BLOCKS = YES;
				GCC_OPTIMIZATION_LEVEL = 0;
				GCC_PREPROCESSOR_DEFINITIONS = (
					"DEBUG=1",
					"$(inherited)",
				);
				GCC_WARN_64_TO_32_BIT_CONVERSION = YES;
				GCC_WARN_ABOUT_RETURN_TYPE = YES_ERROR;
				GCC_WARN_UNDECLARED_SELECTOR = YES;
				GCC_WARN_UNINITIALIZED_AUTOS = YES_AGGRESSIVE;
				GCC_WARN_UNUSED_FUNCTION = YES;
				GCC_WARN_UNUSED_VARIABLE = YES;
				IPHONEOS_DEPLOYMENT_TARGET = 13.0;
				MTL_ENABLE_DEBUG_INFO = INCLUDE_SOURCE;
				MTL_FAST_MATH = YES;
				ONLY_ACTIVE_ARCH = YES;
				SDKROOT = iphoneos;
				SWIFT_ACTIVE_COMPILATION_CONDITIONS = DEBUG;
				SWIFT_OPTIMIZATION_LEVEL = "-Onone";
			};
			name = Debug;
		};
		BEC1E4A02698E9EB00BC3F62 /* Release */ = {
			isa = XCBuildConfiguration;
			buildSettings = {
				ALWAYS_SEARCH_USER_PATHS = NO;
				BUILD_LIBRARY_FOR_DISTRIBUTION = NO;
				CLANG_ANALYZER_NONNULL = YES;
				CLANG_ANALYZER_NUMBER_OBJECT_CONVERSION = YES_AGGRESSIVE;
				CLANG_CXX_LANGUAGE_STANDARD = "gnu++14";
				CLANG_CXX_LIBRARY = "libc++";
				CLANG_ENABLE_MODULES = YES;
				CLANG_ENABLE_OBJC_ARC = YES;
				CLANG_ENABLE_OBJC_WEAK = YES;
				CLANG_WARN_BLOCK_CAPTURE_AUTORELEASING = YES;
				CLANG_WARN_BOOL_CONVERSION = YES;
				CLANG_WARN_COMMA = YES;
				CLANG_WARN_CONSTANT_CONVERSION = YES;
				CLANG_WARN_DEPRECATED_OBJC_IMPLEMENTATIONS = YES;
				CLANG_WARN_DIRECT_OBJC_ISA_USAGE = YES_ERROR;
				CLANG_WARN_DOCUMENTATION_COMMENTS = YES;
				CLANG_WARN_EMPTY_BODY = YES;
				CLANG_WARN_ENUM_CONVERSION = YES;
				CLANG_WARN_INFINITE_RECURSION = YES;
				CLANG_WARN_INT_CONVERSION = YES;
				CLANG_WARN_NON_LITERAL_NULL_CONVERSION = YES;
				CLANG_WARN_OBJC_IMPLICIT_RETAIN_SELF = YES;
				CLANG_WARN_OBJC_LITERAL_CONVERSION = YES;
				CLANG_WARN_OBJC_ROOT_CLASS = YES_ERROR;
				CLANG_WARN_QUOTED_INCLUDE_IN_FRAMEWORK_HEADER = YES;
				CLANG_WARN_RANGE_LOOP_ANALYSIS = YES;
				CLANG_WARN_STRICT_PROTOTYPES = YES;
				CLANG_WARN_SUSPICIOUS_MOVE = YES;
				CLANG_WARN_UNGUARDED_AVAILABILITY = YES_AGGRESSIVE;
				CLANG_WARN_UNREACHABLE_CODE = YES;
				CLANG_WARN__DUPLICATE_METHOD_MATCH = YES;
				COPY_PHASE_STRIP = NO;
				DEBUG_ACTIVITY_MODE = "";
				DEBUG_INFORMATION_FORMAT = "dwarf-with-dsym";
				ENABLE_NS_ASSERTIONS = NO;
				ENABLE_STRICT_OBJC_MSGSEND = YES;
				GCC_C_LANGUAGE_STANDARD = gnu11;
				GCC_NO_COMMON_BLOCKS = YES;
				GCC_WARN_64_TO_32_BIT_CONVERSION = YES;
				GCC_WARN_ABOUT_RETURN_TYPE = YES_ERROR;
				GCC_WARN_UNDECLARED_SELECTOR = YES;
				GCC_WARN_UNINITIALIZED_AUTOS = YES_AGGRESSIVE;
				GCC_WARN_UNUSED_FUNCTION = YES;
				GCC_WARN_UNUSED_VARIABLE = YES;
				IPHONEOS_DEPLOYMENT_TARGET = 13.0;
				MTL_ENABLE_DEBUG_INFO = NO;
				MTL_FAST_MATH = YES;
				ONLY_ACTIVE_ARCH = YES;
				SDKROOT = iphoneos;
				SWIFT_COMPILATION_MODE = wholemodule;
				SWIFT_OPTIMIZATION_LEVEL = "-O";
				VALIDATE_PRODUCT = YES;
			};
			name = Release;
		};
		BEC1E4A22698E9EB00BC3F62 /* Debug */ = {
			isa = XCBuildConfiguration;
			buildSettings = {
				ASSETCATALOG_COMPILER_APPICON_NAME = AppIcon;
				ASSETCATALOG_COMPILER_GLOBAL_ACCENT_COLOR_NAME = AccentColor;
				BUILD_LIBRARY_FOR_DISTRIBUTION = YES;
				CODE_SIGN_STYLE = Automatic;
				DEVELOPMENT_TEAM = ZE994RWSUV;
				FRAMEWORK_SEARCH_PATHS = (
					"$(inherited)",
					"$(PROJECT_DIR)/RiotAPITesting",
					"$(PROJECT_DIR)",
				);
				INFOPLIST_FILE = RiotAPITesting/Info.plist;
				IPHONEOS_DEPLOYMENT_TARGET = 15.0;
				LD_RUNPATH_SEARCH_PATHS = (
					"$(inherited)",
					"@executable_path/Frameworks",
				);
				OTHER_CODE_SIGN_FLAGS = "--generate-entitlement-der";
				PRODUCT_BUNDLE_IDENTIFIER = com.sunrai.RiotAPITesting;
				PRODUCT_NAME = "$(TARGET_NAME)";
				SWIFT_VERSION = 5.0;
				TARGETED_DEVICE_FAMILY = "1,2";
				VALIDATE_WORKSPACE = YES;
			};
			name = Debug;
		};
		BEC1E4A32698E9EB00BC3F62 /* Release */ = {
			isa = XCBuildConfiguration;
			buildSettings = {
				ASSETCATALOG_COMPILER_APPICON_NAME = AppIcon;
				ASSETCATALOG_COMPILER_GLOBAL_ACCENT_COLOR_NAME = AccentColor;
				BUILD_LIBRARY_FOR_DISTRIBUTION = YES;
				CODE_SIGN_STYLE = Automatic;
				DEVELOPMENT_TEAM = ZE994RWSUV;
				FRAMEWORK_SEARCH_PATHS = (
					"$(inherited)",
					"$(PROJECT_DIR)/RiotAPITesting",
					"$(PROJECT_DIR)",
				);
				INFOPLIST_FILE = RiotAPITesting/Info.plist;
				IPHONEOS_DEPLOYMENT_TARGET = 15.0;
				LD_RUNPATH_SEARCH_PATHS = (
					"$(inherited)",
					"@executable_path/Frameworks",
				);
				OTHER_CODE_SIGN_FLAGS = "--generate-entitlement-der";
				PRODUCT_BUNDLE_IDENTIFIER = com.sunrai.RiotAPITesting;
				PRODUCT_NAME = "$(TARGET_NAME)";
				SWIFT_VERSION = 5.0;
				TARGETED_DEVICE_FAMILY = "1,2";
				VALIDATE_WORKSPACE = YES;
			};
			name = Release;
		};
/* End XCBuildConfiguration section */

/* Begin XCConfigurationList section */
		BEC1E4882698E9EA00BC3F62 /* Build configuration list for PBXProject "RiotAPITesting" */ = {
			isa = XCConfigurationList;
			buildConfigurations = (
				BEC1E49F2698E9EB00BC3F62 /* Debug */,
				BEC1E4A02698E9EB00BC3F62 /* Release */,
			);
			defaultConfigurationIsVisible = 0;
			defaultConfigurationName = Release;
		};
		BEC1E4A12698E9EB00BC3F62 /* Build configuration list for PBXNativeTarget "RiotAPITesting" */ = {
			isa = XCConfigurationList;
			buildConfigurations = (
				BEC1E4A22698E9EB00BC3F62 /* Debug */,
				BEC1E4A32698E9EB00BC3F62 /* Release */,
			);
			defaultConfigurationIsVisible = 0;
			defaultConfigurationName = Release;
		};
/* End XCConfigurationList section */
	};
	rootObject = BEC1E4852698E9EA00BC3F62 /* Project object */;
}
