// !$*UTF8*$!
{
	archiveVersion = 1;
	classes = {
	};
	objectVersion = 50;
	objects = {

/* Begin PBXBuildFile section */
		BE1B794126A3709E00AB3A46 /* GameListTableViewController.swift in Sources */ = {isa = PBXBuildFile; fileRef = BE1B794026A3709E00AB3A46 /* GameListTableViewController.swift */; };
		BE1B794426A37BD300AB3A46 /* GameTableViewCell.swift in Sources */ = {isa = PBXBuildFile; fileRef = BE1B794326A37BD300AB3A46 /* GameTableViewCell.swift */; };
		BE1B794726A383C100AB3A46 /* MatchDataList.swift in Sources */ = {isa = PBXBuildFile; fileRef = BE1B794626A383C100AB3A46 /* MatchDataList.swift */; };
		BE1B794926A3843A00AB3A46 /* MatchData.swift in Sources */ = {isa = PBXBuildFile; fileRef = BE1B794826A3843A00AB3A46 /* MatchData.swift */; };
		BE6B708A26A8CE3B0074BEA4 /* OfflineData.swift in Sources */ = {isa = PBXBuildFile; fileRef = BE6B708926A8CE3B0074BEA4 /* OfflineData.swift */; };
		BE6B708C26A8D0790074BEA4 /* ChampionFull.swift in Sources */ = {isa = PBXBuildFile; fileRef = BE6B708B26A8D0790074BEA4 /* ChampionFull.swift */; };
		BE6B708F26A8DA720074BEA4 /* JSONNull.swift in Sources */ = {isa = PBXBuildFile; fileRef = BE6B708E26A8DA720074BEA4 /* JSONNull.swift */; };
		BE6B709126A8DA8A0074BEA4 /* JSONCodingKey.swift in Sources */ = {isa = PBXBuildFile; fileRef = BE6B709026A8DA8A0074BEA4 /* JSONCodingKey.swift */; };
		BE6B709326A8DAA90074BEA4 /* JSONAny.swift in Sources */ = {isa = PBXBuildFile; fileRef = BE6B709226A8DAA90074BEA4 /* JSONAny.swift */; };
		BE6B709526A8EB1A0074BEA4 /* championFull.json in Resources */ = {isa = PBXBuildFile; fileRef = BE6B709426A8EB1A0074BEA4 /* championFull.json */; };
		BE6B709726A8EC2A0074BEA4 /* Champion.swift in Sources */ = {isa = PBXBuildFile; fileRef = BE6B709626A8EC2A0074BEA4 /* Champion.swift */; };
		BE711C0A269E7AC400CA57CE /* LeagueAPI.framework in Frameworks */ = {isa = PBXBuildFile; fileRef = BE711C09269E7AC400CA57CE /* LeagueAPI.framework */; };
		BE711C0B269E7AC800CA57CE /* LeagueAPI.framework in Embed Frameworks */ = {isa = PBXBuildFile; fileRef = BE711C09269E7AC400CA57CE /* LeagueAPI.framework */; settings = {ATTRIBUTES = (CodeSignOnCopy, RemoveHeadersOnCopy, ); }; };
		BE711C0D269E878A00CA57CE /* File.swift in Sources */ = {isa = PBXBuildFile; fileRef = BE711C0C269E878A00CA57CE /* File.swift */; };
		BE711C0F269E883F00CA57CE /* Player.swift in Sources */ = {isa = PBXBuildFile; fileRef = BE711C0E269E883F00CA57CE /* Player.swift */; };
		BEC1E4912698E9EA00BC3F62 /* AppDelegate.swift in Sources */ = {isa = PBXBuildFile; fileRef = BEC1E4902698E9EA00BC3F62 /* AppDelegate.swift */; };
		BEC1E4932698E9EA00BC3F62 /* SceneDelegate.swift in Sources */ = {isa = PBXBuildFile; fileRef = BEC1E4922698E9EA00BC3F62 /* SceneDelegate.swift */; };
		BEC1E4952698E9EA00BC3F62 /* ViewController.swift in Sources */ = {isa = PBXBuildFile; fileRef = BEC1E4942698E9EA00BC3F62 /* ViewController.swift */; };
		BEC1E4982698E9EA00BC3F62 /* Main.storyboard in Resources */ = {isa = PBXBuildFile; fileRef = BEC1E4962698E9EA00BC3F62 /* Main.storyboard */; };
		BEC1E49A2698E9EB00BC3F62 /* Assets.xcassets in Resources */ = {isa = PBXBuildFile; fileRef = BEC1E4992698E9EB00BC3F62 /* Assets.xcassets */; };
		BEC1E49D2698E9EB00BC3F62 /* LaunchScreen.storyboard in Resources */ = {isa = PBXBuildFile; fileRef = BEC1E49B2698E9EB00BC3F62 /* LaunchScreen.storyboard */; };
		BED12FCC26A8C71B007D367D /* item.json in Resources */ = {isa = PBXBuildFile; fileRef = BED12F2626A8C71A007D367D /* item.json */; };
		BED12FCD26A8C71B007D367D /* runesReforged.json in Resources */ = {isa = PBXBuildFile; fileRef = BED12F2726A8C71A007D367D /* runesReforged.json */; };
		BED12FCE26A8C71B007D367D /* language.json in Resources */ = {isa = PBXBuildFile; fileRef = BED12F2826A8C71A007D367D /* language.json */; };
		BED12FD026A8C71B007D367D /* summoner.json in Resources */ = {isa = PBXBuildFile; fileRef = BED12F2A26A8C71A007D367D /* summoner.json */; };
		BED12FD226A8C71B007D367D /* mission-assets.json in Resources */ = {isa = PBXBuildFile; fileRef = BED12F2C26A8C71A007D367D /* mission-assets.json */; };
		BED12FD326A8C71B007D367D /* JarvanIV.json in Resources */ = {isa = PBXBuildFile; fileRef = BED12F2E26A8C71A007D367D /* JarvanIV.json */; };
		BED12FD426A8C71B007D367D /* AurelionSol.json in Resources */ = {isa = PBXBuildFile; fileRef = BED12F2F26A8C71A007D367D /* AurelionSol.json */; };
		BED12FD526A8C71B007D367D /* Riven.json in Resources */ = {isa = PBXBuildFile; fileRef = BED12F3026A8C71A007D367D /* Riven.json */; };
		BED12FD626A8C71B007D367D /* Shyvana.json in Resources */ = {isa = PBXBuildFile; fileRef = BED12F3126A8C71A007D367D /* Shyvana.json */; };
		BED12FD726A8C71B007D367D /* Yuumi.json in Resources */ = {isa = PBXBuildFile; fileRef = BED12F3226A8C71A007D367D /* Yuumi.json */; };
		BED12FD826A8C71B007D367D /* KogMaw.json in Resources */ = {isa = PBXBuildFile; fileRef = BED12F3326A8C71A007D367D /* KogMaw.json */; };
		BED12FD926A8C71B007D367D /* Velkoz.json in Resources */ = {isa = PBXBuildFile; fileRef = BED12F3426A8C71A007D367D /* Velkoz.json */; };
		BED12FDA26A8C71B007D367D /* Ekko.json in Resources */ = {isa = PBXBuildFile; fileRef = BED12F3526A8C71A007D367D /* Ekko.json */; };
		BED12FDB26A8C71B007D367D /* Hecarim.json in Resources */ = {isa = PBXBuildFile; fileRef = BED12F3626A8C71A007D367D /* Hecarim.json */; };
		BED12FDC26A8C71B007D367D /* Malphite.json in Resources */ = {isa = PBXBuildFile; fileRef = BED12F3726A8C71A007D367D /* Malphite.json */; };
		BED12FDD26A8C71B007D367D /* Kalista.json in Resources */ = {isa = PBXBuildFile; fileRef = BED12F3826A8C71A007D367D /* Kalista.json */; };
		BED12FDE26A8C71B007D367D /* Zac.json in Resources */ = {isa = PBXBuildFile; fileRef = BED12F3926A8C71A007D367D /* Zac.json */; };
		BED12FDF26A8C71B007D367D /* Nocturne.json in Resources */ = {isa = PBXBuildFile; fileRef = BED12F3A26A8C71A007D367D /* Nocturne.json */; };
		BED12FE026A8C71B007D367D /* Janna.json in Resources */ = {isa = PBXBuildFile; fileRef = BED12F3B26A8C71A007D367D /* Janna.json */; };
		BED12FE126A8C71B007D367D /* Darius.json in Resources */ = {isa = PBXBuildFile; fileRef = BED12F3C26A8C71A007D367D /* Darius.json */; };
		BED12FE226A8C71B007D367D /* Vladimir.json in Resources */ = {isa = PBXBuildFile; fileRef = BED12F3D26A8C71A007D367D /* Vladimir.json */; };
		BED12FE326A8C71B007D367D /* Pyke.json in Resources */ = {isa = PBXBuildFile; fileRef = BED12F3E26A8C71A007D367D /* Pyke.json */; };
		BED12FE426A8C71B007D367D /* Brand.json in Resources */ = {isa = PBXBuildFile; fileRef = BED12F3F26A8C71A007D367D /* Brand.json */; };
		BED12FE526A8C71B007D367D /* Urgot.json in Resources */ = {isa = PBXBuildFile; fileRef = BED12F4026A8C71A007D367D /* Urgot.json */; };
		BED12FE626A8C71B007D367D /* Ahri.json in Resources */ = {isa = PBXBuildFile; fileRef = BED12F4126A8C71A007D367D /* Ahri.json */; };
		BED12FE726A8C71B007D367D /* Skarner.json in Resources */ = {isa = PBXBuildFile; fileRef = BED12F4226A8C71A007D367D /* Skarner.json */; };
		BED12FE826A8C71B007D367D /* Leblanc.json in Resources */ = {isa = PBXBuildFile; fileRef = BED12F4326A8C71A007D367D /* Leblanc.json */; };
		BED12FE926A8C71B007D367D /* Jinx.json in Resources */ = {isa = PBXBuildFile; fileRef = BED12F4426A8C71A007D367D /* Jinx.json */; };
		BED12FEA26A8C71B007D367D /* Leona.json in Resources */ = {isa = PBXBuildFile; fileRef = BED12F4526A8C71A007D367D /* Leona.json */; };
		BED12FEB26A8C71B007D367D /* Swain.json in Resources */ = {isa = PBXBuildFile; fileRef = BED12F4626A8C71A007D367D /* Swain.json */; };
		BED12FEC26A8C71B007D367D /* Shen.json in Resources */ = {isa = PBXBuildFile; fileRef = BED12F4726A8C71A007D367D /* Shen.json */; };
		BED12FED26A8C71B007D367D /* Trundle.json in Resources */ = {isa = PBXBuildFile; fileRef = BED12F4826A8C71A007D367D /* Trundle.json */; };
		BED12FEE26A8C71B007D367D /* Karma.json in Resources */ = {isa = PBXBuildFile; fileRef = BED12F4926A8C71A007D367D /* Karma.json */; };
		BED12FEF26A8C71B007D367D /* Camille.json in Resources */ = {isa = PBXBuildFile; fileRef = BED12F4A26A8C71A007D367D /* Camille.json */; };
		BED12FF026A8C71B007D367D /* Soraka.json in Resources */ = {isa = PBXBuildFile; fileRef = BED12F4B26A8C71A007D367D /* Soraka.json */; };
		BED12FF126A8C71B007D367D /* Lucian.json in Resources */ = {isa = PBXBuildFile; fileRef = BED12F4C26A8C71A007D367D /* Lucian.json */; };
		BED12FF226A8C71B007D367D /* Amumu.json in Resources */ = {isa = PBXBuildFile; fileRef = BED12F4D26A8C71A007D367D /* Amumu.json */; };
		BED12FF326A8C71B007D367D /* Kayle.json in Resources */ = {isa = PBXBuildFile; fileRef = BED12F4E26A8C71A007D367D /* Kayle.json */; };
		BED12FF426A8C71B007D367D /* Draven.json in Resources */ = {isa = PBXBuildFile; fileRef = BED12F4F26A8C71A007D367D /* Draven.json */; };
		BED12FF526A8C71B007D367D /* Viego.json in Resources */ = {isa = PBXBuildFile; fileRef = BED12F5026A8C71A007D367D /* Viego.json */; };
		BED12FF626A8C71B007D367D /* Jhin.json in Resources */ = {isa = PBXBuildFile; fileRef = BED12F5126A8C71A007D367D /* Jhin.json */; };
		BED12FF726A8C71B007D367D /* MonkeyKing.json in Resources */ = {isa = PBXBuildFile; fileRef = BED12F5226A8C71A007D367D /* MonkeyKing.json */; };
		BED12FF826A8C71B007D367D /* Sivir.json in Resources */ = {isa = PBXBuildFile; fileRef = BED12F5326A8C71A007D367D /* Sivir.json */; };
		BED12FF926A8C71B007D367D /* Zed.json in Resources */ = {isa = PBXBuildFile; fileRef = BED12F5426A8C71A007D367D /* Zed.json */; };
		BED12FFA26A8C71B007D367D /* Chogath.json in Resources */ = {isa = PBXBuildFile; fileRef = BED12F5526A8C71A007D367D /* Chogath.json */; };
		BED12FFB26A8C71B007D367D /* Blitzcrank.json in Resources */ = {isa = PBXBuildFile; fileRef = BED12F5626A8C71A007D367D /* Blitzcrank.json */; };
		BED12FFC26A8C71B007D367D /* Ezreal.json in Resources */ = {isa = PBXBuildFile; fileRef = BED12F5726A8C71A007D367D /* Ezreal.json */; };
		BED12FFD26A8C71B007D367D /* Lux.json in Resources */ = {isa = PBXBuildFile; fileRef = BED12F5826A8C71A007D367D /* Lux.json */; };
		BED12FFE26A8C71B007D367D /* Khazix.json in Resources */ = {isa = PBXBuildFile; fileRef = BED12F5926A8C71A007D367D /* Khazix.json */; };
		BED12FFF26A8C71B007D367D /* Udyr.json in Resources */ = {isa = PBXBuildFile; fileRef = BED12F5A26A8C71A007D367D /* Udyr.json */; };
		BED1300026A8C71B007D367D /* Volibear.json in Resources */ = {isa = PBXBuildFile; fileRef = BED12F5B26A8C71A007D367D /* Volibear.json */; };
		BED1300126A8C71B007D367D /* Nasus.json in Resources */ = {isa = PBXBuildFile; fileRef = BED12F5C26A8C71A007D367D /* Nasus.json */; };
		BED1300226A8C71B007D367D /* Nami.json in Resources */ = {isa = PBXBuildFile; fileRef = BED12F5D26A8C71A007D367D /* Nami.json */; };
		BED1300326A8C71B007D367D /* Diana.json in Resources */ = {isa = PBXBuildFile; fileRef = BED12F5E26A8C71A007D367D /* Diana.json */; };
		BED1300426A8C71B007D367D /* Singed.json in Resources */ = {isa = PBXBuildFile; fileRef = BED12F5F26A8C71A007D367D /* Singed.json */; };
		BED1300526A8C71B007D367D /* Kassadin.json in Resources */ = {isa = PBXBuildFile; fileRef = BED12F6026A8C71A007D367D /* Kassadin.json */; };
		BED1300626A8C71B007D367D /* Caitlyn.json in Resources */ = {isa = PBXBuildFile; fileRef = BED12F6126A8C71A007D367D /* Caitlyn.json */; };
		BED1300726A8C71B007D367D /* Yone.json in Resources */ = {isa = PBXBuildFile; fileRef = BED12F6226A8C71A007D367D /* Yone.json */; };
		BED1300826A8C71B007D367D /* Annie.json in Resources */ = {isa = PBXBuildFile; fileRef = BED12F6326A8C71A007D367D /* Annie.json */; };
		BED1300926A8C71B007D367D /* TahmKench.json in Resources */ = {isa = PBXBuildFile; fileRef = BED12F6426A8C71A007D367D /* TahmKench.json */; };
		BED1300A26A8C71B007D367D /* Syndra.json in Resources */ = {isa = PBXBuildFile; fileRef = BED12F6526A8C71A007D367D /* Syndra.json */; };
		BED1300B26A8C71B007D367D /* Poppy.json in Resources */ = {isa = PBXBuildFile; fileRef = BED12F6626A8C71A007D367D /* Poppy.json */; };
		BED1300C26A8C71B007D367D /* Garen.json in Resources */ = {isa = PBXBuildFile; fileRef = BED12F6726A8C71A007D367D /* Garen.json */; };
		BED1300D26A8C71B007D367D /* XinZhao.json in Resources */ = {isa = PBXBuildFile; fileRef = BED12F6826A8C71A007D367D /* XinZhao.json */; };
		BED1300E26A8C71B007D367D /* Twitch.json in Resources */ = {isa = PBXBuildFile; fileRef = BED12F6926A8C71A007D367D /* Twitch.json */; };
		BED1300F26A8C71B007D367D /* Alistar.json in Resources */ = {isa = PBXBuildFile; fileRef = BED12F6A26A8C71A007D367D /* Alistar.json */; };
		BED1301026A8C71B007D367D /* Anivia.json in Resources */ = {isa = PBXBuildFile; fileRef = BED12F6B26A8C71A007D367D /* Anivia.json */; };
		BED1301126A8C71B007D367D /* Sion.json in Resources */ = {isa = PBXBuildFile; fileRef = BED12F6C26A8C71A007D367D /* Sion.json */; };
		BED1301226A8C71B007D367D /* Seraphine.json in Resources */ = {isa = PBXBuildFile; fileRef = BED12F6D26A8C71A007D367D /* Seraphine.json */; };
		BED1301326A8C71B007D367D /* MasterYi.json in Resources */ = {isa = PBXBuildFile; fileRef = BED12F6E26A8C71A007D367D /* MasterYi.json */; };
		BED1301426A8C71B007D367D /* Graves.json in Resources */ = {isa = PBXBuildFile; fileRef = BED12F6F26A8C71A007D367D /* Graves.json */; };
		BED1301526A8C71B007D367D /* Yasuo.json in Resources */ = {isa = PBXBuildFile; fileRef = BED12F7026A8C71A007D367D /* Yasuo.json */; };
		BED1301626A8C71B007D367D /* Kayn.json in Resources */ = {isa = PBXBuildFile; fileRef = BED12F7126A8C71A007D367D /* Kayn.json */; };
		BED1301726A8C71B007D367D /* Akali.json in Resources */ = {isa = PBXBuildFile; fileRef = BED12F7226A8C71A007D367D /* Akali.json */; };
		BED1301826A8C71B007D367D /* Neeko.json in Resources */ = {isa = PBXBuildFile; fileRef = BED12F7326A8C71A007D367D /* Neeko.json */; };
		BED1301926A8C71B007D367D /* Kindred.json in Resources */ = {isa = PBXBuildFile; fileRef = BED12F7426A8C71A007D367D /* Kindred.json */; };
		BED1301A26A8C71B007D367D /* Elise.json in Resources */ = {isa = PBXBuildFile; fileRef = BED12F7526A8C71A007D367D /* Elise.json */; };
		BED1301B26A8C71B007D367D /* Sylas.json in Resources */ = {isa = PBXBuildFile; fileRef = BED12F7626A8C71A007D367D /* Sylas.json */; };
		BED1301C26A8C71B007D367D /* Karthus.json in Resources */ = {isa = PBXBuildFile; fileRef = BED12F7726A8C71A007D367D /* Karthus.json */; };
		BED1301D26A8C71B007D367D /* Sejuani.json in Resources */ = {isa = PBXBuildFile; fileRef = BED12F7826A8C71A007D367D /* Sejuani.json */; };
		BED1301E26A8C71B007D367D /* Sett.json in Resources */ = {isa = PBXBuildFile; fileRef = BED12F7926A8C71A007D367D /* Sett.json */; };
		BED1301F26A8C71B007D367D /* Warwick.json in Resources */ = {isa = PBXBuildFile; fileRef = BED12F7A26A8C71A007D367D /* Warwick.json */; };
		BED1302026A8C71B007D367D /* Heimerdinger.json in Resources */ = {isa = PBXBuildFile; fileRef = BED12F7B26A8C71A007D367D /* Heimerdinger.json */; };
		BED1302126A8C71B007D367D /* Sona.json in Resources */ = {isa = PBXBuildFile; fileRef = BED12F7C26A8C71A007D367D /* Sona.json */; };
		BED1302226A8C71B007D367D /* TwistedFate.json in Resources */ = {isa = PBXBuildFile; fileRef = BED12F7D26A8C71A007D367D /* TwistedFate.json */; };
		BED1302326A8C71B007D367D /* RekSai.json in Resources */ = {isa = PBXBuildFile; fileRef = BED12F7E26A8C71A007D367D /* RekSai.json */; };
		BED1302426A8C71B007D367D /* Senna.json in Resources */ = {isa = PBXBuildFile; fileRef = BED12F7F26A8C71A007D367D /* Senna.json */; };
		BED1302526A8C71B007D367D /* Shaco.json in Resources */ = {isa = PBXBuildFile; fileRef = BED12F8026A8C71A007D367D /* Shaco.json */; };
		BED1302626A8C71B007D367D /* Jayce.json in Resources */ = {isa = PBXBuildFile; fileRef = BED12F8126A8C71A007D367D /* Jayce.json */; };
		BED1302726A8C71B007D367D /* Ornn.json in Resources */ = {isa = PBXBuildFile; fileRef = BED12F8226A8C71A007D367D /* Ornn.json */; };
		BED1302826A8C71B007D367D /* Kennen.json in Resources */ = {isa = PBXBuildFile; fileRef = BED12F8326A8C71A007D367D /* Kennen.json */; };
		BED1302926A8C71B007D367D /* Varus.json in Resources */ = {isa = PBXBuildFile; fileRef = BED12F8426A8C71A007D367D /* Varus.json */; };
		BED1302A26A8C71B007D367D /* Nautilus.json in Resources */ = {isa = PBXBuildFile; fileRef = BED12F8526A8C71A007D367D /* Nautilus.json */; };
		BED1302B26A8C71B007D367D /* Rumble.json in Resources */ = {isa = PBXBuildFile; fileRef = BED12F8626A8C71A007D367D /* Rumble.json */; };
		BED1302C26A8C71B007D367D /* Mordekaiser.json in Resources */ = {isa = PBXBuildFile; fileRef = BED12F8726A8C71A007D367D /* Mordekaiser.json */; };
		BED1302D26A8C71B007D367D /* LeeSin.json in Resources */ = {isa = PBXBuildFile; fileRef = BED12F8826A8C71A007D367D /* LeeSin.json */; };
		BED1302E26A8C71B007D367D /* Veigar.json in Resources */ = {isa = PBXBuildFile; fileRef = BED12F8926A8C71A007D367D /* Veigar.json */; };
		BED1302F26A8C71B007D367D /* Tryndamere.json in Resources */ = {isa = PBXBuildFile; fileRef = BED12F8A26A8C71A007D367D /* Tryndamere.json */; };
		BED1303026A8C71B007D367D /* Ivern.json in Resources */ = {isa = PBXBuildFile; fileRef = BED12F8B26A8C71A007D367D /* Ivern.json */; };
		BED1303126A8C71B007D367D /* Xerath.json in Resources */ = {isa = PBXBuildFile; fileRef = BED12F8C26A8C71A007D367D /* Xerath.json */; };
		BED1303226A8C71B007D367D /* Thresh.json in Resources */ = {isa = PBXBuildFile; fileRef = BED12F8D26A8C71A007D367D /* Thresh.json */; };
		BED1303326A8C71B007D367D /* Talon.json in Resources */ = {isa = PBXBuildFile; fileRef = BED12F8E26A8C71A007D367D /* Talon.json */; };
		BED1303426A8C71B007D367D /* Ryze.json in Resources */ = {isa = PBXBuildFile; fileRef = BED12F8F26A8C71A007D367D /* Ryze.json */; };
		BED1303526A8C71B007D367D /* Viktor.json in Resources */ = {isa = PBXBuildFile; fileRef = BED12F9026A8C71A007D367D /* Viktor.json */; };
		BED1303626A8C71B007D367D /* Fiora.json in Resources */ = {isa = PBXBuildFile; fileRef = BED12F9126A8C71A007D367D /* Fiora.json */; };
		BED1303726A8C71B007D367D /* Azir.json in Resources */ = {isa = PBXBuildFile; fileRef = BED12F9226A8C71A007D367D /* Azir.json */; };
		BED1303826A8C71B007D367D /* Zoe.json in Resources */ = {isa = PBXBuildFile; fileRef = BED12F9326A8C71A007D367D /* Zoe.json */; };
		BED1303926A8C71B007D367D /* Jax.json in Resources */ = {isa = PBXBuildFile; fileRef = BED12F9426A8C71B007D367D /* Jax.json */; };
		BED1303A26A8C71B007D367D /* Rengar.json in Resources */ = {isa = PBXBuildFile; fileRef = BED12F9526A8C71B007D367D /* Rengar.json */; };
		BED1303B26A8C71B007D367D /* Taliyah.json in Resources */ = {isa = PBXBuildFile; fileRef = BED12F9626A8C71B007D367D /* Taliyah.json */; };
		BED1303C26A8C71B007D367D /* Vayne.json in Resources */ = {isa = PBXBuildFile; fileRef = BED12F9726A8C71B007D367D /* Vayne.json */; };
		BED1303D26A8C71B007D367D /* Yorick.json in Resources */ = {isa = PBXBuildFile; fileRef = BED12F9826A8C71B007D367D /* Yorick.json */; };
		BED1303E26A8C71B007D367D /* Bard.json in Resources */ = {isa = PBXBuildFile; fileRef = BED12F9926A8C71B007D367D /* Bard.json */; };
		BED1303F26A8C71B007D367D /* Braum.json in Resources */ = {isa = PBXBuildFile; fileRef = BED12F9A26A8C71B007D367D /* Braum.json */; };
		BED1304026A8C71B007D367D /* Nunu.json in Resources */ = {isa = PBXBuildFile; fileRef = BED12F9B26A8C71B007D367D /* Nunu.json */; };
		BED1304126A8C71B007D367D /* Gangplank.json in Resources */ = {isa = PBXBuildFile; fileRef = BED12F9C26A8C71B007D367D /* Gangplank.json */; };
		BED1304226A8C71B007D367D /* Tristana.json in Resources */ = {isa = PBXBuildFile; fileRef = BED12F9D26A8C71B007D367D /* Tristana.json */; };
		BED1304326A8C71B007D367D /* Corki.json in Resources */ = {isa = PBXBuildFile; fileRef = BED12F9E26A8C71B007D367D /* Corki.json */; };
		BED1304426A8C71B007D367D /* Malzahar.json in Resources */ = {isa = PBXBuildFile; fileRef = BED12F9F26A8C71B007D367D /* Malzahar.json */; };
		BED1304526A8C71B007D367D /* Gragas.json in Resources */ = {isa = PBXBuildFile; fileRef = BED12FA026A8C71B007D367D /* Gragas.json */; };
		BED1304626A8C71B007D367D /* Teemo.json in Resources */ = {isa = PBXBuildFile; fileRef = BED12FA126A8C71B007D367D /* Teemo.json */; };
		BED1304726A8C71B007D367D /* Lissandra.json in Resources */ = {isa = PBXBuildFile; fileRef = BED12FA226A8C71B007D367D /* Lissandra.json */; };
		BED1304826A8C71B007D367D /* Fizz.json in Resources */ = {isa = PBXBuildFile; fileRef = BED12FA326A8C71B007D367D /* Fizz.json */; };
		BED1304926A8C71B007D367D /* Morgana.json in Resources */ = {isa = PBXBuildFile; fileRef = BED12FA426A8C71B007D367D /* Morgana.json */; };
		BED1304A26A8C71B007D367D /* Evelynn.json in Resources */ = {isa = PBXBuildFile; fileRef = BED12FA526A8C71B007D367D /* Evelynn.json */; };
		BED1304B26A8C71B007D367D /* Aphelios.json in Resources */ = {isa = PBXBuildFile; fileRef = BED12FA626A8C71B007D367D /* Aphelios.json */; };
		BED1304C26A8C71B007D367D /* Gnar.json in Resources */ = {isa = PBXBuildFile; fileRef = BED12FA726A8C71B007D367D /* Gnar.json */; };
		BED1304D26A8C71B007D367D /* Ziggs.json in Resources */ = {isa = PBXBuildFile; fileRef = BED12FA826A8C71B007D367D /* Ziggs.json */; };
		BED1304E26A8C71B007D367D /* Vi.json in Resources */ = {isa = PBXBuildFile; fileRef = BED12FA926A8C71B007D367D /* Vi.json */; };
		BED1304F26A8C71B007D367D /* Irelia.json in Resources */ = {isa = PBXBuildFile; fileRef = BED12FAA26A8C71B007D367D /* Irelia.json */; };
		BED1305026A8C71B007D367D /* Ashe.json in Resources */ = {isa = PBXBuildFile; fileRef = BED12FAB26A8C71B007D367D /* Ashe.json */; };
		BED1305126A8C71B007D367D /* Nidalee.json in Resources */ = {isa = PBXBuildFile; fileRef = BED12FAC26A8C71B007D367D /* Nidalee.json */; };
		BED1305226A8C71B007D367D /* DrMundo.json in Resources */ = {isa = PBXBuildFile; fileRef = BED12FAD26A8C71B007D367D /* DrMundo.json */; };
		BED1305326A8C71B007D367D /* Zilean.json in Resources */ = {isa = PBXBuildFile; fileRef = BED12FAE26A8C71B007D367D /* Zilean.json */; };
		BED1305426A8C71B007D367D /* Qiyana.json in Resources */ = {isa = PBXBuildFile; fileRef = BED12FAF26A8C71B007D367D /* Qiyana.json */; };
		BED1305526A8C71B007D367D /* Samira.json in Resources */ = {isa = PBXBuildFile; fileRef = BED12FB026A8C71B007D367D /* Samira.json */; };
		BED1305626A8C71B007D367D /* Gwen.json in Resources */ = {isa = PBXBuildFile; fileRef = BED12FB126A8C71B007D367D /* Gwen.json */; };
		BED1305726A8C71B007D367D /* Lulu.json in Resources */ = {isa = PBXBuildFile; fileRef = BED12FB226A8C71B007D367D /* Lulu.json */; };
		BED1305826A8C71B007D367D /* Katarina.json in Resources */ = {isa = PBXBuildFile; fileRef = BED12FB326A8C71B007D367D /* Katarina.json */; };
		BED1305926A8C71B007D367D /* Illaoi.json in Resources */ = {isa = PBXBuildFile; fileRef = BED12FB426A8C71B007D367D /* Illaoi.json */; };
		BED1305A26A8C71B007D367D /* Rell.json in Resources */ = {isa = PBXBuildFile; fileRef = BED12FB526A8C71B007D367D /* Rell.json */; };
		BED1305B26A8C71B007D367D /* Aatrox.json in Resources */ = {isa = PBXBuildFile; fileRef = BED12FB626A8C71B007D367D /* Aatrox.json */; };
		BED1305C26A8C71B007D367D /* Lillia.json in Resources */ = {isa = PBXBuildFile; fileRef = BED12FB726A8C71B007D367D /* Lillia.json */; };
		BED1305D26A8C71B007D367D /* Zyra.json in Resources */ = {isa = PBXBuildFile; fileRef = BED12FB826A8C71B007D367D /* Zyra.json */; };
		BED1305E26A8C71B007D367D /* Kled.json in Resources */ = {isa = PBXBuildFile; fileRef = BED12FB926A8C71B007D367D /* Kled.json */; };
		BED1305F26A8C71B007D367D /* Renekton.json in Resources */ = {isa = PBXBuildFile; fileRef = BED12FBA26A8C71B007D367D /* Renekton.json */; };
		BED1306026A8C71B007D367D /* Pantheon.json in Resources */ = {isa = PBXBuildFile; fileRef = BED12FBB26A8C71B007D367D /* Pantheon.json */; };
		BED1306126A8C71B007D367D /* Fiddlesticks.json in Resources */ = {isa = PBXBuildFile; fileRef = BED12FBC26A8C71B007D367D /* Fiddlesticks.json */; };
		BED1306226A8C71B007D367D /* Olaf.json in Resources */ = {isa = PBXBuildFile; fileRef = BED12FBD26A8C71B007D367D /* Olaf.json */; };
		BED1306326A8C71B007D367D /* Rakan.json in Resources */ = {isa = PBXBuildFile; fileRef = BED12FBE26A8C71B007D367D /* Rakan.json */; };
		BED1306426A8C71B007D367D /* Quinn.json in Resources */ = {isa = PBXBuildFile; fileRef = BED12FBF26A8C71B007D367D /* Quinn.json */; };
		BED1306526A8C71B007D367D /* Orianna.json in Resources */ = {isa = PBXBuildFile; fileRef = BED12FC026A8C71B007D367D /* Orianna.json */; };
		BED1306626A8C71B007D367D /* Maokai.json in Resources */ = {isa = PBXBuildFile; fileRef = BED12FC126A8C71B007D367D /* Maokai.json */; };
		BED1306726A8C71B007D367D /* Xayah.json in Resources */ = {isa = PBXBuildFile; fileRef = BED12FC226A8C71B007D367D /* Xayah.json */; };
		BED1306826A8C71B007D367D /* Rammus.json in Resources */ = {isa = PBXBuildFile; fileRef = BED12FC326A8C71B007D367D /* Rammus.json */; };
		BED1306926A8C71B007D367D /* Galio.json in Resources */ = {isa = PBXBuildFile; fileRef = BED12FC426A8C71B007D367D /* Galio.json */; };
		BED1306A26A8C71B007D367D /* MissFortune.json in Resources */ = {isa = PBXBuildFile; fileRef = BED12FC526A8C71B007D367D /* MissFortune.json */; };
		BED1306B26A8C71B007D367D /* Kaisa.json in Resources */ = {isa = PBXBuildFile; fileRef = BED12FC626A8C71B007D367D /* Kaisa.json */; };
		BED1306C26A8C71B007D367D /* Taric.json in Resources */ = {isa = PBXBuildFile; fileRef = BED12FC726A8C71B007D367D /* Taric.json */; };
		BED1306D26A8C71B007D367D /* Cassiopeia.json in Resources */ = {isa = PBXBuildFile; fileRef = BED12FC826A8C71B007D367D /* Cassiopeia.json */; };
		BED1306E26A8C71B007D367D /* sticker.json in Resources */ = {isa = PBXBuildFile; fileRef = BED12FC926A8C71B007D367D /* sticker.json */; };
		BED1306F26A8C71B007D367D /* profileicon.json in Resources */ = {isa = PBXBuildFile; fileRef = BED12FCA26A8C71B007D367D /* profileicon.json */; };
		BED1307026A8C71B007D367D /* map.json in Resources */ = {isa = PBXBuildFile; fileRef = BED12FCB26A8C71B007D367D /* map.json */; };
		BEEA302526A7C20F009E3C78 /* RiotAPITesting.swift in Sources */ = {isa = PBXBuildFile; fileRef = BEEA302426A7C20F009E3C78 /* RiotAPITesting.swift */; };
		BEEA303726A7D93D009E3C78 /* UIImageViewExtension.swift in Sources */ = {isa = PBXBuildFile; fileRef = BEEA302726A7D93D009E3C78 /* UIImageViewExtension.swift */; };
		BEEA303826A7D93D009E3C78 /* UITextViewExtension.swift in Sources */ = {isa = PBXBuildFile; fileRef = BEEA302826A7D93D009E3C78 /* UITextViewExtension.swift */; };
		BEEA303926A7D93D009E3C78 /* UILabelExtension.swift in Sources */ = {isa = PBXBuildFile; fileRef = BEEA302926A7D93D009E3C78 /* UILabelExtension.swift */; };
		BEEA304526A7D93D009E3C78 /* UITableViewExtension.swift in Sources */ = {isa = PBXBuildFile; fileRef = BEEA303626A7D93D009E3C78 /* UITableViewExtension.swift */; };
/* End PBXBuildFile section */

/* Begin PBXCopyFilesBuildPhase section */
		BEC1E4AB2698F35600BC3F62 /* Embed Frameworks */ = {
			isa = PBXCopyFilesBuildPhase;
			buildActionMask = 2147483647;
			dstPath = "";
			dstSubfolderSpec = 10;
			files = (
				BE711C0B269E7AC800CA57CE /* LeagueAPI.framework in Embed Frameworks */,
			);
			name = "Embed Frameworks";
			runOnlyForDeploymentPostprocessing = 0;
		};
/* End PBXCopyFilesBuildPhase section */

/* Begin PBXFileReference section */
		BE1B794026A3709E00AB3A46 /* GameListTableViewController.swift */ = {isa = PBXFileReference; lastKnownFileType = sourcecode.swift; path = GameListTableViewController.swift; sourceTree = "<group>"; };
		BE1B794326A37BD300AB3A46 /* GameTableViewCell.swift */ = {isa = PBXFileReference; lastKnownFileType = sourcecode.swift; path = GameTableViewCell.swift; sourceTree = "<group>"; };
		BE1B794626A383C100AB3A46 /* MatchDataList.swift */ = {isa = PBXFileReference; lastKnownFileType = sourcecode.swift; path = MatchDataList.swift; sourceTree = "<group>"; };
		BE1B794826A3843A00AB3A46 /* MatchData.swift */ = {isa = PBXFileReference; lastKnownFileType = sourcecode.swift; path = MatchData.swift; sourceTree = "<group>"; };
		BE6B708926A8CE3B0074BEA4 /* OfflineData.swift */ = {isa = PBXFileReference; lastKnownFileType = sourcecode.swift; path = OfflineData.swift; sourceTree = "<group>"; };
		BE6B708B26A8D0790074BEA4 /* ChampionFull.swift */ = {isa = PBXFileReference; lastKnownFileType = sourcecode.swift; path = ChampionFull.swift; sourceTree = "<group>"; };
		BE6B708E26A8DA720074BEA4 /* JSONNull.swift */ = {isa = PBXFileReference; lastKnownFileType = sourcecode.swift; path = JSONNull.swift; sourceTree = "<group>"; };
		BE6B709026A8DA8A0074BEA4 /* JSONCodingKey.swift */ = {isa = PBXFileReference; lastKnownFileType = sourcecode.swift; path = JSONCodingKey.swift; sourceTree = "<group>"; };
		BE6B709226A8DAA90074BEA4 /* JSONAny.swift */ = {isa = PBXFileReference; lastKnownFileType = sourcecode.swift; path = JSONAny.swift; sourceTree = "<group>"; };
		BE6B709426A8EB1A0074BEA4 /* championFull.json */ = {isa = PBXFileReference; fileEncoding = 4; lastKnownFileType = text.json; path = championFull.json; sourceTree = "<group>"; };
		BE6B709626A8EC2A0074BEA4 /* Champion.swift */ = {isa = PBXFileReference; lastKnownFileType = sourcecode.swift; path = Champion.swift; sourceTree = "<group>"; };
		BE711C09269E7AC400CA57CE /* LeagueAPI.framework */ = {isa = PBXFileReference; lastKnownFileType = wrapper.framework; path = LeagueAPI.framework; sourceTree = "<group>"; };
		BE711C0C269E878A00CA57CE /* File.swift */ = {isa = PBXFileReference; lastKnownFileType = sourcecode.swift; path = File.swift; sourceTree = "<group>"; };
		BE711C0E269E883F00CA57CE /* Player.swift */ = {isa = PBXFileReference; lastKnownFileType = sourcecode.swift; path = Player.swift; sourceTree = "<group>"; };
		BEC1E48D2698E9EA00BC3F62 /* RiotAPITesting.app */ = {isa = PBXFileReference; explicitFileType = wrapper.application; includeInIndex = 0; path = RiotAPITesting.app; sourceTree = BUILT_PRODUCTS_DIR; };
		BEC1E4902698E9EA00BC3F62 /* AppDelegate.swift */ = {isa = PBXFileReference; lastKnownFileType = sourcecode.swift; path = AppDelegate.swift; sourceTree = "<group>"; };
		BEC1E4922698E9EA00BC3F62 /* SceneDelegate.swift */ = {isa = PBXFileReference; lastKnownFileType = sourcecode.swift; path = SceneDelegate.swift; sourceTree = "<group>"; };
		BEC1E4942698E9EA00BC3F62 /* ViewController.swift */ = {isa = PBXFileReference; lastKnownFileType = sourcecode.swift; path = ViewController.swift; sourceTree = "<group>"; };
		BEC1E4972698E9EA00BC3F62 /* Base */ = {isa = PBXFileReference; lastKnownFileType = file.storyboard; name = Base; path = Base.lproj/Main.storyboard; sourceTree = "<group>"; };
		BEC1E4992698E9EB00BC3F62 /* Assets.xcassets */ = {isa = PBXFileReference; lastKnownFileType = folder.assetcatalog; path = Assets.xcassets; sourceTree = "<group>"; };
		BEC1E49C2698E9EB00BC3F62 /* Base */ = {isa = PBXFileReference; lastKnownFileType = file.storyboard; name = Base; path = Base.lproj/LaunchScreen.storyboard; sourceTree = "<group>"; };
		BEC1E49E2698E9EB00BC3F62 /* Info.plist */ = {isa = PBXFileReference; lastKnownFileType = text.plist.xml; path = Info.plist; sourceTree = "<group>"; };
		BED12F2626A8C71A007D367D /* item.json */ = {isa = PBXFileReference; fileEncoding = 4; lastKnownFileType = text.json; path = item.json; sourceTree = "<group>"; };
		BED12F2726A8C71A007D367D /* runesReforged.json */ = {isa = PBXFileReference; fileEncoding = 4; lastKnownFileType = text.json; path = runesReforged.json; sourceTree = "<group>"; };
		BED12F2826A8C71A007D367D /* language.json */ = {isa = PBXFileReference; fileEncoding = 4; lastKnownFileType = text.json; path = language.json; sourceTree = "<group>"; };
		BED12F2A26A8C71A007D367D /* summoner.json */ = {isa = PBXFileReference; fileEncoding = 4; lastKnownFileType = text.json; path = summoner.json; sourceTree = "<group>"; };
		BED12F2C26A8C71A007D367D /* mission-assets.json */ = {isa = PBXFileReference; fileEncoding = 4; lastKnownFileType = text.json; path = "mission-assets.json"; sourceTree = "<group>"; };
		BED12F2E26A8C71A007D367D /* JarvanIV.json */ = {isa = PBXFileReference; fileEncoding = 4; lastKnownFileType = text.json; path = JarvanIV.json; sourceTree = "<group>"; };
		BED12F2F26A8C71A007D367D /* AurelionSol.json */ = {isa = PBXFileReference; fileEncoding = 4; lastKnownFileType = text.json; path = AurelionSol.json; sourceTree = "<group>"; };
		BED12F3026A8C71A007D367D /* Riven.json */ = {isa = PBXFileReference; fileEncoding = 4; lastKnownFileType = text.json; path = Riven.json; sourceTree = "<group>"; };
		BED12F3126A8C71A007D367D /* Shyvana.json */ = {isa = PBXFileReference; fileEncoding = 4; lastKnownFileType = text.json; path = Shyvana.json; sourceTree = "<group>"; };
		BED12F3226A8C71A007D367D /* Yuumi.json */ = {isa = PBXFileReference; fileEncoding = 4; lastKnownFileType = text.json; path = Yuumi.json; sourceTree = "<group>"; };
		BED12F3326A8C71A007D367D /* KogMaw.json */ = {isa = PBXFileReference; fileEncoding = 4; lastKnownFileType = text.json; path = KogMaw.json; sourceTree = "<group>"; };
		BED12F3426A8C71A007D367D /* Velkoz.json */ = {isa = PBXFileReference; fileEncoding = 4; lastKnownFileType = text.json; path = Velkoz.json; sourceTree = "<group>"; };
		BED12F3526A8C71A007D367D /* Ekko.json */ = {isa = PBXFileReference; fileEncoding = 4; lastKnownFileType = text.json; path = Ekko.json; sourceTree = "<group>"; };
		BED12F3626A8C71A007D367D /* Hecarim.json */ = {isa = PBXFileReference; fileEncoding = 4; lastKnownFileType = text.json; path = Hecarim.json; sourceTree = "<group>"; };
		BED12F3726A8C71A007D367D /* Malphite.json */ = {isa = PBXFileReference; fileEncoding = 4; lastKnownFileType = text.json; path = Malphite.json; sourceTree = "<group>"; };
		BED12F3826A8C71A007D367D /* Kalista.json */ = {isa = PBXFileReference; fileEncoding = 4; lastKnownFileType = text.json; path = Kalista.json; sourceTree = "<group>"; };
		BED12F3926A8C71A007D367D /* Zac.json */ = {isa = PBXFileReference; fileEncoding = 4; lastKnownFileType = text.json; path = Zac.json; sourceTree = "<group>"; };
		BED12F3A26A8C71A007D367D /* Nocturne.json */ = {isa = PBXFileReference; fileEncoding = 4; lastKnownFileType = text.json; path = Nocturne.json; sourceTree = "<group>"; };
		BED12F3B26A8C71A007D367D /* Janna.json */ = {isa = PBXFileReference; fileEncoding = 4; lastKnownFileType = text.json; path = Janna.json; sourceTree = "<group>"; };
		BED12F3C26A8C71A007D367D /* Darius.json */ = {isa = PBXFileReference; fileEncoding = 4; lastKnownFileType = text.json; path = Darius.json; sourceTree = "<group>"; };
		BED12F3D26A8C71A007D367D /* Vladimir.json */ = {isa = PBXFileReference; fileEncoding = 4; lastKnownFileType = text.json; path = Vladimir.json; sourceTree = "<group>"; };
		BED12F3E26A8C71A007D367D /* Pyke.json */ = {isa = PBXFileReference; fileEncoding = 4; lastKnownFileType = text.json; path = Pyke.json; sourceTree = "<group>"; };
		BED12F3F26A8C71A007D367D /* Brand.json */ = {isa = PBXFileReference; fileEncoding = 4; lastKnownFileType = text.json; path = Brand.json; sourceTree = "<group>"; };
		BED12F4026A8C71A007D367D /* Urgot.json */ = {isa = PBXFileReference; fileEncoding = 4; lastKnownFileType = text.json; path = Urgot.json; sourceTree = "<group>"; };
		BED12F4126A8C71A007D367D /* Ahri.json */ = {isa = PBXFileReference; fileEncoding = 4; lastKnownFileType = text.json; path = Ahri.json; sourceTree = "<group>"; };
		BED12F4226A8C71A007D367D /* Skarner.json */ = {isa = PBXFileReference; fileEncoding = 4; lastKnownFileType = text.json; path = Skarner.json; sourceTree = "<group>"; };
		BED12F4326A8C71A007D367D /* Leblanc.json */ = {isa = PBXFileReference; fileEncoding = 4; lastKnownFileType = text.json; path = Leblanc.json; sourceTree = "<group>"; };
		BED12F4426A8C71A007D367D /* Jinx.json */ = {isa = PBXFileReference; fileEncoding = 4; lastKnownFileType = text.json; path = Jinx.json; sourceTree = "<group>"; };
		BED12F4526A8C71A007D367D /* Leona.json */ = {isa = PBXFileReference; fileEncoding = 4; lastKnownFileType = text.json; path = Leona.json; sourceTree = "<group>"; };
		BED12F4626A8C71A007D367D /* Swain.json */ = {isa = PBXFileReference; fileEncoding = 4; lastKnownFileType = text.json; path = Swain.json; sourceTree = "<group>"; };
		BED12F4726A8C71A007D367D /* Shen.json */ = {isa = PBXFileReference; fileEncoding = 4; lastKnownFileType = text.json; path = Shen.json; sourceTree = "<group>"; };
		BED12F4826A8C71A007D367D /* Trundle.json */ = {isa = PBXFileReference; fileEncoding = 4; lastKnownFileType = text.json; path = Trundle.json; sourceTree = "<group>"; };
		BED12F4926A8C71A007D367D /* Karma.json */ = {isa = PBXFileReference; fileEncoding = 4; lastKnownFileType = text.json; path = Karma.json; sourceTree = "<group>"; };
		BED12F4A26A8C71A007D367D /* Camille.json */ = {isa = PBXFileReference; fileEncoding = 4; lastKnownFileType = text.json; path = Camille.json; sourceTree = "<group>"; };
		BED12F4B26A8C71A007D367D /* Soraka.json */ = {isa = PBXFileReference; fileEncoding = 4; lastKnownFileType = text.json; path = Soraka.json; sourceTree = "<group>"; };
		BED12F4C26A8C71A007D367D /* Lucian.json */ = {isa = PBXFileReference; fileEncoding = 4; lastKnownFileType = text.json; path = Lucian.json; sourceTree = "<group>"; };
		BED12F4D26A8C71A007D367D /* Amumu.json */ = {isa = PBXFileReference; fileEncoding = 4; lastKnownFileType = text.json; path = Amumu.json; sourceTree = "<group>"; };
		BED12F4E26A8C71A007D367D /* Kayle.json */ = {isa = PBXFileReference; fileEncoding = 4; lastKnownFileType = text.json; path = Kayle.json; sourceTree = "<group>"; };
		BED12F4F26A8C71A007D367D /* Draven.json */ = {isa = PBXFileReference; fileEncoding = 4; lastKnownFileType = text.json; path = Draven.json; sourceTree = "<group>"; };
		BED12F5026A8C71A007D367D /* Viego.json */ = {isa = PBXFileReference; fileEncoding = 4; lastKnownFileType = text.json; path = Viego.json; sourceTree = "<group>"; };
		BED12F5126A8C71A007D367D /* Jhin.json */ = {isa = PBXFileReference; fileEncoding = 4; lastKnownFileType = text.json; path = Jhin.json; sourceTree = "<group>"; };
		BED12F5226A8C71A007D367D /* MonkeyKing.json */ = {isa = PBXFileReference; fileEncoding = 4; lastKnownFileType = text.json; path = MonkeyKing.json; sourceTree = "<group>"; };
		BED12F5326A8C71A007D367D /* Sivir.json */ = {isa = PBXFileReference; fileEncoding = 4; lastKnownFileType = text.json; path = Sivir.json; sourceTree = "<group>"; };
		BED12F5426A8C71A007D367D /* Zed.json */ = {isa = PBXFileReference; fileEncoding = 4; lastKnownFileType = text.json; path = Zed.json; sourceTree = "<group>"; };
		BED12F5526A8C71A007D367D /* Chogath.json */ = {isa = PBXFileReference; fileEncoding = 4; lastKnownFileType = text.json; path = Chogath.json; sourceTree = "<group>"; };
		BED12F5626A8C71A007D367D /* Blitzcrank.json */ = {isa = PBXFileReference; fileEncoding = 4; lastKnownFileType = text.json; path = Blitzcrank.json; sourceTree = "<group>"; };
		BED12F5726A8C71A007D367D /* Ezreal.json */ = {isa = PBXFileReference; fileEncoding = 4; lastKnownFileType = text.json; path = Ezreal.json; sourceTree = "<group>"; };
		BED12F5826A8C71A007D367D /* Lux.json */ = {isa = PBXFileReference; fileEncoding = 4; lastKnownFileType = text.json; path = Lux.json; sourceTree = "<group>"; };
		BED12F5926A8C71A007D367D /* Khazix.json */ = {isa = PBXFileReference; fileEncoding = 4; lastKnownFileType = text.json; path = Khazix.json; sourceTree = "<group>"; };
		BED12F5A26A8C71A007D367D /* Udyr.json */ = {isa = PBXFileReference; fileEncoding = 4; lastKnownFileType = text.json; path = Udyr.json; sourceTree = "<group>"; };
		BED12F5B26A8C71A007D367D /* Volibear.json */ = {isa = PBXFileReference; fileEncoding = 4; lastKnownFileType = text.json; path = Volibear.json; sourceTree = "<group>"; };
		BED12F5C26A8C71A007D367D /* Nasus.json */ = {isa = PBXFileReference; fileEncoding = 4; lastKnownFileType = text.json; path = Nasus.json; sourceTree = "<group>"; };
		BED12F5D26A8C71A007D367D /* Nami.json */ = {isa = PBXFileReference; fileEncoding = 4; lastKnownFileType = text.json; path = Nami.json; sourceTree = "<group>"; };
		BED12F5E26A8C71A007D367D /* Diana.json */ = {isa = PBXFileReference; fileEncoding = 4; lastKnownFileType = text.json; path = Diana.json; sourceTree = "<group>"; };
		BED12F5F26A8C71A007D367D /* Singed.json */ = {isa = PBXFileReference; fileEncoding = 4; lastKnownFileType = text.json; path = Singed.json; sourceTree = "<group>"; };
		BED12F6026A8C71A007D367D /* Kassadin.json */ = {isa = PBXFileReference; fileEncoding = 4; lastKnownFileType = text.json; path = Kassadin.json; sourceTree = "<group>"; };
		BED12F6126A8C71A007D367D /* Caitlyn.json */ = {isa = PBXFileReference; fileEncoding = 4; lastKnownFileType = text.json; path = Caitlyn.json; sourceTree = "<group>"; };
		BED12F6226A8C71A007D367D /* Yone.json */ = {isa = PBXFileReference; fileEncoding = 4; lastKnownFileType = text.json; path = Yone.json; sourceTree = "<group>"; };
		BED12F6326A8C71A007D367D /* Annie.json */ = {isa = PBXFileReference; fileEncoding = 4; lastKnownFileType = text.json; path = Annie.json; sourceTree = "<group>"; };
		BED12F6426A8C71A007D367D /* TahmKench.json */ = {isa = PBXFileReference; fileEncoding = 4; lastKnownFileType = text.json; path = TahmKench.json; sourceTree = "<group>"; };
		BED12F6526A8C71A007D367D /* Syndra.json */ = {isa = PBXFileReference; fileEncoding = 4; lastKnownFileType = text.json; path = Syndra.json; sourceTree = "<group>"; };
		BED12F6626A8C71A007D367D /* Poppy.json */ = {isa = PBXFileReference; fileEncoding = 4; lastKnownFileType = text.json; path = Poppy.json; sourceTree = "<group>"; };
		BED12F6726A8C71A007D367D /* Garen.json */ = {isa = PBXFileReference; fileEncoding = 4; lastKnownFileType = text.json; path = Garen.json; sourceTree = "<group>"; };
		BED12F6826A8C71A007D367D /* XinZhao.json */ = {isa = PBXFileReference; fileEncoding = 4; lastKnownFileType = text.json; path = XinZhao.json; sourceTree = "<group>"; };
		BED12F6926A8C71A007D367D /* Twitch.json */ = {isa = PBXFileReference; fileEncoding = 4; lastKnownFileType = text.json; path = Twitch.json; sourceTree = "<group>"; };
		BED12F6A26A8C71A007D367D /* Alistar.json */ = {isa = PBXFileReference; fileEncoding = 4; lastKnownFileType = text.json; path = Alistar.json; sourceTree = "<group>"; };
		BED12F6B26A8C71A007D367D /* Anivia.json */ = {isa = PBXFileReference; fileEncoding = 4; lastKnownFileType = text.json; path = Anivia.json; sourceTree = "<group>"; };
		BED12F6C26A8C71A007D367D /* Sion.json */ = {isa = PBXFileReference; fileEncoding = 4; lastKnownFileType = text.json; path = Sion.json; sourceTree = "<group>"; };
		BED12F6D26A8C71A007D367D /* Seraphine.json */ = {isa = PBXFileReference; fileEncoding = 4; lastKnownFileType = text.json; path = Seraphine.json; sourceTree = "<group>"; };
		BED12F6E26A8C71A007D367D /* MasterYi.json */ = {isa = PBXFileReference; fileEncoding = 4; lastKnownFileType = text.json; path = MasterYi.json; sourceTree = "<group>"; };
		BED12F6F26A8C71A007D367D /* Graves.json */ = {isa = PBXFileReference; fileEncoding = 4; lastKnownFileType = text.json; path = Graves.json; sourceTree = "<group>"; };
		BED12F7026A8C71A007D367D /* Yasuo.json */ = {isa = PBXFileReference; fileEncoding = 4; lastKnownFileType = text.json; path = Yasuo.json; sourceTree = "<group>"; };
		BED12F7126A8C71A007D367D /* Kayn.json */ = {isa = PBXFileReference; fileEncoding = 4; lastKnownFileType = text.json; path = Kayn.json; sourceTree = "<group>"; };
		BED12F7226A8C71A007D367D /* Akali.json */ = {isa = PBXFileReference; fileEncoding = 4; lastKnownFileType = text.json; path = Akali.json; sourceTree = "<group>"; };
		BED12F7326A8C71A007D367D /* Neeko.json */ = {isa = PBXFileReference; fileEncoding = 4; lastKnownFileType = text.json; path = Neeko.json; sourceTree = "<group>"; };
		BED12F7426A8C71A007D367D /* Kindred.json */ = {isa = PBXFileReference; fileEncoding = 4; lastKnownFileType = text.json; path = Kindred.json; sourceTree = "<group>"; };
		BED12F7526A8C71A007D367D /* Elise.json */ = {isa = PBXFileReference; fileEncoding = 4; lastKnownFileType = text.json; path = Elise.json; sourceTree = "<group>"; };
		BED12F7626A8C71A007D367D /* Sylas.json */ = {isa = PBXFileReference; fileEncoding = 4; lastKnownFileType = text.json; path = Sylas.json; sourceTree = "<group>"; };
		BED12F7726A8C71A007D367D /* Karthus.json */ = {isa = PBXFileReference; fileEncoding = 4; lastKnownFileType = text.json; path = Karthus.json; sourceTree = "<group>"; };
		BED12F7826A8C71A007D367D /* Sejuani.json */ = {isa = PBXFileReference; fileEncoding = 4; lastKnownFileType = text.json; path = Sejuani.json; sourceTree = "<group>"; };
		BED12F7926A8C71A007D367D /* Sett.json */ = {isa = PBXFileReference; fileEncoding = 4; lastKnownFileType = text.json; path = Sett.json; sourceTree = "<group>"; };
		BED12F7A26A8C71A007D367D /* Warwick.json */ = {isa = PBXFileReference; fileEncoding = 4; lastKnownFileType = text.json; path = Warwick.json; sourceTree = "<group>"; };
		BED12F7B26A8C71A007D367D /* Heimerdinger.json */ = {isa = PBXFileReference; fileEncoding = 4; lastKnownFileType = text.json; path = Heimerdinger.json; sourceTree = "<group>"; };
		BED12F7C26A8C71A007D367D /* Sona.json */ = {isa = PBXFileReference; fileEncoding = 4; lastKnownFileType = text.json; path = Sona.json; sourceTree = "<group>"; };
		BED12F7D26A8C71A007D367D /* TwistedFate.json */ = {isa = PBXFileReference; fileEncoding = 4; lastKnownFileType = text.json; path = TwistedFate.json; sourceTree = "<group>"; };
		BED12F7E26A8C71A007D367D /* RekSai.json */ = {isa = PBXFileReference; fileEncoding = 4; lastKnownFileType = text.json; path = RekSai.json; sourceTree = "<group>"; };
		BED12F7F26A8C71A007D367D /* Senna.json */ = {isa = PBXFileReference; fileEncoding = 4; lastKnownFileType = text.json; path = Senna.json; sourceTree = "<group>"; };
		BED12F8026A8C71A007D367D /* Shaco.json */ = {isa = PBXFileReference; fileEncoding = 4; lastKnownFileType = text.json; path = Shaco.json; sourceTree = "<group>"; };
		BED12F8126A8C71A007D367D /* Jayce.json */ = {isa = PBXFileReference; fileEncoding = 4; lastKnownFileType = text.json; path = Jayce.json; sourceTree = "<group>"; };
		BED12F8226A8C71A007D367D /* Ornn.json */ = {isa = PBXFileReference; fileEncoding = 4; lastKnownFileType = text.json; path = Ornn.json; sourceTree = "<group>"; };
		BED12F8326A8C71A007D367D /* Kennen.json */ = {isa = PBXFileReference; fileEncoding = 4; lastKnownFileType = text.json; path = Kennen.json; sourceTree = "<group>"; };
		BED12F8426A8C71A007D367D /* Varus.json */ = {isa = PBXFileReference; fileEncoding = 4; lastKnownFileType = text.json; path = Varus.json; sourceTree = "<group>"; };
		BED12F8526A8C71A007D367D /* Nautilus.json */ = {isa = PBXFileReference; fileEncoding = 4; lastKnownFileType = text.json; path = Nautilus.json; sourceTree = "<group>"; };
		BED12F8626A8C71A007D367D /* Rumble.json */ = {isa = PBXFileReference; fileEncoding = 4; lastKnownFileType = text.json; path = Rumble.json; sourceTree = "<group>"; };
		BED12F8726A8C71A007D367D /* Mordekaiser.json */ = {isa = PBXFileReference; fileEncoding = 4; lastKnownFileType = text.json; path = Mordekaiser.json; sourceTree = "<group>"; };
		BED12F8826A8C71A007D367D /* LeeSin.json */ = {isa = PBXFileReference; fileEncoding = 4; lastKnownFileType = text.json; path = LeeSin.json; sourceTree = "<group>"; };
		BED12F8926A8C71A007D367D /* Veigar.json */ = {isa = PBXFileReference; fileEncoding = 4; lastKnownFileType = text.json; path = Veigar.json; sourceTree = "<group>"; };
		BED12F8A26A8C71A007D367D /* Tryndamere.json */ = {isa = PBXFileReference; fileEncoding = 4; lastKnownFileType = text.json; path = Tryndamere.json; sourceTree = "<group>"; };
		BED12F8B26A8C71A007D367D /* Ivern.json */ = {isa = PBXFileReference; fileEncoding = 4; lastKnownFileType = text.json; path = Ivern.json; sourceTree = "<group>"; };
		BED12F8C26A8C71A007D367D /* Xerath.json */ = {isa = PBXFileReference; fileEncoding = 4; lastKnownFileType = text.json; path = Xerath.json; sourceTree = "<group>"; };
		BED12F8D26A8C71A007D367D /* Thresh.json */ = {isa = PBXFileReference; fileEncoding = 4; lastKnownFileType = text.json; path = Thresh.json; sourceTree = "<group>"; };
		BED12F8E26A8C71A007D367D /* Talon.json */ = {isa = PBXFileReference; fileEncoding = 4; lastKnownFileType = text.json; path = Talon.json; sourceTree = "<group>"; };
		BED12F8F26A8C71A007D367D /* Ryze.json */ = {isa = PBXFileReference; fileEncoding = 4; lastKnownFileType = text.json; path = Ryze.json; sourceTree = "<group>"; };
		BED12F9026A8C71A007D367D /* Viktor.json */ = {isa = PBXFileReference; fileEncoding = 4; lastKnownFileType = text.json; path = Viktor.json; sourceTree = "<group>"; };
		BED12F9126A8C71A007D367D /* Fiora.json */ = {isa = PBXFileReference; fileEncoding = 4; lastKnownFileType = text.json; path = Fiora.json; sourceTree = "<group>"; };
		BED12F9226A8C71A007D367D /* Azir.json */ = {isa = PBXFileReference; fileEncoding = 4; lastKnownFileType = text.json; path = Azir.json; sourceTree = "<group>"; };
		BED12F9326A8C71A007D367D /* Zoe.json */ = {isa = PBXFileReference; fileEncoding = 4; lastKnownFileType = text.json; path = Zoe.json; sourceTree = "<group>"; };
		BED12F9426A8C71B007D367D /* Jax.json */ = {isa = PBXFileReference; fileEncoding = 4; lastKnownFileType = text.json; path = Jax.json; sourceTree = "<group>"; };
		BED12F9526A8C71B007D367D /* Rengar.json */ = {isa = PBXFileReference; fileEncoding = 4; lastKnownFileType = text.json; path = Rengar.json; sourceTree = "<group>"; };
		BED12F9626A8C71B007D367D /* Taliyah.json */ = {isa = PBXFileReference; fileEncoding = 4; lastKnownFileType = text.json; path = Taliyah.json; sourceTree = "<group>"; };
		BED12F9726A8C71B007D367D /* Vayne.json */ = {isa = PBXFileReference; fileEncoding = 4; lastKnownFileType = text.json; path = Vayne.json; sourceTree = "<group>"; };
		BED12F9826A8C71B007D367D /* Yorick.json */ = {isa = PBXFileReference; fileEncoding = 4; lastKnownFileType = text.json; path = Yorick.json; sourceTree = "<group>"; };
		BED12F9926A8C71B007D367D /* Bard.json */ = {isa = PBXFileReference; fileEncoding = 4; lastKnownFileType = text.json; path = Bard.json; sourceTree = "<group>"; };
		BED12F9A26A8C71B007D367D /* Braum.json */ = {isa = PBXFileReference; fileEncoding = 4; lastKnownFileType = text.json; path = Braum.json; sourceTree = "<group>"; };
		BED12F9B26A8C71B007D367D /* Nunu.json */ = {isa = PBXFileReference; fileEncoding = 4; lastKnownFileType = text.json; path = Nunu.json; sourceTree = "<group>"; };
		BED12F9C26A8C71B007D367D /* Gangplank.json */ = {isa = PBXFileReference; fileEncoding = 4; lastKnownFileType = text.json; path = Gangplank.json; sourceTree = "<group>"; };
		BED12F9D26A8C71B007D367D /* Tristana.json */ = {isa = PBXFileReference; fileEncoding = 4; lastKnownFileType = text.json; path = Tristana.json; sourceTree = "<group>"; };
		BED12F9E26A8C71B007D367D /* Corki.json */ = {isa = PBXFileReference; fileEncoding = 4; lastKnownFileType = text.json; path = Corki.json; sourceTree = "<group>"; };
		BED12F9F26A8C71B007D367D /* Malzahar.json */ = {isa = PBXFileReference; fileEncoding = 4; lastKnownFileType = text.json; path = Malzahar.json; sourceTree = "<group>"; };
		BED12FA026A8C71B007D367D /* Gragas.json */ = {isa = PBXFileReference; fileEncoding = 4; lastKnownFileType = text.json; path = Gragas.json; sourceTree = "<group>"; };
		BED12FA126A8C71B007D367D /* Teemo.json */ = {isa = PBXFileReference; fileEncoding = 4; lastKnownFileType = text.json; path = Teemo.json; sourceTree = "<group>"; };
		BED12FA226A8C71B007D367D /* Lissandra.json */ = {isa = PBXFileReference; fileEncoding = 4; lastKnownFileType = text.json; path = Lissandra.json; sourceTree = "<group>"; };
		BED12FA326A8C71B007D367D /* Fizz.json */ = {isa = PBXFileReference; fileEncoding = 4; lastKnownFileType = text.json; path = Fizz.json; sourceTree = "<group>"; };
		BED12FA426A8C71B007D367D /* Morgana.json */ = {isa = PBXFileReference; fileEncoding = 4; lastKnownFileType = text.json; path = Morgana.json; sourceTree = "<group>"; };
		BED12FA526A8C71B007D367D /* Evelynn.json */ = {isa = PBXFileReference; fileEncoding = 4; lastKnownFileType = text.json; path = Evelynn.json; sourceTree = "<group>"; };
		BED12FA626A8C71B007D367D /* Aphelios.json */ = {isa = PBXFileReference; fileEncoding = 4; lastKnownFileType = text.json; path = Aphelios.json; sourceTree = "<group>"; };
		BED12FA726A8C71B007D367D /* Gnar.json */ = {isa = PBXFileReference; fileEncoding = 4; lastKnownFileType = text.json; path = Gnar.json; sourceTree = "<group>"; };
		BED12FA826A8C71B007D367D /* Ziggs.json */ = {isa = PBXFileReference; fileEncoding = 4; lastKnownFileType = text.json; path = Ziggs.json; sourceTree = "<group>"; };
		BED12FA926A8C71B007D367D /* Vi.json */ = {isa = PBXFileReference; fileEncoding = 4; lastKnownFileType = text.json; path = Vi.json; sourceTree = "<group>"; };
		BED12FAA26A8C71B007D367D /* Irelia.json */ = {isa = PBXFileReference; fileEncoding = 4; lastKnownFileType = text.json; path = Irelia.json; sourceTree = "<group>"; };
		BED12FAB26A8C71B007D367D /* Ashe.json */ = {isa = PBXFileReference; fileEncoding = 4; lastKnownFileType = text.json; path = Ashe.json; sourceTree = "<group>"; };
		BED12FAC26A8C71B007D367D /* Nidalee.json */ = {isa = PBXFileReference; fileEncoding = 4; lastKnownFileType = text.json; path = Nidalee.json; sourceTree = "<group>"; };
		BED12FAD26A8C71B007D367D /* DrMundo.json */ = {isa = PBXFileReference; fileEncoding = 4; lastKnownFileType = text.json; path = DrMundo.json; sourceTree = "<group>"; };
		BED12FAE26A8C71B007D367D /* Zilean.json */ = {isa = PBXFileReference; fileEncoding = 4; lastKnownFileType = text.json; path = Zilean.json; sourceTree = "<group>"; };
		BED12FAF26A8C71B007D367D /* Qiyana.json */ = {isa = PBXFileReference; fileEncoding = 4; lastKnownFileType = text.json; path = Qiyana.json; sourceTree = "<group>"; };
		BED12FB026A8C71B007D367D /* Samira.json */ = {isa = PBXFileReference; fileEncoding = 4; lastKnownFileType = text.json; path = Samira.json; sourceTree = "<group>"; };
		BED12FB126A8C71B007D367D /* Gwen.json */ = {isa = PBXFileReference; fileEncoding = 4; lastKnownFileType = text.json; path = Gwen.json; sourceTree = "<group>"; };
		BED12FB226A8C71B007D367D /* Lulu.json */ = {isa = PBXFileReference; fileEncoding = 4; lastKnownFileType = text.json; path = Lulu.json; sourceTree = "<group>"; };
		BED12FB326A8C71B007D367D /* Katarina.json */ = {isa = PBXFileReference; fileEncoding = 4; lastKnownFileType = text.json; path = Katarina.json; sourceTree = "<group>"; };
		BED12FB426A8C71B007D367D /* Illaoi.json */ = {isa = PBXFileReference; fileEncoding = 4; lastKnownFileType = text.json; path = Illaoi.json; sourceTree = "<group>"; };
		BED12FB526A8C71B007D367D /* Rell.json */ = {isa = PBXFileReference; fileEncoding = 4; lastKnownFileType = text.json; path = Rell.json; sourceTree = "<group>"; };
		BED12FB626A8C71B007D367D /* Aatrox.json */ = {isa = PBXFileReference; fileEncoding = 4; lastKnownFileType = text.json; path = Aatrox.json; sourceTree = "<group>"; };
		BED12FB726A8C71B007D367D /* Lillia.json */ = {isa = PBXFileReference; fileEncoding = 4; lastKnownFileType = text.json; path = Lillia.json; sourceTree = "<group>"; };
		BED12FB826A8C71B007D367D /* Zyra.json */ = {isa = PBXFileReference; fileEncoding = 4; lastKnownFileType = text.json; path = Zyra.json; sourceTree = "<group>"; };
		BED12FB926A8C71B007D367D /* Kled.json */ = {isa = PBXFileReference; fileEncoding = 4; lastKnownFileType = text.json; path = Kled.json; sourceTree = "<group>"; };
		BED12FBA26A8C71B007D367D /* Renekton.json */ = {isa = PBXFileReference; fileEncoding = 4; lastKnownFileType = text.json; path = Renekton.json; sourceTree = "<group>"; };
		BED12FBB26A8C71B007D367D /* Pantheon.json */ = {isa = PBXFileReference; fileEncoding = 4; lastKnownFileType = text.json; path = Pantheon.json; sourceTree = "<group>"; };
		BED12FBC26A8C71B007D367D /* Fiddlesticks.json */ = {isa = PBXFileReference; fileEncoding = 4; lastKnownFileType = text.json; path = Fiddlesticks.json; sourceTree = "<group>"; };
		BED12FBD26A8C71B007D367D /* Olaf.json */ = {isa = PBXFileReference; fileEncoding = 4; lastKnownFileType = text.json; path = Olaf.json; sourceTree = "<group>"; };
		BED12FBE26A8C71B007D367D /* Rakan.json */ = {isa = PBXFileReference; fileEncoding = 4; lastKnownFileType = text.json; path = Rakan.json; sourceTree = "<group>"; };
		BED12FBF26A8C71B007D367D /* Quinn.json */ = {isa = PBXFileReference; fileEncoding = 4; lastKnownFileType = text.json; path = Quinn.json; sourceTree = "<group>"; };
		BED12FC026A8C71B007D367D /* Orianna.json */ = {isa = PBXFileReference; fileEncoding = 4; lastKnownFileType = text.json; path = Orianna.json; sourceTree = "<group>"; };
		BED12FC126A8C71B007D367D /* Maokai.json */ = {isa = PBXFileReference; fileEncoding = 4; lastKnownFileType = text.json; path = Maokai.json; sourceTree = "<group>"; };
		BED12FC226A8C71B007D367D /* Xayah.json */ = {isa = PBXFileReference; fileEncoding = 4; lastKnownFileType = text.json; path = Xayah.json; sourceTree = "<group>"; };
		BED12FC326A8C71B007D367D /* Rammus.json */ = {isa = PBXFileReference; fileEncoding = 4; lastKnownFileType = text.json; path = Rammus.json; sourceTree = "<group>"; };
		BED12FC426A8C71B007D367D /* Galio.json */ = {isa = PBXFileReference; fileEncoding = 4; lastKnownFileType = text.json; path = Galio.json; sourceTree = "<group>"; };
		BED12FC526A8C71B007D367D /* MissFortune.json */ = {isa = PBXFileReference; fileEncoding = 4; lastKnownFileType = text.json; path = MissFortune.json; sourceTree = "<group>"; };
		BED12FC626A8C71B007D367D /* Kaisa.json */ = {isa = PBXFileReference; fileEncoding = 4; lastKnownFileType = text.json; path = Kaisa.json; sourceTree = "<group>"; };
		BED12FC726A8C71B007D367D /* Taric.json */ = {isa = PBXFileReference; fileEncoding = 4; lastKnownFileType = text.json; path = Taric.json; sourceTree = "<group>"; };
		BED12FC826A8C71B007D367D /* Cassiopeia.json */ = {isa = PBXFileReference; fileEncoding = 4; lastKnownFileType = text.json; path = Cassiopeia.json; sourceTree = "<group>"; };
		BED12FC926A8C71B007D367D /* sticker.json */ = {isa = PBXFileReference; fileEncoding = 4; lastKnownFileType = text.json; path = sticker.json; sourceTree = "<group>"; };
		BED12FCA26A8C71B007D367D /* profileicon.json */ = {isa = PBXFileReference; fileEncoding = 4; lastKnownFileType = text.json; path = profileicon.json; sourceTree = "<group>"; };
		BED12FCB26A8C71B007D367D /* map.json */ = {isa = PBXFileReference; fileEncoding = 4; lastKnownFileType = text.json; path = map.json; sourceTree = "<group>"; };
		BEEA302426A7C20F009E3C78 /* RiotAPITesting.swift */ = {isa = PBXFileReference; lastKnownFileType = sourcecode.swift; path = RiotAPITesting.swift; sourceTree = "<group>"; };
		BEEA302726A7D93D009E3C78 /* UIImageViewExtension.swift */ = {isa = PBXFileReference; fileEncoding = 4; lastKnownFileType = sourcecode.swift; path = UIImageViewExtension.swift; sourceTree = "<group>"; };
		BEEA302826A7D93D009E3C78 /* UITextViewExtension.swift */ = {isa = PBXFileReference; fileEncoding = 4; lastKnownFileType = sourcecode.swift; path = UITextViewExtension.swift; sourceTree = "<group>"; };
		BEEA302926A7D93D009E3C78 /* UILabelExtension.swift */ = {isa = PBXFileReference; fileEncoding = 4; lastKnownFileType = sourcecode.swift; path = UILabelExtension.swift; sourceTree = "<group>"; };
		BEEA303626A7D93D009E3C78 /* UITableViewExtension.swift */ = {isa = PBXFileReference; fileEncoding = 4; lastKnownFileType = sourcecode.swift; path = UITableViewExtension.swift; sourceTree = "<group>"; };
/* End PBXFileReference section */

/* Begin PBXFrameworksBuildPhase section */
		BEC1E48A2698E9EA00BC3F62 /* Frameworks */ = {
			isa = PBXFrameworksBuildPhase;
			buildActionMask = 2147483647;
			files = (
				BE711C0A269E7AC400CA57CE /* LeagueAPI.framework in Frameworks */,
			);
			runOnlyForDeploymentPostprocessing = 0;
		};
/* End PBXFrameworksBuildPhase section */

/* Begin PBXGroup section */
		BE1B793F26A3707900AB3A46 /* View Controllers */ = {
			isa = PBXGroup;
			children = (
				BE1B794026A3709E00AB3A46 /* GameListTableViewController.swift */,
			);
			path = "View Controllers";
			sourceTree = "<group>";
		};
		BE1B794226A37BB500AB3A46 /* Views */ = {
			isa = PBXGroup;
			children = (
				BE1B794326A37BD300AB3A46 /* GameTableViewCell.swift */,
			);
			path = Views;
			sourceTree = "<group>";
		};
		BE1B794526A3836800AB3A46 /* Model */ = {
			isa = PBXGroup;
			children = (
				BE1B794626A383C100AB3A46 /* MatchDataList.swift */,
				BE1B794826A3843A00AB3A46 /* MatchData.swift */,
				BE6B708926A8CE3B0074BEA4 /* OfflineData.swift */,
				BE6B708B26A8D0790074BEA4 /* ChampionFull.swift */,
				BE6B709626A8EC2A0074BEA4 /* Champion.swift */,
			);
			path = Model;
			sourceTree = "<group>";
		};
		BE6B708D26A8DA610074BEA4 /* JSON Helpers */ = {
			isa = PBXGroup;
			children = (
				BE6B708E26A8DA720074BEA4 /* JSONNull.swift */,
				BE6B709026A8DA8A0074BEA4 /* JSONCodingKey.swift */,
				BE6B709226A8DAA90074BEA4 /* JSONAny.swift */,
			);
			path = "JSON Helpers";
			sourceTree = "<group>";
		};
		BEC1E4842698E9EA00BC3F62 = {
			isa = PBXGroup;
			children = (
				BEC1E48F2698E9EA00BC3F62 /* RiotAPITesting */,
				BEC1E48E2698E9EA00BC3F62 /* Products */,
			);
			sourceTree = "<group>";
		};
		BEC1E48E2698E9EA00BC3F62 /* Products */ = {
			isa = PBXGroup;
			children = (
				BEC1E48D2698E9EA00BC3F62 /* RiotAPITesting.app */,
			);
			name = Products;
			sourceTree = "<group>";
		};
		BEC1E48F2698E9EA00BC3F62 /* RiotAPITesting */ = {
			isa = PBXGroup;
			children = (
				BE6B708D26A8DA610074BEA4 /* JSON Helpers */,
				BE1B794526A3836800AB3A46 /* Model */,
				BE1B794226A37BB500AB3A46 /* Views */,
				BE1B793F26A3707900AB3A46 /* View Controllers */,
				BEC1E4902698E9EA00BC3F62 /* AppDelegate.swift */,
				BEC1E4922698E9EA00BC3F62 /* SceneDelegate.swift */,
				BEC1E4942698E9EA00BC3F62 /* ViewController.swift */,
				BE711C0E269E883F00CA57CE /* Player.swift */,
				BE711C0C269E878A00CA57CE /* File.swift */,
				BEEA302626A7D93D009E3C78 /* UIElements */,
				BEC1E4962698E9EA00BC3F62 /* Main.storyboard */,
				BEC1E4992698E9EB00BC3F62 /* Assets.xcassets */,
				BEC1E49B2698E9EB00BC3F62 /* LaunchScreen.storyboard */,
				BEC1E49E2698E9EB00BC3F62 /* Info.plist */,
				BE711C09269E7AC400CA57CE /* LeagueAPI.framework */,
				BEEA302426A7C20F009E3C78 /* RiotAPITesting.swift */,
				BED12F2526A8C71A007D367D /* en_US */,
			);
			path = RiotAPITesting;
			sourceTree = "<group>";
		};
		BED12F2526A8C71A007D367D /* en_US */ = {
			isa = PBXGroup;
			children = (
				BED12F2626A8C71A007D367D /* item.json */,
				BED12F2726A8C71A007D367D /* runesReforged.json */,
				BED12F2826A8C71A007D367D /* language.json */,
				BED12F2A26A8C71A007D367D /* summoner.json */,
				BE6B709426A8EB1A0074BEA4 /* championFull.json */,
				BED12F2C26A8C71A007D367D /* mission-assets.json */,
				BED12F2D26A8C71A007D367D /* champion */,
				BED12FC926A8C71B007D367D /* sticker.json */,
				BED12FCA26A8C71B007D367D /* profileicon.json */,
				BED12FCB26A8C71B007D367D /* map.json */,
			);
			path = en_US;
			sourceTree = "<group>";
		};
		BED12F2D26A8C71A007D367D /* champion */ = {
			isa = PBXGroup;
			children = (
				BED12FB626A8C71B007D367D /* Aatrox.json */,
				BED12F4126A8C71A007D367D /* Ahri.json */,
				BED12F7226A8C71A007D367D /* Akali.json */,
				BED12F6A26A8C71A007D367D /* Alistar.json */,
				BED12F4D26A8C71A007D367D /* Amumu.json */,
				BED12F6B26A8C71A007D367D /* Anivia.json */,
				BED12F6326A8C71A007D367D /* Annie.json */,
				BED12FA626A8C71B007D367D /* Aphelios.json */,
				BED12FAB26A8C71B007D367D /* Ashe.json */,
				BED12F2F26A8C71A007D367D /* AurelionSol.json */,
				BED12F9226A8C71A007D367D /* Azir.json */,
				BED12F9926A8C71B007D367D /* Bard.json */,
				BED12F5626A8C71A007D367D /* Blitzcrank.json */,
				BED12F3F26A8C71A007D367D /* Brand.json */,
				BED12F9A26A8C71B007D367D /* Braum.json */,
				BED12F6126A8C71A007D367D /* Caitlyn.json */,
				BED12F4A26A8C71A007D367D /* Camille.json */,
				BED12FC826A8C71B007D367D /* Cassiopeia.json */,
				BED12F5526A8C71A007D367D /* Chogath.json */,
				BED12F9E26A8C71B007D367D /* Corki.json */,
				BED12F3C26A8C71A007D367D /* Darius.json */,
				BED12F5E26A8C71A007D367D /* Diana.json */,
				BED12F4F26A8C71A007D367D /* Draven.json */,
				BED12FAD26A8C71B007D367D /* DrMundo.json */,
				BED12F3526A8C71A007D367D /* Ekko.json */,
				BED12F7526A8C71A007D367D /* Elise.json */,
				BED12FA526A8C71B007D367D /* Evelynn.json */,
				BED12F5726A8C71A007D367D /* Ezreal.json */,
				BED12FBC26A8C71B007D367D /* Fiddlesticks.json */,
				BED12F9126A8C71A007D367D /* Fiora.json */,
				BED12FA326A8C71B007D367D /* Fizz.json */,
				BED12FC426A8C71B007D367D /* Galio.json */,
				BED12F9C26A8C71B007D367D /* Gangplank.json */,
				BED12F6726A8C71A007D367D /* Garen.json */,
				BED12FA726A8C71B007D367D /* Gnar.json */,
				BED12FA026A8C71B007D367D /* Gragas.json */,
				BED12F6F26A8C71A007D367D /* Graves.json */,
				BED12FB126A8C71B007D367D /* Gwen.json */,
				BED12F3626A8C71A007D367D /* Hecarim.json */,
				BED12F7B26A8C71A007D367D /* Heimerdinger.json */,
				BED12FB426A8C71B007D367D /* Illaoi.json */,
				BED12FAA26A8C71B007D367D /* Irelia.json */,
				BED12F8B26A8C71A007D367D /* Ivern.json */,
				BED12F3B26A8C71A007D367D /* Janna.json */,
				BED12F2E26A8C71A007D367D /* JarvanIV.json */,
				BED12F9426A8C71B007D367D /* Jax.json */,
				BED12F8126A8C71A007D367D /* Jayce.json */,
				BED12F5126A8C71A007D367D /* Jhin.json */,
				BED12F4426A8C71A007D367D /* Jinx.json */,
				BED12FC626A8C71B007D367D /* Kaisa.json */,
				BED12F3826A8C71A007D367D /* Kalista.json */,
				BED12F4926A8C71A007D367D /* Karma.json */,
				BED12F7726A8C71A007D367D /* Karthus.json */,
				BED12F6026A8C71A007D367D /* Kassadin.json */,
				BED12FB326A8C71B007D367D /* Katarina.json */,
				BED12F4E26A8C71A007D367D /* Kayle.json */,
				BED12F7126A8C71A007D367D /* Kayn.json */,
				BED12F8326A8C71A007D367D /* Kennen.json */,
				BED12F5926A8C71A007D367D /* Khazix.json */,
				BED12F7426A8C71A007D367D /* Kindred.json */,
				BED12FB926A8C71B007D367D /* Kled.json */,
				BED12F3326A8C71A007D367D /* KogMaw.json */,
				BED12F4326A8C71A007D367D /* Leblanc.json */,
				BED12F8826A8C71A007D367D /* LeeSin.json */,
				BED12F4526A8C71A007D367D /* Leona.json */,
				BED12FB726A8C71B007D367D /* Lillia.json */,
				BED12FA226A8C71B007D367D /* Lissandra.json */,
				BED12F4C26A8C71A007D367D /* Lucian.json */,
				BED12FB226A8C71B007D367D /* Lulu.json */,
				BED12F5826A8C71A007D367D /* Lux.json */,
				BED12F3726A8C71A007D367D /* Malphite.json */,
				BED12F9F26A8C71B007D367D /* Malzahar.json */,
				BED12FC126A8C71B007D367D /* Maokai.json */,
				BED12F6E26A8C71A007D367D /* MasterYi.json */,
				BED12FC526A8C71B007D367D /* MissFortune.json */,
				BED12F5226A8C71A007D367D /* MonkeyKing.json */,
				BED12F8726A8C71A007D367D /* Mordekaiser.json */,
				BED12FA426A8C71B007D367D /* Morgana.json */,
				BED12F5D26A8C71A007D367D /* Nami.json */,
				BED12F5C26A8C71A007D367D /* Nasus.json */,
				BED12F8526A8C71A007D367D /* Nautilus.json */,
				BED12F7326A8C71A007D367D /* Neeko.json */,
				BED12FAC26A8C71B007D367D /* Nidalee.json */,
				BED12F3A26A8C71A007D367D /* Nocturne.json */,
				BED12F9B26A8C71B007D367D /* Nunu.json */,
				BED12FBD26A8C71B007D367D /* Olaf.json */,
				BED12FC026A8C71B007D367D /* Orianna.json */,
				BED12F8226A8C71A007D367D /* Ornn.json */,
				BED12FBB26A8C71B007D367D /* Pantheon.json */,
				BED12F6626A8C71A007D367D /* Poppy.json */,
				BED12F3E26A8C71A007D367D /* Pyke.json */,
				BED12FAF26A8C71B007D367D /* Qiyana.json */,
				BED12FBF26A8C71B007D367D /* Quinn.json */,
				BED12FBE26A8C71B007D367D /* Rakan.json */,
				BED12FC326A8C71B007D367D /* Rammus.json */,
				BED12F7E26A8C71A007D367D /* RekSai.json */,
				BED12FB526A8C71B007D367D /* Rell.json */,
				BED12FBA26A8C71B007D367D /* Renekton.json */,
				BED12F9526A8C71B007D367D /* Rengar.json */,
				BED12F3026A8C71A007D367D /* Riven.json */,
				BED12F8626A8C71A007D367D /* Rumble.json */,
				BED12F8F26A8C71A007D367D /* Ryze.json */,
				BED12FB026A8C71B007D367D /* Samira.json */,
				BED12F7826A8C71A007D367D /* Sejuani.json */,
				BED12F7F26A8C71A007D367D /* Senna.json */,
				BED12F6D26A8C71A007D367D /* Seraphine.json */,
				BED12F7926A8C71A007D367D /* Sett.json */,
				BED12F8026A8C71A007D367D /* Shaco.json */,
				BED12F4726A8C71A007D367D /* Shen.json */,
				BED12F3126A8C71A007D367D /* Shyvana.json */,
				BED12F5F26A8C71A007D367D /* Singed.json */,
				BED12F6C26A8C71A007D367D /* Sion.json */,
				BED12F5326A8C71A007D367D /* Sivir.json */,
				BED12F4226A8C71A007D367D /* Skarner.json */,
				BED12F7C26A8C71A007D367D /* Sona.json */,
				BED12F4B26A8C71A007D367D /* Soraka.json */,
				BED12F4626A8C71A007D367D /* Swain.json */,
				BED12F7626A8C71A007D367D /* Sylas.json */,
				BED12F6526A8C71A007D367D /* Syndra.json */,
				BED12F6426A8C71A007D367D /* TahmKench.json */,
				BED12F9626A8C71B007D367D /* Taliyah.json */,
				BED12F8E26A8C71A007D367D /* Talon.json */,
				BED12FC726A8C71B007D367D /* Taric.json */,
				BED12FA126A8C71B007D367D /* Teemo.json */,
				BED12F8D26A8C71A007D367D /* Thresh.json */,
				BED12F9D26A8C71B007D367D /* Tristana.json */,
				BED12F4826A8C71A007D367D /* Trundle.json */,
				BED12F8A26A8C71A007D367D /* Tryndamere.json */,
				BED12F7D26A8C71A007D367D /* TwistedFate.json */,
				BED12F6926A8C71A007D367D /* Twitch.json */,
				BED12F5A26A8C71A007D367D /* Udyr.json */,
				BED12F4026A8C71A007D367D /* Urgot.json */,
				BED12F8426A8C71A007D367D /* Varus.json */,
				BED12F9726A8C71B007D367D /* Vayne.json */,
				BED12F8926A8C71A007D367D /* Veigar.json */,
				BED12F3426A8C71A007D367D /* Velkoz.json */,
				BED12FA926A8C71B007D367D /* Vi.json */,
				BED12F5026A8C71A007D367D /* Viego.json */,
				BED12F9026A8C71A007D367D /* Viktor.json */,
				BED12F3D26A8C71A007D367D /* Vladimir.json */,
				BED12F5B26A8C71A007D367D /* Volibear.json */,
				BED12F7A26A8C71A007D367D /* Warwick.json */,
				BED12FC226A8C71B007D367D /* Xayah.json */,
				BED12F8C26A8C71A007D367D /* Xerath.json */,
				BED12F6826A8C71A007D367D /* XinZhao.json */,
				BED12F7026A8C71A007D367D /* Yasuo.json */,
				BED12F6226A8C71A007D367D /* Yone.json */,
				BED12F9826A8C71B007D367D /* Yorick.json */,
				BED12F3226A8C71A007D367D /* Yuumi.json */,
				BED12F3926A8C71A007D367D /* Zac.json */,
				BED12F5426A8C71A007D367D /* Zed.json */,
				BED12FA826A8C71B007D367D /* Ziggs.json */,
				BED12FAE26A8C71B007D367D /* Zilean.json */,
				BED12F9326A8C71A007D367D /* Zoe.json */,
				BED12FB826A8C71B007D367D /* Zyra.json */,
			);
			path = champion;
			sourceTree = "<group>";
		};
		BEEA302626A7D93D009E3C78 /* UIElements */ = {
			isa = PBXGroup;
			children = (
				BEEA302726A7D93D009E3C78 /* UIImageViewExtension.swift */,
				BEEA302826A7D93D009E3C78 /* UITextViewExtension.swift */,
				BEEA302926A7D93D009E3C78 /* UILabelExtension.swift */,
				BEEA303626A7D93D009E3C78 /* UITableViewExtension.swift */,
			);
			path = UIElements;
			sourceTree = "<group>";
		};
/* End PBXGroup section */

/* Begin PBXNativeTarget section */
		BEC1E48C2698E9EA00BC3F62 /* RiotAPITesting */ = {
			isa = PBXNativeTarget;
			buildConfigurationList = BEC1E4A12698E9EB00BC3F62 /* Build configuration list for PBXNativeTarget "RiotAPITesting" */;
			buildPhases = (
				BEC1E4892698E9EA00BC3F62 /* Sources */,
				BEC1E48A2698E9EA00BC3F62 /* Frameworks */,
				BEC1E48B2698E9EA00BC3F62 /* Resources */,
				BEC1E4AB2698F35600BC3F62 /* Embed Frameworks */,
			);
			buildRules = (
			);
			dependencies = (
			);
			name = RiotAPITesting;
			productName = RiotAPITesting;
			productReference = BEC1E48D2698E9EA00BC3F62 /* RiotAPITesting.app */;
			productType = "com.apple.product-type.application";
		};
/* End PBXNativeTarget section */

/* Begin PBXProject section */
		BEC1E4852698E9EA00BC3F62 /* Project object */ = {
			isa = PBXProject;
			attributes = {
				LastSwiftUpdateCheck = 1240;
				LastUpgradeCheck = 1240;
				TargetAttributes = {
					BEC1E48C2698E9EA00BC3F62 = {
						CreatedOnToolsVersion = 12.4;
					};
				};
			};
			buildConfigurationList = BEC1E4882698E9EA00BC3F62 /* Build configuration list for PBXProject "RiotAPITesting" */;
			compatibilityVersion = "Xcode 9.3";
			developmentRegion = en;
			hasScannedForEncodings = 0;
			knownRegions = (
				en,
				Base,
			);
			mainGroup = BEC1E4842698E9EA00BC3F62;
			productRefGroup = BEC1E48E2698E9EA00BC3F62 /* Products */;
			projectDirPath = "";
			projectRoot = "";
			targets = (
				BEC1E48C2698E9EA00BC3F62 /* RiotAPITesting */,
			);
		};
/* End PBXProject section */

/* Begin PBXResourcesBuildPhase section */
		BEC1E48B2698E9EA00BC3F62 /* Resources */ = {
			isa = PBXResourcesBuildPhase;
			buildActionMask = 2147483647;
			files = (
				BED1300926A8C71B007D367D /* TahmKench.json in Resources */,
				BED12FCC26A8C71B007D367D /* item.json in Resources */,
				BED1300D26A8C71B007D367D /* XinZhao.json in Resources */,
				BED1305126A8C71B007D367D /* Nidalee.json in Resources */,
				BED1303F26A8C71B007D367D /* Braum.json in Resources */,
				BED1301E26A8C71B007D367D /* Sett.json in Resources */,
				BED1301026A8C71B007D367D /* Anivia.json in Resources */,
				BED1302726A8C71B007D367D /* Ornn.json in Resources */,
				BED1301826A8C71B007D367D /* Neeko.json in Resources */,
				BED12FD426A8C71B007D367D /* AurelionSol.json in Resources */,
				BED1305726A8C71B007D367D /* Lulu.json in Resources */,
				BED1300B26A8C71B007D367D /* Poppy.json in Resources */,
				BED1301926A8C71B007D367D /* Kindred.json in Resources */,
				BED12FF526A8C71B007D367D /* Viego.json in Resources */,
				BED1301426A8C71B007D367D /* Graves.json in Resources */,
				BED1301626A8C71B007D367D /* Kayn.json in Resources */,
				BED12FD626A8C71B007D367D /* Shyvana.json in Resources */,
				BED12FE526A8C71B007D367D /* Urgot.json in Resources */,
				BED1302D26A8C71B007D367D /* LeeSin.json in Resources */,
				BED1302926A8C71B007D367D /* Varus.json in Resources */,
				BED12FEF26A8C71B007D367D /* Camille.json in Resources */,
				BED12FDA26A8C71B007D367D /* Ekko.json in Resources */,
				BED1304826A8C71B007D367D /* Fizz.json in Resources */,
				BED1305E26A8C71B007D367D /* Kled.json in Resources */,
				BED1303426A8C71B007D367D /* Ryze.json in Resources */,
				BED12FF726A8C71B007D367D /* MonkeyKing.json in Resources */,
				BED1302826A8C71B007D367D /* Kennen.json in Resources */,
				BED1300326A8C71B007D367D /* Diana.json in Resources */,
				BED1303026A8C71B007D367D /* Ivern.json in Resources */,
				BED12FE826A8C71B007D367D /* Leblanc.json in Resources */,
				BED1300626A8C71B007D367D /* Caitlyn.json in Resources */,
				BED1300026A8C71B007D367D /* Volibear.json in Resources */,
				BED1301A26A8C71B007D367D /* Elise.json in Resources */,
				BED1306226A8C71B007D367D /* Olaf.json in Resources */,
				BED1302526A8C71B007D367D /* Shaco.json in Resources */,
				BED12FF226A8C71B007D367D /* Amumu.json in Resources */,
				BED12FFC26A8C71B007D367D /* Ezreal.json in Resources */,
				BED12FD226A8C71B007D367D /* mission-assets.json in Resources */,
				BED12FE226A8C71B007D367D /* Vladimir.json in Resources */,
				BED1303126A8C71B007D367D /* Xerath.json in Resources */,
				BED12FFB26A8C71B007D367D /* Blitzcrank.json in Resources */,
				BED1306A26A8C71B007D367D /* MissFortune.json in Resources */,
				BED1305426A8C71B007D367D /* Qiyana.json in Resources */,
				BED1301C26A8C71B007D367D /* Karthus.json in Resources */,
				BED1302026A8C71B007D367D /* Heimerdinger.json in Resources */,
				BED1306126A8C71B007D367D /* Fiddlesticks.json in Resources */,
				BED1304926A8C71B007D367D /* Morgana.json in Resources */,
				BED1304D26A8C71B007D367D /* Ziggs.json in Resources */,
				BED1300F26A8C71B007D367D /* Alistar.json in Resources */,
				BED12FD526A8C71B007D367D /* Riven.json in Resources */,
				BED1301226A8C71B007D367D /* Seraphine.json in Resources */,
				BED12FF926A8C71B007D367D /* Zed.json in Resources */,
				BED12FFD26A8C71B007D367D /* Lux.json in Resources */,
				BED1304126A8C71B007D367D /* Gangplank.json in Resources */,
				BED12FF326A8C71B007D367D /* Kayle.json in Resources */,
				BED1302B26A8C71B007D367D /* Rumble.json in Resources */,
				BED1301526A8C71B007D367D /* Yasuo.json in Resources */,
				BED1304B26A8C71B007D367D /* Aphelios.json in Resources */,
				BED1306326A8C71B007D367D /* Rakan.json in Resources */,
				BED1303826A8C71B007D367D /* Zoe.json in Resources */,
				BED1303226A8C71B007D367D /* Thresh.json in Resources */,
				BED1307026A8C71B007D367D /* map.json in Resources */,
				BED1306426A8C71B007D367D /* Quinn.json in Resources */,
				BED12FCE26A8C71B007D367D /* language.json in Resources */,
				BED1304526A8C71B007D367D /* Gragas.json in Resources */,
				BED12FDD26A8C71B007D367D /* Kalista.json in Resources */,
				BED1303326A8C71B007D367D /* Talon.json in Resources */,
				BED1301126A8C71B007D367D /* Sion.json in Resources */,
				BED1306D26A8C71B007D367D /* Cassiopeia.json in Resources */,
				BED1304326A8C71B007D367D /* Corki.json in Resources */,
				BED12FD026A8C71B007D367D /* summoner.json in Resources */,
				BED1300C26A8C71B007D367D /* Garen.json in Resources */,
				BED12FED26A8C71B007D367D /* Trundle.json in Resources */,
				BED1302426A8C71B007D367D /* Senna.json in Resources */,
				BED1304626A8C71B007D367D /* Teemo.json in Resources */,
				BED1303626A8C71B007D367D /* Fiora.json in Resources */,
				BED1305226A8C71B007D367D /* DrMundo.json in Resources */,
				BED12FF626A8C71B007D367D /* Jhin.json in Resources */,
				BED12FE926A8C71B007D367D /* Jinx.json in Resources */,
				BED1302A26A8C71B007D367D /* Nautilus.json in Resources */,
				BED1304F26A8C71B007D367D /* Irelia.json in Resources */,
				BED12FE026A8C71B007D367D /* Janna.json in Resources */,
				BED1305626A8C71B007D367D /* Gwen.json in Resources */,
				BED1300826A8C71B007D367D /* Annie.json in Resources */,
				BED12FFE26A8C71B007D367D /* Khazix.json in Resources */,
				BED1306F26A8C71B007D367D /* profileicon.json in Resources */,
				BED1300A26A8C71B007D367D /* Syndra.json in Resources */,
				BED1305926A8C71B007D367D /* Illaoi.json in Resources */,
				BED1305026A8C71B007D367D /* Ashe.json in Resources */,
				BED1306026A8C71B007D367D /* Pantheon.json in Resources */,
				BED1303D26A8C71B007D367D /* Yorick.json in Resources */,
				BED1303A26A8C71B007D367D /* Rengar.json in Resources */,
				BED1306626A8C71B007D367D /* Maokai.json in Resources */,
				BEC1E49D2698E9EB00BC3F62 /* LaunchScreen.storyboard in Resources */,
				BED1303926A8C71B007D367D /* Jax.json in Resources */,
				BED1304A26A8C71B007D367D /* Evelynn.json in Resources */,
				BED12FE426A8C71B007D367D /* Brand.json in Resources */,
				BED12FE626A8C71B007D367D /* Ahri.json in Resources */,
				BED1305B26A8C71B007D367D /* Aatrox.json in Resources */,
				BED1306B26A8C71B007D367D /* Kaisa.json in Resources */,
				BED12FD826A8C71B007D367D /* KogMaw.json in Resources */,
				BED1301726A8C71B007D367D /* Akali.json in Resources */,
				BED1302126A8C71B007D367D /* Sona.json in Resources */,
				BED1300426A8C71B007D367D /* Singed.json in Resources */,
				BED1303B26A8C71B007D367D /* Taliyah.json in Resources */,
				BED12FEB26A8C71B007D367D /* Swain.json in Resources */,
				BED1306726A8C71B007D367D /* Xayah.json in Resources */,
				BED1305D26A8C71B007D367D /* Zyra.json in Resources */,
				BED1306826A8C71B007D367D /* Rammus.json in Resources */,
				BED1303726A8C71B007D367D /* Azir.json in Resources */,
				BED1305526A8C71B007D367D /* Samira.json in Resources */,
				BED1300E26A8C71B007D367D /* Twitch.json in Resources */,
				BED1305C26A8C71B007D367D /* Lillia.json in Resources */,
				BED1302226A8C71B007D367D /* TwistedFate.json in Resources */,
				BED1306526A8C71B007D367D /* Orianna.json in Resources */,
				BED12FE326A8C71B007D367D /* Pyke.json in Resources */,
				BED1303E26A8C71B007D367D /* Bard.json in Resources */,
				BED1305F26A8C71B007D367D /* Renekton.json in Resources */,
				BEC1E49A2698E9EB00BC3F62 /* Assets.xcassets in Resources */,
				BED1301326A8C71B007D367D /* MasterYi.json in Resources */,
				BED1302F26A8C71B007D367D /* Tryndamere.json in Resources */,
				BEC1E4982698E9EA00BC3F62 /* Main.storyboard in Resources */,
				BED1301B26A8C71B007D367D /* Sylas.json in Resources */,
				BED12FEE26A8C71B007D367D /* Karma.json in Resources */,
				BED12FF826A8C71B007D367D /* Sivir.json in Resources */,
				BED1304C26A8C71B007D367D /* Gnar.json in Resources */,
				BED1300526A8C71B007D367D /* Kassadin.json in Resources */,
				BED12FDE26A8C71B007D367D /* Zac.json in Resources */,
				BED12FFA26A8C71B007D367D /* Chogath.json in Resources */,
				BED12FDC26A8C71B007D367D /* Malphite.json in Resources */,
				BED1306C26A8C71B007D367D /* Taric.json in Resources */,
				BED1305826A8C71B007D367D /* Katarina.json in Resources */,
				BED1303526A8C71B007D367D /* Viktor.json in Resources */,
				BED12FCD26A8C71B007D367D /* runesReforged.json in Resources */,
				BED1304226A8C71B007D367D /* Tristana.json in Resources */,
				BED12FF126A8C71B007D367D /* Lucian.json in Resources */,
				BED1300226A8C71B007D367D /* Nami.json in Resources */,
				BED1302626A8C71B007D367D /* Jayce.json in Resources */,
				BED1302C26A8C71B007D367D /* Mordekaiser.json in Resources */,
				BED12FD726A8C71B007D367D /* Yuumi.json in Resources */,
				BED1304E26A8C71B007D367D /* Vi.json in Resources */,
				BED1306926A8C71B007D367D /* Galio.json in Resources */,
				BED1301F26A8C71B007D367D /* Warwick.json in Resources */,
				BED12FDF26A8C71B007D367D /* Nocturne.json in Resources */,
				BED1304026A8C71B007D367D /* Nunu.json in Resources */,
				BED1300126A8C71B007D367D /* Nasus.json in Resources */,
				BED1305326A8C71B007D367D /* Zilean.json in Resources */,
				BED1303C26A8C71B007D367D /* Vayne.json in Resources */,
				BED12FF426A8C71B007D367D /* Draven.json in Resources */,
				BED1301D26A8C71B007D367D /* Sejuani.json in Resources */,
				BED12FFF26A8C71B007D367D /* Udyr.json in Resources */,
				BED12FE126A8C71B007D367D /* Darius.json in Resources */,
				BED12FEA26A8C71B007D367D /* Leona.json in Resources */,
				BED1302326A8C71B007D367D /* RekSai.json in Resources */,
				BED12FE726A8C71B007D367D /* Skarner.json in Resources */,
				BE6B709526A8EB1A0074BEA4 /* championFull.json in Resources */,
				BED1302E26A8C71B007D367D /* Veigar.json in Resources */,
				BED12FDB26A8C71B007D367D /* Hecarim.json in Resources */,
				BED1305A26A8C71B007D367D /* Rell.json in Resources */,
				BED12FF026A8C71B007D367D /* Soraka.json in Resources */,
				BED12FD926A8C71B007D367D /* Velkoz.json in Resources */,
				BED12FD326A8C71B007D367D /* JarvanIV.json in Resources */,
				BED1306E26A8C71B007D367D /* sticker.json in Resources */,
				BED1304426A8C71B007D367D /* Malzahar.json in Resources */,
				BED1304726A8C71B007D367D /* Lissandra.json in Resources */,
				BED1300726A8C71B007D367D /* Yone.json in Resources */,
				BED12FEC26A8C71B007D367D /* Shen.json in Resources */,
			);
			runOnlyForDeploymentPostprocessing = 0;
		};
/* End PBXResourcesBuildPhase section */

/* Begin PBXSourcesBuildPhase section */
		BEC1E4892698E9EA00BC3F62 /* Sources */ = {
			isa = PBXSourcesBuildPhase;
			buildActionMask = 2147483647;
			files = (
				BE6B709726A8EC2A0074BEA4 /* Champion.swift in Sources */,
				BE1B794426A37BD300AB3A46 /* GameTableViewCell.swift in Sources */,
				BEEA302526A7C20F009E3C78 /* RiotAPITesting.swift in Sources */,
				BE1B794726A383C100AB3A46 /* MatchDataList.swift in Sources */,
				BE6B709326A8DAA90074BEA4 /* JSONAny.swift in Sources */,
				BEEA303826A7D93D009E3C78 /* UITextViewExtension.swift in Sources */,
				BEEA304526A7D93D009E3C78 /* UITableViewExtension.swift in Sources */,
				BEC1E4952698E9EA00BC3F62 /* ViewController.swift in Sources */,
				BE6B708F26A8DA720074BEA4 /* JSONNull.swift in Sources */,
				BE6B708A26A8CE3B0074BEA4 /* OfflineData.swift in Sources */,
				BE1B794926A3843A00AB3A46 /* MatchData.swift in Sources */,
				BE6B708C26A8D0790074BEA4 /* ChampionFull.swift in Sources */,
				BE711C0D269E878A00CA57CE /* File.swift in Sources */,
				BEEA303726A7D93D009E3C78 /* UIImageViewExtension.swift in Sources */,
				BEC1E4912698E9EA00BC3F62 /* AppDelegate.swift in Sources */,
				BE6B709126A8DA8A0074BEA4 /* JSONCodingKey.swift in Sources */,
				BE711C0F269E883F00CA57CE /* Player.swift in Sources */,
				BEC1E4932698E9EA00BC3F62 /* SceneDelegate.swift in Sources */,
				BE1B794126A3709E00AB3A46 /* GameListTableViewController.swift in Sources */,
				BEEA303926A7D93D009E3C78 /* UILabelExtension.swift in Sources */,
			);
			runOnlyForDeploymentPostprocessing = 0;
		};
/* End PBXSourcesBuildPhase section */

/* Begin PBXVariantGroup section */
		BEC1E4962698E9EA00BC3F62 /* Main.storyboard */ = {
			isa = PBXVariantGroup;
			children = (
				BEC1E4972698E9EA00BC3F62 /* Base */,
			);
			name = Main.storyboard;
			sourceTree = "<group>";
		};
		BEC1E49B2698E9EB00BC3F62 /* LaunchScreen.storyboard */ = {
			isa = PBXVariantGroup;
			children = (
				BEC1E49C2698E9EB00BC3F62 /* Base */,
			);
			name = LaunchScreen.storyboard;
			sourceTree = "<group>";
		};
/* End PBXVariantGroup section */

/* Begin XCBuildConfiguration section */
		BEC1E49F2698E9EB00BC3F62 /* Debug */ = {
			isa = XCBuildConfiguration;
			buildSettings = {
				ALWAYS_SEARCH_USER_PATHS = NO;
				CLANG_ANALYZER_NONNULL = YES;
				CLANG_ANALYZER_NUMBER_OBJECT_CONVERSION = YES_AGGRESSIVE;
				CLANG_CXX_LANGUAGE_STANDARD = "gnu++14";
				CLANG_CXX_LIBRARY = "libc++";
				CLANG_ENABLE_MODULES = YES;
				CLANG_ENABLE_OBJC_ARC = YES;
				CLANG_ENABLE_OBJC_WEAK = YES;
				CLANG_WARN_BLOCK_CAPTURE_AUTORELEASING = YES;
				CLANG_WARN_BOOL_CONVERSION = YES;
				CLANG_WARN_COMMA = YES;
				CLANG_WARN_CONSTANT_CONVERSION = YES;
				CLANG_WARN_DEPRECATED_OBJC_IMPLEMENTATIONS = YES;
				CLANG_WARN_DIRECT_OBJC_ISA_USAGE = YES_ERROR;
				CLANG_WARN_DOCUMENTATION_COMMENTS = YES;
				CLANG_WARN_EMPTY_BODY = YES;
				CLANG_WARN_ENUM_CONVERSION = YES;
				CLANG_WARN_INFINITE_RECURSION = YES;
				CLANG_WARN_INT_CONVERSION = YES;
				CLANG_WARN_NON_LITERAL_NULL_CONVERSION = YES;
				CLANG_WARN_OBJC_IMPLICIT_RETAIN_SELF = YES;
				CLANG_WARN_OBJC_LITERAL_CONVERSION = YES;
				CLANG_WARN_OBJC_ROOT_CLASS = YES_ERROR;
				CLANG_WARN_QUOTED_INCLUDE_IN_FRAMEWORK_HEADER = YES;
				CLANG_WARN_RANGE_LOOP_ANALYSIS = YES;
				CLANG_WARN_STRICT_PROTOTYPES = YES;
				CLANG_WARN_SUSPICIOUS_MOVE = YES;
				CLANG_WARN_UNGUARDED_AVAILABILITY = YES_AGGRESSIVE;
				CLANG_WARN_UNREACHABLE_CODE = YES;
				CLANG_WARN__DUPLICATE_METHOD_MATCH = YES;
				COPY_PHASE_STRIP = NO;
				DEBUG_INFORMATION_FORMAT = dwarf;
				ENABLE_STRICT_OBJC_MSGSEND = YES;
				ENABLE_TESTABILITY = YES;
				GCC_C_LANGUAGE_STANDARD = gnu11;
				GCC_DYNAMIC_NO_PIC = NO;
				GCC_NO_COMMON_BLOCKS = YES;
				GCC_OPTIMIZATION_LEVEL = 0;
				GCC_PREPROCESSOR_DEFINITIONS = (
					"DEBUG=1",
					"$(inherited)",
				);
				GCC_WARN_64_TO_32_BIT_CONVERSION = YES;
				GCC_WARN_ABOUT_RETURN_TYPE = YES_ERROR;
				GCC_WARN_UNDECLARED_SELECTOR = YES;
				GCC_WARN_UNINITIALIZED_AUTOS = YES_AGGRESSIVE;
				GCC_WARN_UNUSED_FUNCTION = YES;
				GCC_WARN_UNUSED_VARIABLE = YES;
				IPHONEOS_DEPLOYMENT_TARGET = 14.4;
				MTL_ENABLE_DEBUG_INFO = INCLUDE_SOURCE;
				MTL_FAST_MATH = YES;
				ONLY_ACTIVE_ARCH = YES;
				SDKROOT = iphoneos;
				SWIFT_ACTIVE_COMPILATION_CONDITIONS = DEBUG;
				SWIFT_OPTIMIZATION_LEVEL = "-Onone";
			};
			name = Debug;
		};
		BEC1E4A02698E9EB00BC3F62 /* Release */ = {
			isa = XCBuildConfiguration;
			buildSettings = {
				ALWAYS_SEARCH_USER_PATHS = NO;
				CLANG_ANALYZER_NONNULL = YES;
				CLANG_ANALYZER_NUMBER_OBJECT_CONVERSION = YES_AGGRESSIVE;
				CLANG_CXX_LANGUAGE_STANDARD = "gnu++14";
				CLANG_CXX_LIBRARY = "libc++";
				CLANG_ENABLE_MODULES = YES;
				CLANG_ENABLE_OBJC_ARC = YES;
				CLANG_ENABLE_OBJC_WEAK = YES;
				CLANG_WARN_BLOCK_CAPTURE_AUTORELEASING = YES;
				CLANG_WARN_BOOL_CONVERSION = YES;
				CLANG_WARN_COMMA = YES;
				CLANG_WARN_CONSTANT_CONVERSION = YES;
				CLANG_WARN_DEPRECATED_OBJC_IMPLEMENTATIONS = YES;
				CLANG_WARN_DIRECT_OBJC_ISA_USAGE = YES_ERROR;
				CLANG_WARN_DOCUMENTATION_COMMENTS = YES;
				CLANG_WARN_EMPTY_BODY = YES;
				CLANG_WARN_ENUM_CONVERSION = YES;
				CLANG_WARN_INFINITE_RECURSION = YES;
				CLANG_WARN_INT_CONVERSION = YES;
				CLANG_WARN_NON_LITERAL_NULL_CONVERSION = YES;
				CLANG_WARN_OBJC_IMPLICIT_RETAIN_SELF = YES;
				CLANG_WARN_OBJC_LITERAL_CONVERSION = YES;
				CLANG_WARN_OBJC_ROOT_CLASS = YES_ERROR;
				CLANG_WARN_QUOTED_INCLUDE_IN_FRAMEWORK_HEADER = YES;
				CLANG_WARN_RANGE_LOOP_ANALYSIS = YES;
				CLANG_WARN_STRICT_PROTOTYPES = YES;
				CLANG_WARN_SUSPICIOUS_MOVE = YES;
				CLANG_WARN_UNGUARDED_AVAILABILITY = YES_AGGRESSIVE;
				CLANG_WARN_UNREACHABLE_CODE = YES;
				CLANG_WARN__DUPLICATE_METHOD_MATCH = YES;
				COPY_PHASE_STRIP = NO;
				DEBUG_INFORMATION_FORMAT = "dwarf-with-dsym";
				ENABLE_NS_ASSERTIONS = NO;
				ENABLE_STRICT_OBJC_MSGSEND = YES;
				GCC_C_LANGUAGE_STANDARD = gnu11;
				GCC_NO_COMMON_BLOCKS = YES;
				GCC_WARN_64_TO_32_BIT_CONVERSION = YES;
				GCC_WARN_ABOUT_RETURN_TYPE = YES_ERROR;
				GCC_WARN_UNDECLARED_SELECTOR = YES;
				GCC_WARN_UNINITIALIZED_AUTOS = YES_AGGRESSIVE;
				GCC_WARN_UNUSED_FUNCTION = YES;
				GCC_WARN_UNUSED_VARIABLE = YES;
				IPHONEOS_DEPLOYMENT_TARGET = 14.4;
				MTL_ENABLE_DEBUG_INFO = NO;
				MTL_FAST_MATH = YES;
				SDKROOT = iphoneos;
				SWIFT_COMPILATION_MODE = wholemodule;
				SWIFT_OPTIMIZATION_LEVEL = "-O";
				VALIDATE_PRODUCT = YES;
			};
			name = Release;
		};
		BEC1E4A22698E9EB00BC3F62 /* Debug */ = {
			isa = XCBuildConfiguration;
			buildSettings = {
				ASSETCATALOG_COMPILER_APPICON_NAME = AppIcon;
				ASSETCATALOG_COMPILER_GLOBAL_ACCENT_COLOR_NAME = AccentColor;
				CODE_SIGN_STYLE = Automatic;
				DEVELOPMENT_TEAM = ZE994RWSUV;
				FRAMEWORK_SEARCH_PATHS = (
					"$(inherited)",
					"$(PROJECT_DIR)/RiotAPITesting",
				);
				INFOPLIST_FILE = RiotAPITesting/Info.plist;
				LD_RUNPATH_SEARCH_PATHS = (
					"$(inherited)",
					"@executable_path/Frameworks",
				);
				PRODUCT_BUNDLE_IDENTIFIER = com.sunrai.RiotAPITesting;
				PRODUCT_NAME = "$(TARGET_NAME)";
				SWIFT_VERSION = 5.0;
				TARGETED_DEVICE_FAMILY = "1,2";
			};
			name = Debug;
		};
		BEC1E4A32698E9EB00BC3F62 /* Release */ = {
			isa = XCBuildConfiguration;
			buildSettings = {
				ASSETCATALOG_COMPILER_APPICON_NAME = AppIcon;
				ASSETCATALOG_COMPILER_GLOBAL_ACCENT_COLOR_NAME = AccentColor;
				CODE_SIGN_STYLE = Automatic;
				DEVELOPMENT_TEAM = ZE994RWSUV;
				FRAMEWORK_SEARCH_PATHS = (
					"$(inherited)",
					"$(PROJECT_DIR)/RiotAPITesting",
				);
				INFOPLIST_FILE = RiotAPITesting/Info.plist;
				LD_RUNPATH_SEARCH_PATHS = (
					"$(inherited)",
					"@executable_path/Frameworks",
				);
				PRODUCT_BUNDLE_IDENTIFIER = com.sunrai.RiotAPITesting;
				PRODUCT_NAME = "$(TARGET_NAME)";
				SWIFT_VERSION = 5.0;
				TARGETED_DEVICE_FAMILY = "1,2";
			};
			name = Release;
		};
/* End XCBuildConfiguration section */

/* Begin XCConfigurationList section */
		BEC1E4882698E9EA00BC3F62 /* Build configuration list for PBXProject "RiotAPITesting" */ = {
			isa = XCConfigurationList;
			buildConfigurations = (
				BEC1E49F2698E9EB00BC3F62 /* Debug */,
				BEC1E4A02698E9EB00BC3F62 /* Release */,
			);
			defaultConfigurationIsVisible = 0;
			defaultConfigurationName = Release;
		};
		BEC1E4A12698E9EB00BC3F62 /* Build configuration list for PBXNativeTarget "RiotAPITesting" */ = {
			isa = XCConfigurationList;
			buildConfigurations = (
				BEC1E4A22698E9EB00BC3F62 /* Debug */,
				BEC1E4A32698E9EB00BC3F62 /* Release */,
			);
			defaultConfigurationIsVisible = 0;
			defaultConfigurationName = Release;
		};
/* End XCConfigurationList section */
	};
	rootObject = BEC1E4852698E9EA00BC3F62 /* Project object */;
}
